
Microsoft Visual Studio Solution File, Format Version 12.00
# Visual Studio Version 16
VisualStudioVersion = 16.0.30804.86
MinimumVisualStudioVersion = 10.0.40219.1
Project("{FAE04EC0-301F-11D3-BF4B-00C04F79EFBC}") = "BookClient.UWP", "BookClient.UWP\BookClient.UWP.csproj", "{064F0B7E-26FD-4C96-A2EA-47E860E15F26}"
EndProject
Project("{FAE04EC0-301F-11D3-BF4B-00C04F79EFBC}") = "BookClient.Android", "BookClient.Android\BookClient.Android.csproj", "{CA772247-33CA-4E10-B078-5CFC4E09EC0F}"
EndProject
Project("{FAE04EC0-301F-11D3-BF4B-00C04F79EFBC}") = "BookClient.iOS", "BookClient.iOS\BookClient.iOS.csproj", "{944C9C76-A720-4FA0-B3AC-FE3A87EF05A4}"
EndProject
Project("{FAE04EC0-301F-11D3-BF4B-00C04F79EFBC}") = "BookClient", "BookClient\BookClient.csproj", "{8FA4090F-0116-40E8-8ADB-9ACD61991200}"
EndProject
Global
	GlobalSection(SolutionConfigurationPlatforms) = preSolution
		Debug|Any CPU = Debug|Any CPU
		Debug|ARM = Debug|ARM
		Debug|iPhone = Debug|iPhone
		Debug|iPhoneSimulator = Debug|iPhoneSimulator
		Debug|x64 = Debug|x64
		Debug|x86 = Debug|x86
		Release|Any CPU = Release|Any CPU
		Release|ARM = Release|ARM
		Release|iPhone = Release|iPhone
		Release|iPhoneSimulator = Release|iPhoneSimulator
		Release|x64 = Release|x64
		Release|x86 = Release|x86
	EndGlobalSection
	GlobalSection(ProjectConfigurationPlatforms) = postSolution
		{064F0B7E-26FD-4C96-A2EA-47E860E15F26}.Debug|Any CPU.ActiveCfg = Debug|x86
		{064F0B7E-26FD-4C96-A2EA-47E860E15F26}.Debug|Any CPU.Build.0 = Debug|x86
		{064F0B7E-26FD-4C96-A2EA-47E860E15F26}.Debug|Any CPU.Deploy.0 = Debug|x86
		{064F0B7E-26FD-4C96-A2EA-47E860E15F26}.Debug|ARM.ActiveCfg = Debug|ARM
		{064F0B7E-26FD-4C96-A2EA-47E860E15F26}.Debug|ARM.Build.0 = Debug|ARM
		{064F0B7E-26FD-4C96-A2EA-47E860E15F26}.Debug|ARM.Deploy.0 = Debug|ARM
		{064F0B7E-26FD-4C96-A2EA-47E860E15F26}.Debug|iPhone.ActiveCfg = Debug|x86
		{064F0B7E-26FD-4C96-A2EA-47E860E15F26}.Debug|iPhone.Build.0 = Debug|x86
		{064F0B7E-26FD-4C96-A2EA-47E860E15F26}.Debug|iPhone.Deploy.0 = Debug|x86
		{064F0B7E-26FD-4C96-A2EA-47E860E15F26}.Debug|iPhoneSimulator.ActiveCfg = Debug|x86
		{064F0B7E-26FD-4C96-A2EA-47E860E15F26}.Debug|iPhoneSimulator.Build.0 = Debug|x86
		{064F0B7E-26FD-4C96-A2EA-47E860E15F26}.Debug|iPhoneSimulator.Deploy.0 = Debug|x86
		{064F0B7E-26FD-4C96-A2EA-47E860E15F26}.Debug|x64.ActiveCfg = Debug|x64
		{064F0B7E-26FD-4C96-A2EA-47E860E15F26}.Debug|x64.Build.0 = Debug|x64
		{064F0B7E-26FD-4C96-A2EA-47E860E15F26}.Debug|x64.Deploy.0 = Debug|x64
		{064F0B7E-26FD-4C96-A2EA-47E860E15F26}.Debug|x86.ActiveCfg = Debug|x86
		{064F0B7E-26FD-4C96-A2EA-47E860E15F26}.Debug|x86.Build.0 = Debug|x86
		{064F0B7E-26FD-4C96-A2EA-47E860E15F26}.Debug|x86.Deploy.0 = Debug|x86
		{064F0B7E-26FD-4C96-A2EA-47E860E15F26}.Release|Any CPU.ActiveCfg = Release|x86
		{064F0B7E-26FD-4C96-A2EA-47E860E15F26}.Release|Any CPU.Build.0 = Release|x86
		{064F0B7E-26FD-4C96-A2EA-47E860E15F26}.Release|Any CPU.Deploy.0 = Release|x86
		{064F0B7E-26FD-4C96-A2EA-47E860E15F26}.Release|ARM.ActiveCfg = Release|ARM
		{064F0B7E-26FD-4C96-A2EA-47E860E15F26}.Release|ARM.Build.0 = Release|ARM
		{064F0B7E-26FD-4C96-A2EA-47E860E15F26}.Release|ARM.Deploy.0 = Release|ARM
		{064F0B7E-26FD-4C96-A2EA-47E860E15F26}.Release|iPhone.ActiveCfg = Release|x86
		{064F0B7E-26FD-4C96-A2EA-47E860E15F26}.Release|iPhone.Build.0 = Release|x86
		{064F0B7E-26FD-4C96-A2EA-47E860E15F26}.Release|iPhone.Deploy.0 = Release|x86
		{064F0B7E-26FD-4C96-A2EA-47E860E15F26}.Release|iPhoneSimulator.ActiveCfg = Release|x86
		{064F0B7E-26FD-4C96-A2EA-47E860E15F26}.Release|iPhoneSimulator.Build.0 = Release|x86
		{064F0B7E-26FD-4C96-A2EA-47E860E15F26}.Release|iPhoneSimulator.Deploy.0 = Release|x86
		{064F0B7E-26FD-4C96-A2EA-47E860E15F26}.Release|x64.ActiveCfg = Release|x64
		{064F0B7E-26FD-4C96-A2EA-47E860E15F26}.Release|x64.Build.0 = Release|x64
		{064F0B7E-26FD-4C96-A2EA-47E860E15F26}.Release|x64.Deploy.0 = Release|x64
		{064F0B7E-26FD-4C96-A2EA-47E860E15F26}.Release|x86.ActiveCfg = Release|x86
		{064F0B7E-26FD-4C96-A2EA-47E860E15F26}.Release|x86.Build.0 = Release|x86
		{064F0B7E-26FD-4C96-A2EA-47E860E15F26}.Release|x86.Deploy.0 = Release|x86
		{CA772247-33CA-4E10-B078-5CFC4E09EC0F}.Debug|Any CPU.ActiveCfg = Debug|Any CPU
		{CA772247-33CA-4E10-B078-5CFC4E09EC0F}.Debug|Any CPU.Build.0 = Debug|Any CPU
		{CA772247-33CA-4E10-B078-5CFC4E09EC0F}.Debug|Any CPU.Deploy.0 = Debug|Any CPU
		{CA772247-33CA-4E10-B078-5CFC4E09EC0F}.Debug|ARM.ActiveCfg = Debug|Any CPU
		{CA772247-33CA-4E10-B078-5CFC4E09EC0F}.Debug|ARM.Build.0 = Debug|Any CPU
		{CA772247-33CA-4E10-B078-5CFC4E09EC0F}.Debug|ARM.Deploy.0 = Debug|Any CPU
		{CA772247-33CA-4E10-B078-5CFC4E09EC0F}.Debug|iPhone.ActiveCfg = Debug|Any CPU
		{CA772247-33CA-4E10-B078-5CFC4E09EC0F}.Debug|iPhone.Build.0 = Debug|Any CPU
		{CA772247-33CA-4E10-B078-5CFC4E09EC0F}.Debug|iPhone.Deploy.0 = Debug|Any CPU
		{CA772247-33CA-4E10-B078-5CFC4E09EC0F}.Debug|iPhoneSimulator.ActiveCfg = Debug|Any CPU
		{CA772247-33CA-4E10-B078-5CFC4E09EC0F}.Debug|iPhoneSimulator.Build.0 = Debug|Any CPU
		{CA772247-33CA-4E10-B078-5CFC4E09EC0F}.Debug|iPhoneSimulator.Deploy.0 = Debug|Any CPU
		{CA772247-33CA-4E10-B078-5CFC4E09EC0F}.Debug|x64.ActiveCfg = Debug|Any CPU
		{CA772247-33CA-4E10-B078-5CFC4E09EC0F}.Debug|x64.Build.0 = Debug|Any CPU
		{CA772247-33CA-4E10-B078-5CFC4E09EC0F}.Debug|x64.Deploy.0 = Debug|Any CPU
		{CA772247-33CA-4E10-B078-5CFC4E09EC0F}.Debug|x86.ActiveCfg = Debug|Any CPU
		{CA772247-33CA-4E10-B078-5CFC4E09EC0F}.Debug|x86.Build.0 = Debug|Any CPU
		{CA772247-33CA-4E10-B078-5CFC4E09EC0F}.Debug|x86.Deploy.0 = Debug|Any CPU
		{CA772247-33CA-4E10-B078-5CFC4E09EC0F}.Release|Any CPU.ActiveCfg = Release|Any CPU
		{CA772247-33CA-4E10-B078-5CFC4E09EC0F}.Release|Any CPU.Build.0 = Release|Any CPU
		{CA772247-33CA-4E10-B078-5CFC4E09EC0F}.Release|Any CPU.Deploy.0 = Release|Any CPU
		{CA772247-33CA-4E10-B078-5CFC4E09EC0F}.Release|ARM.ActiveCfg = Release|Any CPU
		{CA772247-33CA-4E10-B078-5CFC4E09EC0F}.Release|ARM.Build.0 = Release|Any CPU
		{CA772247-33CA-4E10-B078-5CFC4E09EC0F}.Release|ARM.Deploy.0 = Release|Any CPU
		{CA772247-33CA-4E10-B078-5CFC4E09EC0F}.Release|iPhone.ActiveCfg = Release|Any CPU
		{CA772247-33CA-4E10-B078-5CFC4E09EC0F}.Release|iPhone.Build.0 = Release|Any CPU
		{CA772247-33CA-4E10-B078-5CFC4E09EC0F}.Release|iPhone.Deploy.0 = Release|Any CPU
		{CA772247-33CA-4E10-B078-5CFC4E09EC0F}.Release|iPhoneSimulator.ActiveCfg = Release|Any CPU
		{CA772247-33CA-4E10-B078-5CFC4E09EC0F}.Release|iPhoneSimulator.Build.0 = Release|Any CPU
		{CA772247-33CA-4E10-B078-5CFC4E09EC0F}.Release|iPhoneSimulator.Deploy.0 = Release|Any CPU
		{CA772247-33CA-4E10-B078-5CFC4E09EC0F}.Release|x64.ActiveCfg = Release|Any CPU
		{CA772247-33CA-4E10-B078-5CFC4E09EC0F}.Release|x64.Build.0 = Release|Any CPU
		{CA772247-33CA-4E10-B078-5CFC4E09EC0F}.Release|x64.Deploy.0 = Release|Any CPU
		{CA772247-33CA-4E10-B078-5CFC4E09EC0F}.Release|x86.ActiveCfg = Release|Any CPU
		{CA772247-33CA-4E10-B078-5CFC4E09EC0F}.Release|x86.Build.0 = Release|Any CPU
		{CA772247-33CA-4E10-B078-5CFC4E09EC0F}.Release|x86.Deploy.0 = Release|Any CPU
		{944C9C76-A720-4FA0-B3AC-FE3A87EF05A4}.Debug|Any CPU.ActiveCfg = Debug|iPhoneSimulator
		{944C9C76-A720-4FA0-B3AC-FE3A87EF05A4}.Debug|Any CPU.Build.0 = Debug|iPhoneSimulator
		{944C9C76-A720-4FA0-B3AC-FE3A87EF05A4}.Debug|Any CPU.Deploy.0 = Debug|iPhoneSimulator
		{944C9C76-A720-4FA0-B3AC-FE3A87EF05A4}.Debug|ARM.ActiveCfg = Debug|iPhone
		{944C9C76-A720-4FA0-B3AC-FE3A87EF05A4}.Debug|ARM.Build.0 = Debug|iPhone
		{944C9C76-A720-4FA0-B3AC-FE3A87EF05A4}.Debug|ARM.Deploy.0 = Debug|iPhone
		{944C9C76-A720-4FA0-B3AC-FE3A87EF05A4}.Debug|iPhone.ActiveCfg = Debug|iPhone
		{944C9C76-A720-4FA0-B3AC-FE3A87EF05A4}.Debug|iPhone.Build.0 = Debug|iPhone
		{944C9C76-A720-4FA0-B3AC-FE3A87EF05A4}.Debug|iPhone.Deploy.0 = Debug|iPhone
		{944C9C76-A720-4FA0-B3AC-FE3A87EF05A4}.Debug|iPhoneSimulator.ActiveCfg = Debug|iPhoneSimulator
		{944C9C76-A720-4FA0-B3AC-FE3A87EF05A4}.Debug|iPhoneSimulator.Build.0 = Debug|iPhoneSimulator
		{944C9C76-A720-4FA0-B3AC-FE3A87EF05A4}.Debug|iPhoneSimulator.Deploy.0 = Debug|iPhoneSimulator
		{944C9C76-A720-4FA0-B3AC-FE3A87EF05A4}.Debug|x64.ActiveCfg = Debug|iPhoneSimulator
		{944C9C76-A720-4FA0-B3AC-FE3A87EF05A4}.Debug|x64.Build.0 = Debug|iPhoneSimulator
		{944C9C76-A720-4FA0-B3AC-FE3A87EF05A4}.Debug|x64.Deploy.0 = Debug|iPhoneSimulator
		{944C9C76-A720-4FA0-B3AC-FE3A87EF05A4}.Debug|x86.ActiveCfg = Debug|iPhoneSimulator
		{944C9C76-A720-4FA0-B3AC-FE3A87EF05A4}.Debug|x86.Build.0 = Debug|iPhoneSimulator
		{944C9C76-A720-4FA0-B3AC-FE3A87EF05A4}.Debug|x86.Deploy.0 = Debug|iPhoneSimulator
		{944C9C76-A720-4FA0-B3AC-FE3A87EF05A4}.Release|Any CPU.ActiveCfg = Release|iPhoneSimulator
		{944C9C76-A720-4FA0-B3AC-FE3A87EF05A4}.Release|Any CPU.Build.0 = Release|iPhoneSimulator
		{944C9C76-A720-4FA0-B3AC-FE3A87EF05A4}.Release|Any CPU.Deploy.0 = Release|iPhoneSimulator
		{944C9C76-A720-4FA0-B3AC-FE3A87EF05A4}.Release|ARM.ActiveCfg = Release|iPhoneSimulator
		{944C9C76-A720-4FA0-B3AC-FE3A87EF05A4}.Release|ARM.Build.0 = Release|iPhoneSimulator
		{944C9C76-A720-4FA0-B3AC-FE3A87EF05A4}.Release|ARM.Deploy.0 = Release|iPhoneSimulator
		{944C9C76-A720-4FA0-B3AC-FE3A87EF05A4}.Release|iPhone.ActiveCfg = Release|iPhone
		{944C9C76-A720-4FA0-B3AC-FE3A87EF05A4}.Release|iPhone.Build.0 = Release|iPhone
		{944C9C76-A720-4FA0-B3AC-FE3A87EF05A4}.Release|iPhone.Deploy.0 = Release|iPhone
		{944C9C76-A720-4FA0-B3AC-FE3A87EF05A4}.Release|iPhoneSimulator.ActiveCfg = Release|iPhoneSimulator
		{944C9C76-A720-4FA0-B3AC-FE3A87EF05A4}.Release|iPhoneSimulator.Build.0 = Release|iPhoneSimulator
		{944C9C76-A720-4FA0-B3AC-FE3A87EF05A4}.Release|iPhoneSimulator.Deploy.0 = Release|iPhoneSimulator
		{944C9C76-A720-4FA0-B3AC-FE3A87EF05A4}.Release|x64.ActiveCfg = Release|iPhoneSimulator
		{944C9C76-A720-4FA0-B3AC-FE3A87EF05A4}.Release|x64.Build.0 = Release|iPhoneSimulator
		{944C9C76-A720-4FA0-B3AC-FE3A87EF05A4}.Release|x64.Deploy.0 = Release|iPhoneSimulator
		{944C9C76-A720-4FA0-B3AC-FE3A87EF05A4}.Release|x86.ActiveCfg = Release|iPhoneSimulator
		{944C9C76-A720-4FA0-B3AC-FE3A87EF05A4}.Release|x86.Build.0 = Release|iPhoneSimulator
		{944C9C76-A720-4FA0-B3AC-FE3A87EF05A4}.Release|x86.Deploy.0 = Release|iPhoneSimulator
		{8FA4090F-0116-40E8-8ADB-9ACD61991200}.Debug|Any CPU.ActiveCfg = Debug|Any CPU
		{8FA4090F-0116-40E8-8ADB-9ACD61991200}.Debug|Any CPU.Build.0 = Debug|Any CPU
		{8FA4090F-0116-40E8-8ADB-9ACD61991200}.Debug|Any CPU.Deploy.0 = Debug|Any CPU
		{8FA4090F-0116-40E8-8ADB-9ACD61991200}.Debug|ARM.ActiveCfg = Debug|Any CPU
		{8FA4090F-0116-40E8-8ADB-9ACD61991200}.Debug|ARM.Build.0 = Debug|Any CPU
		{8FA4090F-0116-40E8-8ADB-9ACD61991200}.Debug|ARM.Deploy.0 = Debug|Any CPU
		{8FA4090F-0116-40E8-8ADB-9ACD61991200}.Debug|iPhone.ActiveCfg = Debug|Any CPU
		{8FA4090F-0116-40E8-8ADB-9ACD61991200}.Debug|iPhone.Build.0 = Debug|Any CPU
		{8FA4090F-0116-40E8-8ADB-9ACD61991200}.Debug|iPhone.Deploy.0 = Debug|Any CPU
		{8FA4090F-0116-40E8-8ADB-9ACD61991200}.Debug|iPhoneSimulator.ActiveCfg = Debug|Any CPU
		{8FA4090F-0116-40E8-8ADB-9ACD61991200}.Debug|iPhoneSimulator.Build.0 = Debug|Any CPU
		{8FA4090F-0116-40E8-8ADB-9ACD61991200}.Debug|iPhoneSimulator.Deploy.0 = Debug|Any CPU
		{8FA4090F-0116-40E8-8ADB-9ACD61991200}.Debug|x64.ActiveCfg = Debug|Any CPU
		{8FA4090F-0116-40E8-8ADB-9ACD61991200}.Debug|x64.Build.0 = Debug|Any CPU
		{8FA4090F-0116-40E8-8ADB-9ACD61991200}.Debug|x64.Deploy.0 = Debug|Any CPU
		{8FA4090F-0116-40E8-8ADB-9ACD61991200}.Debug|x86.ActiveCfg = Debug|Any CPU
		{8FA4090F-0116-40E8-8ADB-9ACD61991200}.Debug|x86.Build.0 = Debug|Any CPU
		{8FA4090F-0116-40E8-8ADB-9ACD61991200}.Debug|x86.Deploy.0 = Debug|Any CPU
		{8FA4090F-0116-40E8-8ADB-9ACD61991200}.Release|Any CPU.ActiveCfg = Release|Any CPU
		{8FA4090F-0116-40E8-8ADB-9ACD61991200}.Release|Any CPU.Build.0 = Release|Any CPU
		{8FA4090F-0116-40E8-8ADB-9ACD61991200}.Release|Any CPU.Deploy.0 = Release|Any CPU
		{8FA4090F-0116-40E8-8ADB-9ACD61991200}.Release|ARM.ActiveCfg = Release|Any CPU
		{8FA4090F-0116-40E8-8ADB-9ACD61991200}.Release|ARM.Build.0 = Release|Any CPU
		{8FA4090F-0116-40E8-8ADB-9ACD61991200}.Release|ARM.Deploy.0 = Release|Any CPU
		{8FA4090F-0116-40E8-8ADB-9ACD61991200}.Release|iPhone.ActiveCfg = Release|Any CPU
		{8FA4090F-0116-40E8-8ADB-9ACD61991200}.Release|iPhone.Build.0 = Release|Any CPU
		{8FA4090F-0116-40E8-8ADB-9ACD61991200}.Release|iPhone.Deploy.0 = Release|Any CPU
		{8FA4090F-0116-40E8-8ADB-9ACD61991200}.Release|iPhoneSimulator.ActiveCfg = Release|Any CPU
		{8FA4090F-0116-40E8-8ADB-9ACD61991200}.Release|iPhoneSimulator.Build.0 = Release|Any CPU
		{8FA4090F-0116-40E8-8ADB-9ACD61991200}.Release|iPhoneSimulator.Deploy.0 = Release|Any CPU
		{8FA4090F-0116-40E8-8ADB-9ACD61991200}.Release|x64.ActiveCfg = Release|Any CPU
		{8FA4090F-0116-40E8-8ADB-9ACD61991200}.Release|x64.Build.0 = Release|Any CPU
		{8FA4090F-0116-40E8-8ADB-9ACD61991200}.Release|x64.Deploy.0 = Release|Any CPU
		{8FA4090F-0116-40E8-8ADB-9ACD61991200}.Release|x86.ActiveCfg = Release|Any CPU
		{8FA4090F-0116-40E8-8ADB-9ACD61991200}.Release|x86.Build.0 = Release|Any CPU
		{8FA4090F-0116-40E8-8ADB-9ACD61991200}.Release|x86.Deploy.0 = Release|Any CPU
	EndGlobalSection
	GlobalSection(SolutionProperties) = preSolution
		HideSolutionNode = FALSE
	EndGlobalSection
	GlobalSection(ExtensibilityGlobals) = postSolution
		SolutionGuid = {1BBE8EB2-82D7-482D-BC31-A9C33DD3CE15}
	EndGlobalSection
EndGlobal
