
Microsoft Visual Studio Solution File, Format Version 12.00
# Visual Studio Version 16
VisualStudioVersion = 16.0.30804.86
MinimumVisualStudioVersion = 10.0.40219.1
Project("{FAE04EC0-301F-11D3-BF4B-00C04F79EFBC}") = "TipCalculator.UWP", "TipCalculator\TipCalculator.UWP\TipCalculator.UWP.csproj", "{32DC5B4C-47F6-42FF-BE74-CB3E8FE03839}"
EndProject
Project("{FAE04EC0-301F-11D3-BF4B-00C04F79EFBC}") = "TipCalculator.Android", "TipCalculator\TipCalculator.Android\TipCalculator.Android.csproj", "{5FC24248-F283-4FA8-99C1-A3C072F3A1F2}"
EndProject
Project("{FAE04EC0-301F-11D3-BF4B-00C04F79EFBC}") = "TipCalculator.iOS", "TipCalculator\TipCalculator.iOS\TipCalculator.iOS.csproj", "{74298DD0-74F3-43CA-8035-B9DA9DBCEC4D}"
EndProject
Project("{FAE04EC0-301F-11D3-BF4B-00C04F79EFBC}") = "TipCalculator", "TipCalculator\TipCalculator\TipCalculator.csproj", "{E2D95CAC-5AF7-4C55-A86B-7121DB9E666E}"
EndProject
Global
	GlobalSection(SolutionConfigurationPlatforms) = preSolution
		Debug|Any CPU = Debug|Any CPU
		Debug|ARM = Debug|ARM
		Debug|iPhone = Debug|iPhone
		Debug|iPhoneSimulator = Debug|iPhoneSimulator
		Debug|x64 = Debug|x64
		Debug|x86 = Debug|x86
		Release|Any CPU = Release|Any CPU
		Release|ARM = Release|ARM
		Release|iPhone = Release|iPhone
		Release|iPhoneSimulator = Release|iPhoneSimulator
		Release|x64 = Release|x64
		Release|x86 = Release|x86
	EndGlobalSection
	GlobalSection(ProjectConfigurationPlatforms) = postSolution
		{32DC5B4C-47F6-42FF-BE74-CB3E8FE03839}.Debug|Any CPU.ActiveCfg = Debug|x86
		{32DC5B4C-47F6-42FF-BE74-CB3E8FE03839}.Debug|Any CPU.Build.0 = Debug|x86
		{32DC5B4C-47F6-42FF-BE74-CB3E8FE03839}.Debug|Any CPU.Deploy.0 = Debug|x86
		{32DC5B4C-47F6-42FF-BE74-CB3E8FE03839}.Debug|ARM.ActiveCfg = Debug|ARM
		{32DC5B4C-47F6-42FF-BE74-CB3E8FE03839}.Debug|ARM.Build.0 = Debug|ARM
		{32DC5B4C-47F6-42FF-BE74-CB3E8FE03839}.Debug|ARM.Deploy.0 = Debug|ARM
		{32DC5B4C-47F6-42FF-BE74-CB3E8FE03839}.Debug|iPhone.ActiveCfg = Debug|x86
		{32DC5B4C-47F6-42FF-BE74-CB3E8FE03839}.Debug|iPhone.Build.0 = Debug|x86
		{32DC5B4C-47F6-42FF-BE74-CB3E8FE03839}.Debug|iPhone.Deploy.0 = Debug|x86
		{32DC5B4C-47F6-42FF-BE74-CB3E8FE03839}.Debug|iPhoneSimulator.ActiveCfg = Debug|x86
		{32DC5B4C-47F6-42FF-BE74-CB3E8FE03839}.Debug|iPhoneSimulator.Build.0 = Debug|x86
		{32DC5B4C-47F6-42FF-BE74-CB3E8FE03839}.Debug|iPhoneSimulator.Deploy.0 = Debug|x86
		{32DC5B4C-47F6-42FF-BE74-CB3E8FE03839}.Debug|x64.ActiveCfg = Debug|x64
		{32DC5B4C-47F6-42FF-BE74-CB3E8FE03839}.Debug|x64.Build.0 = Debug|x64
		{32DC5B4C-47F6-42FF-BE74-CB3E8FE03839}.Debug|x64.Deploy.0 = Debug|x64
		{32DC5B4C-47F6-42FF-BE74-CB3E8FE03839}.Debug|x86.ActiveCfg = Debug|x86
		{32DC5B4C-47F6-42FF-BE74-CB3E8FE03839}.Debug|x86.Build.0 = Debug|x86
		{32DC5B4C-47F6-42FF-BE74-CB3E8FE03839}.Debug|x86.Deploy.0 = Debug|x86
		{32DC5B4C-47F6-42FF-BE74-CB3E8FE03839}.Release|Any CPU.ActiveCfg = Release|x86
		{32DC5B4C-47F6-42FF-BE74-CB3E8FE03839}.Release|Any CPU.Build.0 = Release|x86
		{32DC5B4C-47F6-42FF-BE74-CB3E8FE03839}.Release|Any CPU.Deploy.0 = Release|x86
		{32DC5B4C-47F6-42FF-BE74-CB3E8FE03839}.Release|ARM.ActiveCfg = Release|ARM
		{32DC5B4C-47F6-42FF-BE74-CB3E8FE03839}.Release|ARM.Build.0 = Release|ARM
		{32DC5B4C-47F6-42FF-BE74-CB3E8FE03839}.Release|ARM.Deploy.0 = Release|ARM
		{32DC5B4C-47F6-42FF-BE74-CB3E8FE03839}.Release|iPhone.ActiveCfg = Release|x86
		{32DC5B4C-47F6-42FF-BE74-CB3E8FE03839}.Release|iPhone.Build.0 = Release|x86
		{32DC5B4C-47F6-42FF-BE74-CB3E8FE03839}.Release|iPhone.Deploy.0 = Release|x86
		{32DC5B4C-47F6-42FF-BE74-CB3E8FE03839}.Release|iPhoneSimulator.ActiveCfg = Release|x86
		{32DC5B4C-47F6-42FF-BE74-CB3E8FE03839}.Release|iPhoneSimulator.Build.0 = Release|x86
		{32DC5B4C-47F6-42FF-BE74-CB3E8FE03839}.Release|iPhoneSimulator.Deploy.0 = Release|x86
		{32DC5B4C-47F6-42FF-BE74-CB3E8FE03839}.Release|x64.ActiveCfg = Release|x64
		{32DC5B4C-47F6-42FF-BE74-CB3E8FE03839}.Release|x64.Build.0 = Release|x64
		{32DC5B4C-47F6-42FF-BE74-CB3E8FE03839}.Release|x64.Deploy.0 = Release|x64
		{32DC5B4C-47F6-42FF-BE74-CB3E8FE03839}.Release|x86.ActiveCfg = Release|x86
		{32DC5B4C-47F6-42FF-BE74-CB3E8FE03839}.Release|x86.Build.0 = Release|x86
		{32DC5B4C-47F6-42FF-BE74-CB3E8FE03839}.Release|x86.Deploy.0 = Release|x86
		{5FC24248-F283-4FA8-99C1-A3C072F3A1F2}.Debug|Any CPU.ActiveCfg = Debug|Any CPU
		{5FC24248-F283-4FA8-99C1-A3C072F3A1F2}.Debug|Any CPU.Build.0 = Debug|Any CPU
		{5FC24248-F283-4FA8-99C1-A3C072F3A1F2}.Debug|Any CPU.Deploy.0 = Debug|Any CPU
		{5FC24248-F283-4FA8-99C1-A3C072F3A1F2}.Debug|ARM.ActiveCfg = Debug|Any CPU
		{5FC24248-F283-4FA8-99C1-A3C072F3A1F2}.Debug|ARM.Build.0 = Debug|Any CPU
		{5FC24248-F283-4FA8-99C1-A3C072F3A1F2}.Debug|ARM.Deploy.0 = Debug|Any CPU
		{5FC24248-F283-4FA8-99C1-A3C072F3A1F2}.Debug|iPhone.ActiveCfg = Debug|Any CPU
		{5FC24248-F283-4FA8-99C1-A3C072F3A1F2}.Debug|iPhone.Build.0 = Debug|Any CPU
		{5FC24248-F283-4FA8-99C1-A3C072F3A1F2}.Debug|iPhone.Deploy.0 = Debug|Any CPU
		{5FC24248-F283-4FA8-99C1-A3C072F3A1F2}.Debug|iPhoneSimulator.ActiveCfg = Debug|Any CPU
		{5FC24248-F283-4FA8-99C1-A3C072F3A1F2}.Debug|iPhoneSimulator.Build.0 = Debug|Any CPU
		{5FC24248-F283-4FA8-99C1-A3C072F3A1F2}.Debug|iPhoneSimulator.Deploy.0 = Debug|Any CPU
		{5FC24248-F283-4FA8-99C1-A3C072F3A1F2}.Debug|x64.ActiveCfg = Debug|Any CPU
		{5FC24248-F283-4FA8-99C1-A3C072F3A1F2}.Debug|x64.Build.0 = Debug|Any CPU
		{5FC24248-F283-4FA8-99C1-A3C072F3A1F2}.Debug|x64.Deploy.0 = Debug|Any CPU
		{5FC24248-F283-4FA8-99C1-A3C072F3A1F2}.Debug|x86.ActiveCfg = Debug|Any CPU
		{5FC24248-F283-4FA8-99C1-A3C072F3A1F2}.Debug|x86.Build.0 = Debug|Any CPU
		{5FC24248-F283-4FA8-99C1-A3C072F3A1F2}.Debug|x86.Deploy.0 = Debug|Any CPU
		{5FC24248-F283-4FA8-99C1-A3C072F3A1F2}.Release|Any CPU.ActiveCfg = Release|Any CPU
		{5FC24248-F283-4FA8-99C1-A3C072F3A1F2}.Release|Any CPU.Build.0 = Release|Any CPU
		{5FC24248-F283-4FA8-99C1-A3C072F3A1F2}.Release|Any CPU.Deploy.0 = Release|Any CPU
		{5FC24248-F283-4FA8-99C1-A3C072F3A1F2}.Release|ARM.ActiveCfg = Release|Any CPU
		{5FC24248-F283-4FA8-99C1-A3C072F3A1F2}.Release|ARM.Build.0 = Release|Any CPU
		{5FC24248-F283-4FA8-99C1-A3C072F3A1F2}.Release|ARM.Deploy.0 = Release|Any CPU
		{5FC24248-F283-4FA8-99C1-A3C072F3A1F2}.Release|iPhone.ActiveCfg = Release|Any CPU
		{5FC24248-F283-4FA8-99C1-A3C072F3A1F2}.Release|iPhone.Build.0 = Release|Any CPU
		{5FC24248-F283-4FA8-99C1-A3C072F3A1F2}.Release|iPhone.Deploy.0 = Release|Any CPU
		{5FC24248-F283-4FA8-99C1-A3C072F3A1F2}.Release|iPhoneSimulator.ActiveCfg = Release|Any CPU
		{5FC24248-F283-4FA8-99C1-A3C072F3A1F2}.Release|iPhoneSimulator.Build.0 = Release|Any CPU
		{5FC24248-F283-4FA8-99C1-A3C072F3A1F2}.Release|iPhoneSimulator.Deploy.0 = Release|Any CPU
		{5FC24248-F283-4FA8-99C1-A3C072F3A1F2}.Release|x64.ActiveCfg = Release|Any CPU
		{5FC24248-F283-4FA8-99C1-A3C072F3A1F2}.Release|x64.Build.0 = Release|Any CPU
		{5FC24248-F283-4FA8-99C1-A3C072F3A1F2}.Release|x64.Deploy.0 = Release|Any CPU
		{5FC24248-F283-4FA8-99C1-A3C072F3A1F2}.Release|x86.ActiveCfg = Release|Any CPU
		{5FC24248-F283-4FA8-99C1-A3C072F3A1F2}.Release|x86.Build.0 = Release|Any CPU
		{5FC24248-F283-4FA8-99C1-A3C072F3A1F2}.Release|x86.Deploy.0 = Release|Any CPU
		{74298DD0-74F3-43CA-8035-B9DA9DBCEC4D}.Debug|Any CPU.ActiveCfg = Debug|iPhoneSimulator
		{74298DD0-74F3-43CA-8035-B9DA9DBCEC4D}.Debug|Any CPU.Build.0 = Debug|iPhoneSimulator
		{74298DD0-74F3-43CA-8035-B9DA9DBCEC4D}.Debug|Any CPU.Deploy.0 = Debug|iPhoneSimulator
		{74298DD0-74F3-43CA-8035-B9DA9DBCEC4D}.Debug|ARM.ActiveCfg = Debug|iPhone
		{74298DD0-74F3-43CA-8035-B9DA9DBCEC4D}.Debug|ARM.Build.0 = Debug|iPhone
		{74298DD0-74F3-43CA-8035-B9DA9DBCEC4D}.Debug|ARM.Deploy.0 = Debug|iPhone
		{74298DD0-74F3-43CA-8035-B9DA9DBCEC4D}.Debug|iPhone.ActiveCfg = Debug|iPhone
		{74298DD0-74F3-43CA-8035-B9DA9DBCEC4D}.Debug|iPhone.Build.0 = Debug|iPhone
		{74298DD0-74F3-43CA-8035-B9DA9DBCEC4D}.Debug|iPhone.Deploy.0 = Debug|iPhone
		{74298DD0-74F3-43CA-8035-B9DA9DBCEC4D}.Debug|iPhoneSimulator.ActiveCfg = Debug|iPhoneSimulator
		{74298DD0-74F3-43CA-8035-B9DA9DBCEC4D}.Debug|iPhoneSimulator.Build.0 = Debug|iPhoneSimulator
		{74298DD0-74F3-43CA-8035-B9DA9DBCEC4D}.Debug|iPhoneSimulator.Deploy.0 = Debug|iPhoneSimulator
		{74298DD0-74F3-43CA-8035-B9DA9DBCEC4D}.Debug|x64.ActiveCfg = Debug|iPhoneSimulator
		{74298DD0-74F3-43CA-8035-B9DA9DBCEC4D}.Debug|x64.Build.0 = Debug|iPhoneSimulator
		{74298DD0-74F3-43CA-8035-B9DA9DBCEC4D}.Debug|x64.Deploy.0 = Debug|iPhoneSimulator
		{74298DD0-74F3-43CA-8035-B9DA9DBCEC4D}.Debug|x86.ActiveCfg = Debug|iPhoneSimulator
		{74298DD0-74F3-43CA-8035-B9DA9DBCEC4D}.Debug|x86.Build.0 = Debug|iPhoneSimulator
		{74298DD0-74F3-43CA-8035-B9DA9DBCEC4D}.Debug|x86.Deploy.0 = Debug|iPhoneSimulator
		{74298DD0-74F3-43CA-8035-B9DA9DBCEC4D}.Release|Any CPU.ActiveCfg = Release|iPhoneSimulator
		{74298DD0-74F3-43CA-8035-B9DA9DBCEC4D}.Release|Any CPU.Build.0 = Release|iPhoneSimulator
		{74298DD0-74F3-43CA-8035-B9DA9DBCEC4D}.Release|Any CPU.Deploy.0 = Release|iPhoneSimulator
		{74298DD0-74F3-43CA-8035-B9DA9DBCEC4D}.Release|ARM.ActiveCfg = Release|iPhoneSimulator
		{74298DD0-74F3-43CA-8035-B9DA9DBCEC4D}.Release|ARM.Build.0 = Release|iPhoneSimulator
		{74298DD0-74F3-43CA-8035-B9DA9DBCEC4D}.Release|ARM.Deploy.0 = Release|iPhoneSimulator
		{74298DD0-74F3-43CA-8035-B9DA9DBCEC4D}.Release|iPhone.ActiveCfg = Release|iPhone
		{74298DD0-74F3-43CA-8035-B9DA9DBCEC4D}.Release|iPhone.Build.0 = Release|iPhone
		{74298DD0-74F3-43CA-8035-B9DA9DBCEC4D}.Release|iPhone.Deploy.0 = Release|iPhone
		{74298DD0-74F3-43CA-8035-B9DA9DBCEC4D}.Release|iPhoneSimulator.ActiveCfg = Release|iPhoneSimulator
		{74298DD0-74F3-43CA-8035-B9DA9DBCEC4D}.Release|iPhoneSimulator.Build.0 = Release|iPhoneSimulator
		{74298DD0-74F3-43CA-8035-B9DA9DBCEC4D}.Release|iPhoneSimulator.Deploy.0 = Release|iPhoneSimulator
		{74298DD0-74F3-43CA-8035-B9DA9DBCEC4D}.Release|x64.ActiveCfg = Release|iPhoneSimulator
		{74298DD0-74F3-43CA-8035-B9DA9DBCEC4D}.Release|x64.Build.0 = Release|iPhoneSimulator
		{74298DD0-74F3-43CA-8035-B9DA9DBCEC4D}.Release|x64.Deploy.0 = Release|iPhoneSimulator
		{74298DD0-74F3-43CA-8035-B9DA9DBCEC4D}.Release|x86.ActiveCfg = Release|iPhoneSimulator
		{74298DD0-74F3-43CA-8035-B9DA9DBCEC4D}.Release|x86.Build.0 = Release|iPhoneSimulator
		{74298DD0-74F3-43CA-8035-B9DA9DBCEC4D}.Release|x86.Deploy.0 = Release|iPhoneSimulator
		{E2D95CAC-5AF7-4C55-A86B-7121DB9E666E}.Debug|Any CPU.ActiveCfg = Debug|Any CPU
		{E2D95CAC-5AF7-4C55-A86B-7121DB9E666E}.Debug|Any CPU.Build.0 = Debug|Any CPU
		{E2D95CAC-5AF7-4C55-A86B-7121DB9E666E}.Debug|Any CPU.Deploy.0 = Debug|Any CPU
		{E2D95CAC-5AF7-4C55-A86B-7121DB9E666E}.Debug|ARM.ActiveCfg = Debug|Any CPU
		{E2D95CAC-5AF7-4C55-A86B-7121DB9E666E}.Debug|ARM.Build.0 = Debug|Any CPU
		{E2D95CAC-5AF7-4C55-A86B-7121DB9E666E}.Debug|ARM.Deploy.0 = Debug|Any CPU
		{E2D95CAC-5AF7-4C55-A86B-7121DB9E666E}.Debug|iPhone.ActiveCfg = Debug|Any CPU
		{E2D95CAC-5AF7-4C55-A86B-7121DB9E666E}.Debug|iPhone.Build.0 = Debug|Any CPU
		{E2D95CAC-5AF7-4C55-A86B-7121DB9E666E}.Debug|iPhone.Deploy.0 = Debug|Any CPU
		{E2D95CAC-5AF7-4C55-A86B-7121DB9E666E}.Debug|iPhoneSimulator.ActiveCfg = Debug|Any CPU
		{E2D95CAC-5AF7-4C55-A86B-7121DB9E666E}.Debug|iPhoneSimulator.Build.0 = Debug|Any CPU
		{E2D95CAC-5AF7-4C55-A86B-7121DB9E666E}.Debug|iPhoneSimulator.Deploy.0 = Debug|Any CPU
		{E2D95CAC-5AF7-4C55-A86B-7121DB9E666E}.Debug|x64.ActiveCfg = Debug|Any CPU
		{E2D95CAC-5AF7-4C55-A86B-7121DB9E666E}.Debug|x64.Build.0 = Debug|Any CPU
		{E2D95CAC-5AF7-4C55-A86B-7121DB9E666E}.Debug|x64.Deploy.0 = Debug|Any CPU
		{E2D95CAC-5AF7-4C55-A86B-7121DB9E666E}.Debug|x86.ActiveCfg = Debug|Any CPU
		{E2D95CAC-5AF7-4C55-A86B-7121DB9E666E}.Debug|x86.Build.0 = Debug|Any CPU
		{E2D95CAC-5AF7-4C55-A86B-7121DB9E666E}.Debug|x86.Deploy.0 = Debug|Any CPU
		{E2D95CAC-5AF7-4C55-A86B-7121DB9E666E}.Release|Any CPU.ActiveCfg = Release|Any CPU
		{E2D95CAC-5AF7-4C55-A86B-7121DB9E666E}.Release|Any CPU.Build.0 = Release|Any CPU
		{E2D95CAC-5AF7-4C55-A86B-7121DB9E666E}.Release|Any CPU.Deploy.0 = Release|Any CPU
		{E2D95CAC-5AF7-4C55-A86B-7121DB9E666E}.Release|ARM.ActiveCfg = Release|Any CPU
		{E2D95CAC-5AF7-4C55-A86B-7121DB9E666E}.Release|ARM.Build.0 = Release|Any CPU
		{E2D95CAC-5AF7-4C55-A86B-7121DB9E666E}.Release|ARM.Deploy.0 = Release|Any CPU
		{E2D95CAC-5AF7-4C55-A86B-7121DB9E666E}.Release|iPhone.ActiveCfg = Release|Any CPU
		{E2D95CAC-5AF7-4C55-A86B-7121DB9E666E}.Release|iPhone.Build.0 = Release|Any CPU
		{E2D95CAC-5AF7-4C55-A86B-7121DB9E666E}.Release|iPhone.Deploy.0 = Release|Any CPU
		{E2D95CAC-5AF7-4C55-A86B-7121DB9E666E}.Release|iPhoneSimulator.ActiveCfg = Release|Any CPU
		{E2D95CAC-5AF7-4C55-A86B-7121DB9E666E}.Release|iPhoneSimulator.Build.0 = Release|Any CPU
		{E2D95CAC-5AF7-4C55-A86B-7121DB9E666E}.Release|iPhoneSimulator.Deploy.0 = Release|Any CPU
		{E2D95CAC-5AF7-4C55-A86B-7121DB9E666E}.Release|x64.ActiveCfg = Release|Any CPU
		{E2D95CAC-5AF7-4C55-A86B-7121DB9E666E}.Release|x64.Build.0 = Release|Any CPU
		{E2D95CAC-5AF7-4C55-A86B-7121DB9E666E}.Release|x64.Deploy.0 = Release|Any CPU
		{E2D95CAC-5AF7-4C55-A86B-7121DB9E666E}.Release|x86.ActiveCfg = Release|Any CPU
		{E2D95CAC-5AF7-4C55-A86B-7121DB9E666E}.Release|x86.Build.0 = Release|Any CPU
		{E2D95CAC-5AF7-4C55-A86B-7121DB9E666E}.Release|x86.Deploy.0 = Release|Any CPU
	EndGlobalSection
	GlobalSection(SolutionProperties) = preSolution
		HideSolutionNode = FALSE
	EndGlobalSection
	GlobalSection(ExtensibilityGlobals) = postSolution
		SolutionGuid = {3CFAEB7B-5472-463E-ACA1-516BD873A68C}
	EndGlobalSection
EndGlobal
