
Microsoft Visual Studio Solution File, Format Version 12.00
# Visual Studio Version 16
VisualStudioVersion = 16.0.30804.86
MinimumVisualStudioVersion = 10.0.40219.1
Project("{FAE04EC0-301F-11D3-BF4B-00C04F79EFBC}") = "Alignment.UWP", "Alignment\Alignment.UWP\Alignment.UWP.csproj", "{C8C889C6-5196-442A-88EC-FDB7B7CA09F8}"
EndProject
Project("{FAE04EC0-301F-11D3-BF4B-00C04F79EFBC}") = "Alignment.Android", "Alignment\Alignment.Android\Alignment.Android.csproj", "{3CD9949D-6078-431B-A3D9-2F7BD60815CC}"
EndProject
Project("{FAE04EC0-301F-11D3-BF4B-00C04F79EFBC}") = "Alignment.iOS", "Alignment\Alignment.iOS\Alignment.iOS.csproj", "{AB46ECC7-258E-4379-BE60-0C0FD2F656F6}"
EndProject
Project("{FAE04EC0-301F-11D3-BF4B-00C04F79EFBC}") = "Alignment", "Alignment\Alignment\Alignment.csproj", "{19C2BA47-7CAD-4DC8-9F90-8127CDFBA923}"
EndProject
Global
	GlobalSection(SolutionConfigurationPlatforms) = preSolution
		Debug|Any CPU = Debug|Any CPU
		Debug|ARM = Debug|ARM
		Debug|iPhone = Debug|iPhone
		Debug|iPhoneSimulator = Debug|iPhoneSimulator
		Debug|x64 = Debug|x64
		Debug|x86 = Debug|x86
		Release|Any CPU = Release|Any CPU
		Release|ARM = Release|ARM
		Release|iPhone = Release|iPhone
		Release|iPhoneSimulator = Release|iPhoneSimulator
		Release|x64 = Release|x64
		Release|x86 = Release|x86
	EndGlobalSection
	GlobalSection(ProjectConfigurationPlatforms) = postSolution
		{C8C889C6-5196-442A-88EC-FDB7B7CA09F8}.Debug|Any CPU.ActiveCfg = Debug|x86
		{C8C889C6-5196-442A-88EC-FDB7B7CA09F8}.Debug|Any CPU.Build.0 = Debug|x86
		{C8C889C6-5196-442A-88EC-FDB7B7CA09F8}.Debug|Any CPU.Deploy.0 = Debug|x86
		{C8C889C6-5196-442A-88EC-FDB7B7CA09F8}.Debug|ARM.ActiveCfg = Debug|ARM
		{C8C889C6-5196-442A-88EC-FDB7B7CA09F8}.Debug|ARM.Build.0 = Debug|ARM
		{C8C889C6-5196-442A-88EC-FDB7B7CA09F8}.Debug|ARM.Deploy.0 = Debug|ARM
		{C8C889C6-5196-442A-88EC-FDB7B7CA09F8}.Debug|iPhone.ActiveCfg = Debug|x86
		{C8C889C6-5196-442A-88EC-FDB7B7CA09F8}.Debug|iPhone.Build.0 = Debug|x86
		{C8C889C6-5196-442A-88EC-FDB7B7CA09F8}.Debug|iPhone.Deploy.0 = Debug|x86
		{C8C889C6-5196-442A-88EC-FDB7B7CA09F8}.Debug|iPhoneSimulator.ActiveCfg = Debug|x86
		{C8C889C6-5196-442A-88EC-FDB7B7CA09F8}.Debug|iPhoneSimulator.Build.0 = Debug|x86
		{C8C889C6-5196-442A-88EC-FDB7B7CA09F8}.Debug|iPhoneSimulator.Deploy.0 = Debug|x86
		{C8C889C6-5196-442A-88EC-FDB7B7CA09F8}.Debug|x64.ActiveCfg = Debug|x64
		{C8C889C6-5196-442A-88EC-FDB7B7CA09F8}.Debug|x64.Build.0 = Debug|x64
		{C8C889C6-5196-442A-88EC-FDB7B7CA09F8}.Debug|x64.Deploy.0 = Debug|x64
		{C8C889C6-5196-442A-88EC-FDB7B7CA09F8}.Debug|x86.ActiveCfg = Debug|x86
		{C8C889C6-5196-442A-88EC-FDB7B7CA09F8}.Debug|x86.Build.0 = Debug|x86
		{C8C889C6-5196-442A-88EC-FDB7B7CA09F8}.Debug|x86.Deploy.0 = Debug|x86
		{C8C889C6-5196-442A-88EC-FDB7B7CA09F8}.Release|Any CPU.ActiveCfg = Release|x86
		{C8C889C6-5196-442A-88EC-FDB7B7CA09F8}.Release|Any CPU.Build.0 = Release|x86
		{C8C889C6-5196-442A-88EC-FDB7B7CA09F8}.Release|Any CPU.Deploy.0 = Release|x86
		{C8C889C6-5196-442A-88EC-FDB7B7CA09F8}.Release|ARM.ActiveCfg = Release|ARM
		{C8C889C6-5196-442A-88EC-FDB7B7CA09F8}.Release|ARM.Build.0 = Release|ARM
		{C8C889C6-5196-442A-88EC-FDB7B7CA09F8}.Release|ARM.Deploy.0 = Release|ARM
		{C8C889C6-5196-442A-88EC-FDB7B7CA09F8}.Release|iPhone.ActiveCfg = Release|x86
		{C8C889C6-5196-442A-88EC-FDB7B7CA09F8}.Release|iPhone.Build.0 = Release|x86
		{C8C889C6-5196-442A-88EC-FDB7B7CA09F8}.Release|iPhone.Deploy.0 = Release|x86
		{C8C889C6-5196-442A-88EC-FDB7B7CA09F8}.Release|iPhoneSimulator.ActiveCfg = Release|x86
		{C8C889C6-5196-442A-88EC-FDB7B7CA09F8}.Release|iPhoneSimulator.Build.0 = Release|x86
		{C8C889C6-5196-442A-88EC-FDB7B7CA09F8}.Release|iPhoneSimulator.Deploy.0 = Release|x86
		{C8C889C6-5196-442A-88EC-FDB7B7CA09F8}.Release|x64.ActiveCfg = Release|x64
		{C8C889C6-5196-442A-88EC-FDB7B7CA09F8}.Release|x64.Build.0 = Release|x64
		{C8C889C6-5196-442A-88EC-FDB7B7CA09F8}.Release|x64.Deploy.0 = Release|x64
		{C8C889C6-5196-442A-88EC-FDB7B7CA09F8}.Release|x86.ActiveCfg = Release|x86
		{C8C889C6-5196-442A-88EC-FDB7B7CA09F8}.Release|x86.Build.0 = Release|x86
		{C8C889C6-5196-442A-88EC-FDB7B7CA09F8}.Release|x86.Deploy.0 = Release|x86
		{3CD9949D-6078-431B-A3D9-2F7BD60815CC}.Debug|Any CPU.ActiveCfg = Debug|Any CPU
		{3CD9949D-6078-431B-A3D9-2F7BD60815CC}.Debug|Any CPU.Build.0 = Debug|Any CPU
		{3CD9949D-6078-431B-A3D9-2F7BD60815CC}.Debug|Any CPU.Deploy.0 = Debug|Any CPU
		{3CD9949D-6078-431B-A3D9-2F7BD60815CC}.Debug|ARM.ActiveCfg = Debug|Any CPU
		{3CD9949D-6078-431B-A3D9-2F7BD60815CC}.Debug|ARM.Build.0 = Debug|Any CPU
		{3CD9949D-6078-431B-A3D9-2F7BD60815CC}.Debug|ARM.Deploy.0 = Debug|Any CPU
		{3CD9949D-6078-431B-A3D9-2F7BD60815CC}.Debug|iPhone.ActiveCfg = Debug|Any CPU
		{3CD9949D-6078-431B-A3D9-2F7BD60815CC}.Debug|iPhone.Build.0 = Debug|Any CPU
		{3CD9949D-6078-431B-A3D9-2F7BD60815CC}.Debug|iPhone.Deploy.0 = Debug|Any CPU
		{3CD9949D-6078-431B-A3D9-2F7BD60815CC}.Debug|iPhoneSimulator.ActiveCfg = Debug|Any CPU
		{3CD9949D-6078-431B-A3D9-2F7BD60815CC}.Debug|iPhoneSimulator.Build.0 = Debug|Any CPU
		{3CD9949D-6078-431B-A3D9-2F7BD60815CC}.Debug|iPhoneSimulator.Deploy.0 = Debug|Any CPU
		{3CD9949D-6078-431B-A3D9-2F7BD60815CC}.Debug|x64.ActiveCfg = Debug|Any CPU
		{3CD9949D-6078-431B-A3D9-2F7BD60815CC}.Debug|x64.Build.0 = Debug|Any CPU
		{3CD9949D-6078-431B-A3D9-2F7BD60815CC}.Debug|x64.Deploy.0 = Debug|Any CPU
		{3CD9949D-6078-431B-A3D9-2F7BD60815CC}.Debug|x86.ActiveCfg = Debug|Any CPU
		{3CD9949D-6078-431B-A3D9-2F7BD60815CC}.Debug|x86.Build.0 = Debug|Any CPU
		{3CD9949D-6078-431B-A3D9-2F7BD60815CC}.Debug|x86.Deploy.0 = Debug|Any CPU
		{3CD9949D-6078-431B-A3D9-2F7BD60815CC}.Release|Any CPU.ActiveCfg = Release|Any CPU
		{3CD9949D-6078-431B-A3D9-2F7BD60815CC}.Release|Any CPU.Build.0 = Release|Any CPU
		{3CD9949D-6078-431B-A3D9-2F7BD60815CC}.Release|Any CPU.Deploy.0 = Release|Any CPU
		{3CD9949D-6078-431B-A3D9-2F7BD60815CC}.Release|ARM.ActiveCfg = Release|Any CPU
		{3CD9949D-6078-431B-A3D9-2F7BD60815CC}.Release|ARM.Build.0 = Release|Any CPU
		{3CD9949D-6078-431B-A3D9-2F7BD60815CC}.Release|ARM.Deploy.0 = Release|Any CPU
		{3CD9949D-6078-431B-A3D9-2F7BD60815CC}.Release|iPhone.ActiveCfg = Release|Any CPU
		{3CD9949D-6078-431B-A3D9-2F7BD60815CC}.Release|iPhone.Build.0 = Release|Any CPU
		{3CD9949D-6078-431B-A3D9-2F7BD60815CC}.Release|iPhone.Deploy.0 = Release|Any CPU
		{3CD9949D-6078-431B-A3D9-2F7BD60815CC}.Release|iPhoneSimulator.ActiveCfg = Release|Any CPU
		{3CD9949D-6078-431B-A3D9-2F7BD60815CC}.Release|iPhoneSimulator.Build.0 = Release|Any CPU
		{3CD9949D-6078-431B-A3D9-2F7BD60815CC}.Release|iPhoneSimulator.Deploy.0 = Release|Any CPU
		{3CD9949D-6078-431B-A3D9-2F7BD60815CC}.Release|x64.ActiveCfg = Release|Any CPU
		{3CD9949D-6078-431B-A3D9-2F7BD60815CC}.Release|x64.Build.0 = Release|Any CPU
		{3CD9949D-6078-431B-A3D9-2F7BD60815CC}.Release|x64.Deploy.0 = Release|Any CPU
		{3CD9949D-6078-431B-A3D9-2F7BD60815CC}.Release|x86.ActiveCfg = Release|Any CPU
		{3CD9949D-6078-431B-A3D9-2F7BD60815CC}.Release|x86.Build.0 = Release|Any CPU
		{3CD9949D-6078-431B-A3D9-2F7BD60815CC}.Release|x86.Deploy.0 = Release|Any CPU
		{AB46ECC7-258E-4379-BE60-0C0FD2F656F6}.Debug|Any CPU.ActiveCfg = Debug|iPhoneSimulator
		{AB46ECC7-258E-4379-BE60-0C0FD2F656F6}.Debug|Any CPU.Build.0 = Debug|iPhoneSimulator
		{AB46ECC7-258E-4379-BE60-0C0FD2F656F6}.Debug|Any CPU.Deploy.0 = Debug|iPhoneSimulator
		{AB46ECC7-258E-4379-BE60-0C0FD2F656F6}.Debug|ARM.ActiveCfg = Debug|iPhone
		{AB46ECC7-258E-4379-BE60-0C0FD2F656F6}.Debug|ARM.Build.0 = Debug|iPhone
		{AB46ECC7-258E-4379-BE60-0C0FD2F656F6}.Debug|ARM.Deploy.0 = Debug|iPhone
		{AB46ECC7-258E-4379-BE60-0C0FD2F656F6}.Debug|iPhone.ActiveCfg = Debug|iPhone
		{AB46ECC7-258E-4379-BE60-0C0FD2F656F6}.Debug|iPhone.Build.0 = Debug|iPhone
		{AB46ECC7-258E-4379-BE60-0C0FD2F656F6}.Debug|iPhone.Deploy.0 = Debug|iPhone
		{AB46ECC7-258E-4379-BE60-0C0FD2F656F6}.Debug|iPhoneSimulator.ActiveCfg = Debug|iPhoneSimulator
		{AB46ECC7-258E-4379-BE60-0C0FD2F656F6}.Debug|iPhoneSimulator.Build.0 = Debug|iPhoneSimulator
		{AB46ECC7-258E-4379-BE60-0C0FD2F656F6}.Debug|iPhoneSimulator.Deploy.0 = Debug|iPhoneSimulator
		{AB46ECC7-258E-4379-BE60-0C0FD2F656F6}.Debug|x64.ActiveCfg = Debug|iPhoneSimulator
		{AB46ECC7-258E-4379-BE60-0C0FD2F656F6}.Debug|x64.Build.0 = Debug|iPhoneSimulator
		{AB46ECC7-258E-4379-BE60-0C0FD2F656F6}.Debug|x64.Deploy.0 = Debug|iPhoneSimulator
		{AB46ECC7-258E-4379-BE60-0C0FD2F656F6}.Debug|x86.ActiveCfg = Debug|iPhoneSimulator
		{AB46ECC7-258E-4379-BE60-0C0FD2F656F6}.Debug|x86.Build.0 = Debug|iPhoneSimulator
		{AB46ECC7-258E-4379-BE60-0C0FD2F656F6}.Debug|x86.Deploy.0 = Debug|iPhoneSimulator
		{AB46ECC7-258E-4379-BE60-0C0FD2F656F6}.Release|Any CPU.ActiveCfg = Release|iPhoneSimulator
		{AB46ECC7-258E-4379-BE60-0C0FD2F656F6}.Release|Any CPU.Build.0 = Release|iPhoneSimulator
		{AB46ECC7-258E-4379-BE60-0C0FD2F656F6}.Release|Any CPU.Deploy.0 = Release|iPhoneSimulator
		{AB46ECC7-258E-4379-BE60-0C0FD2F656F6}.Release|ARM.ActiveCfg = Release|iPhoneSimulator
		{AB46ECC7-258E-4379-BE60-0C0FD2F656F6}.Release|ARM.Build.0 = Release|iPhoneSimulator
		{AB46ECC7-258E-4379-BE60-0C0FD2F656F6}.Release|ARM.Deploy.0 = Release|iPhoneSimulator
		{AB46ECC7-258E-4379-BE60-0C0FD2F656F6}.Release|iPhone.ActiveCfg = Release|iPhone
		{AB46ECC7-258E-4379-BE60-0C0FD2F656F6}.Release|iPhone.Build.0 = Release|iPhone
		{AB46ECC7-258E-4379-BE60-0C0FD2F656F6}.Release|iPhone.Deploy.0 = Release|iPhone
		{AB46ECC7-258E-4379-BE60-0C0FD2F656F6}.Release|iPhoneSimulator.ActiveCfg = Release|iPhoneSimulator
		{AB46ECC7-258E-4379-BE60-0C0FD2F656F6}.Release|iPhoneSimulator.Build.0 = Release|iPhoneSimulator
		{AB46ECC7-258E-4379-BE60-0C0FD2F656F6}.Release|iPhoneSimulator.Deploy.0 = Release|iPhoneSimulator
		{AB46ECC7-258E-4379-BE60-0C0FD2F656F6}.Release|x64.ActiveCfg = Release|iPhoneSimulator
		{AB46ECC7-258E-4379-BE60-0C0FD2F656F6}.Release|x64.Build.0 = Release|iPhoneSimulator
		{AB46ECC7-258E-4379-BE60-0C0FD2F656F6}.Release|x64.Deploy.0 = Release|iPhoneSimulator
		{AB46ECC7-258E-4379-BE60-0C0FD2F656F6}.Release|x86.ActiveCfg = Release|iPhoneSimulator
		{AB46ECC7-258E-4379-BE60-0C0FD2F656F6}.Release|x86.Build.0 = Release|iPhoneSimulator
		{AB46ECC7-258E-4379-BE60-0C0FD2F656F6}.Release|x86.Deploy.0 = Release|iPhoneSimulator
		{19C2BA47-7CAD-4DC8-9F90-8127CDFBA923}.Debug|Any CPU.ActiveCfg = Debug|Any CPU
		{19C2BA47-7CAD-4DC8-9F90-8127CDFBA923}.Debug|Any CPU.Build.0 = Debug|Any CPU
		{19C2BA47-7CAD-4DC8-9F90-8127CDFBA923}.Debug|Any CPU.Deploy.0 = Debug|Any CPU
		{19C2BA47-7CAD-4DC8-9F90-8127CDFBA923}.Debug|ARM.ActiveCfg = Debug|Any CPU
		{19C2BA47-7CAD-4DC8-9F90-8127CDFBA923}.Debug|ARM.Build.0 = Debug|Any CPU
		{19C2BA47-7CAD-4DC8-9F90-8127CDFBA923}.Debug|ARM.Deploy.0 = Debug|Any CPU
		{19C2BA47-7CAD-4DC8-9F90-8127CDFBA923}.Debug|iPhone.ActiveCfg = Debug|Any CPU
		{19C2BA47-7CAD-4DC8-9F90-8127CDFBA923}.Debug|iPhone.Build.0 = Debug|Any CPU
		{19C2BA47-7CAD-4DC8-9F90-8127CDFBA923}.Debug|iPhone.Deploy.0 = Debug|Any CPU
		{19C2BA47-7CAD-4DC8-9F90-8127CDFBA923}.Debug|iPhoneSimulator.ActiveCfg = Debug|Any CPU
		{19C2BA47-7CAD-4DC8-9F90-8127CDFBA923}.Debug|iPhoneSimulator.Build.0 = Debug|Any CPU
		{19C2BA47-7CAD-4DC8-9F90-8127CDFBA923}.Debug|iPhoneSimulator.Deploy.0 = Debug|Any CPU
		{19C2BA47-7CAD-4DC8-9F90-8127CDFBA923}.Debug|x64.ActiveCfg = Debug|Any CPU
		{19C2BA47-7CAD-4DC8-9F90-8127CDFBA923}.Debug|x64.Build.0 = Debug|Any CPU
		{19C2BA47-7CAD-4DC8-9F90-8127CDFBA923}.Debug|x64.Deploy.0 = Debug|Any CPU
		{19C2BA47-7CAD-4DC8-9F90-8127CDFBA923}.Debug|x86.ActiveCfg = Debug|Any CPU
		{19C2BA47-7CAD-4DC8-9F90-8127CDFBA923}.Debug|x86.Build.0 = Debug|Any CPU
		{19C2BA47-7CAD-4DC8-9F90-8127CDFBA923}.Debug|x86.Deploy.0 = Debug|Any CPU
		{19C2BA47-7CAD-4DC8-9F90-8127CDFBA923}.Release|Any CPU.ActiveCfg = Release|Any CPU
		{19C2BA47-7CAD-4DC8-9F90-8127CDFBA923}.Release|Any CPU.Build.0 = Release|Any CPU
		{19C2BA47-7CAD-4DC8-9F90-8127CDFBA923}.Release|Any CPU.Deploy.0 = Release|Any CPU
		{19C2BA47-7CAD-4DC8-9F90-8127CDFBA923}.Release|ARM.ActiveCfg = Release|Any CPU
		{19C2BA47-7CAD-4DC8-9F90-8127CDFBA923}.Release|ARM.Build.0 = Release|Any CPU
		{19C2BA47-7CAD-4DC8-9F90-8127CDFBA923}.Release|ARM.Deploy.0 = Release|Any CPU
		{19C2BA47-7CAD-4DC8-9F90-8127CDFBA923}.Release|iPhone.ActiveCfg = Release|Any CPU
		{19C2BA47-7CAD-4DC8-9F90-8127CDFBA923}.Release|iPhone.Build.0 = Release|Any CPU
		{19C2BA47-7CAD-4DC8-9F90-8127CDFBA923}.Release|iPhone.Deploy.0 = Release|Any CPU
		{19C2BA47-7CAD-4DC8-9F90-8127CDFBA923}.Release|iPhoneSimulator.ActiveCfg = Release|Any CPU
		{19C2BA47-7CAD-4DC8-9F90-8127CDFBA923}.Release|iPhoneSimulator.Build.0 = Release|Any CPU
		{19C2BA47-7CAD-4DC8-9F90-8127CDFBA923}.Release|iPhoneSimulator.Deploy.0 = Release|Any CPU
		{19C2BA47-7CAD-4DC8-9F90-8127CDFBA923}.Release|x64.ActiveCfg = Release|Any CPU
		{19C2BA47-7CAD-4DC8-9F90-8127CDFBA923}.Release|x64.Build.0 = Release|Any CPU
		{19C2BA47-7CAD-4DC8-9F90-8127CDFBA923}.Release|x64.Deploy.0 = Release|Any CPU
		{19C2BA47-7CAD-4DC8-9F90-8127CDFBA923}.Release|x86.ActiveCfg = Release|Any CPU
		{19C2BA47-7CAD-4DC8-9F90-8127CDFBA923}.Release|x86.Build.0 = Release|Any CPU
		{19C2BA47-7CAD-4DC8-9F90-8127CDFBA923}.Release|x86.Deploy.0 = Release|Any CPU
	EndGlobalSection
	GlobalSection(SolutionProperties) = preSolution
		HideSolutionNode = FALSE
	EndGlobalSection
	GlobalSection(ExtensibilityGlobals) = postSolution
		SolutionGuid = {DED7407C-51E5-4792-ABEA-7A0591ACDE52}
	EndGlobalSection
EndGlobal
