
Microsoft Visual Studio Solution File, Format Version 12.00
# Visual Studio Version 16
VisualStudioVersion = 16.0.30804.86
MinimumVisualStudioVersion = 10.0.40219.1
Project("{FAE04EC0-301F-11D3-BF4B-00C04F79EFBC}") = "FunFlacts.UWP", "FunFlacts.UWP\FunFlacts.UWP.csproj", "{3CD9C8DB-9CA7-4F47-8BEA-201D80C70230}"
EndProject
Project("{FAE04EC0-301F-11D3-BF4B-00C04F79EFBC}") = "FunFlacts.Android", "FunFlacts.Android\FunFlacts.Android.csproj", "{E1F3DE50-24AD-4DD4-B42C-22E2C2A4105B}"
EndProject
Project("{FAE04EC0-301F-11D3-BF4B-00C04F79EFBC}") = "FunFlacts.iOS", "FunFlacts.iOS\FunFlacts.iOS.csproj", "{08AAE3B1-C018-4AFF-8EF0-3793DE95C7F2}"
EndProject
Project("{9A19103F-16F7-4668-BE54-9A1E7A4F7556}") = "FunFlacts", "FunFlacts\FunFlacts.csproj", "{8E0AEBB5-410D-4326-B9C4-633DDC5F0008}"
EndProject
Project("{FAE04EC0-301F-11D3-BF4B-00C04F79EFBC}") = "FlagData", "FlagData\FlagData.csproj", "{9302BFE1-B984-46A4-8C57-F2006C0B5313}"
EndProject
Global
	GlobalSection(SolutionConfigurationPlatforms) = preSolution
		Debug|Any CPU = Debug|Any CPU
		Debug|ARM = Debug|ARM
		Debug|iPhone = Debug|iPhone
		Debug|iPhoneSimulator = Debug|iPhoneSimulator
		Debug|x64 = Debug|x64
		Debug|x86 = Debug|x86
		Release|Any CPU = Release|Any CPU
		Release|ARM = Release|ARM
		Release|iPhone = Release|iPhone
		Release|iPhoneSimulator = Release|iPhoneSimulator
		Release|x64 = Release|x64
		Release|x86 = Release|x86
	EndGlobalSection
	GlobalSection(ProjectConfigurationPlatforms) = postSolution
		{3CD9C8DB-9CA7-4F47-8BEA-201D80C70230}.Debug|Any CPU.ActiveCfg = Debug|x86
		{3CD9C8DB-9CA7-4F47-8BEA-201D80C70230}.Debug|Any CPU.Build.0 = Debug|x86
		{3CD9C8DB-9CA7-4F47-8BEA-201D80C70230}.Debug|Any CPU.Deploy.0 = Debug|x86
		{3CD9C8DB-9CA7-4F47-8BEA-201D80C70230}.Debug|ARM.ActiveCfg = Debug|ARM
		{3CD9C8DB-9CA7-4F47-8BEA-201D80C70230}.Debug|ARM.Build.0 = Debug|ARM
		{3CD9C8DB-9CA7-4F47-8BEA-201D80C70230}.Debug|ARM.Deploy.0 = Debug|ARM
		{3CD9C8DB-9CA7-4F47-8BEA-201D80C70230}.Debug|iPhone.ActiveCfg = Debug|x86
		{3CD9C8DB-9CA7-4F47-8BEA-201D80C70230}.Debug|iPhone.Build.0 = Debug|x86
		{3CD9C8DB-9CA7-4F47-8BEA-201D80C70230}.Debug|iPhone.Deploy.0 = Debug|x86
		{3CD9C8DB-9CA7-4F47-8BEA-201D80C70230}.Debug|iPhoneSimulator.ActiveCfg = Debug|x86
		{3CD9C8DB-9CA7-4F47-8BEA-201D80C70230}.Debug|iPhoneSimulator.Build.0 = Debug|x86
		{3CD9C8DB-9CA7-4F47-8BEA-201D80C70230}.Debug|iPhoneSimulator.Deploy.0 = Debug|x86
		{3CD9C8DB-9CA7-4F47-8BEA-201D80C70230}.Debug|x64.ActiveCfg = Debug|x64
		{3CD9C8DB-9CA7-4F47-8BEA-201D80C70230}.Debug|x64.Build.0 = Debug|x64
		{3CD9C8DB-9CA7-4F47-8BEA-201D80C70230}.Debug|x64.Deploy.0 = Debug|x64
		{3CD9C8DB-9CA7-4F47-8BEA-201D80C70230}.Debug|x86.ActiveCfg = Debug|x86
		{3CD9C8DB-9CA7-4F47-8BEA-201D80C70230}.Debug|x86.Build.0 = Debug|x86
		{3CD9C8DB-9CA7-4F47-8BEA-201D80C70230}.Debug|x86.Deploy.0 = Debug|x86
		{3CD9C8DB-9CA7-4F47-8BEA-201D80C70230}.Release|Any CPU.ActiveCfg = Release|x86
		{3CD9C8DB-9CA7-4F47-8BEA-201D80C70230}.Release|Any CPU.Build.0 = Release|x86
		{3CD9C8DB-9CA7-4F47-8BEA-201D80C70230}.Release|Any CPU.Deploy.0 = Release|x86
		{3CD9C8DB-9CA7-4F47-8BEA-201D80C70230}.Release|ARM.ActiveCfg = Release|ARM
		{3CD9C8DB-9CA7-4F47-8BEA-201D80C70230}.Release|ARM.Build.0 = Release|ARM
		{3CD9C8DB-9CA7-4F47-8BEA-201D80C70230}.Release|ARM.Deploy.0 = Release|ARM
		{3CD9C8DB-9CA7-4F47-8BEA-201D80C70230}.Release|iPhone.ActiveCfg = Release|x86
		{3CD9C8DB-9CA7-4F47-8BEA-201D80C70230}.Release|iPhone.Build.0 = Release|x86
		{3CD9C8DB-9CA7-4F47-8BEA-201D80C70230}.Release|iPhone.Deploy.0 = Release|x86
		{3CD9C8DB-9CA7-4F47-8BEA-201D80C70230}.Release|iPhoneSimulator.ActiveCfg = Release|x86
		{3CD9C8DB-9CA7-4F47-8BEA-201D80C70230}.Release|iPhoneSimulator.Build.0 = Release|x86
		{3CD9C8DB-9CA7-4F47-8BEA-201D80C70230}.Release|iPhoneSimulator.Deploy.0 = Release|x86
		{3CD9C8DB-9CA7-4F47-8BEA-201D80C70230}.Release|x64.ActiveCfg = Release|x64
		{3CD9C8DB-9CA7-4F47-8BEA-201D80C70230}.Release|x64.Build.0 = Release|x64
		{3CD9C8DB-9CA7-4F47-8BEA-201D80C70230}.Release|x64.Deploy.0 = Release|x64
		{3CD9C8DB-9CA7-4F47-8BEA-201D80C70230}.Release|x86.ActiveCfg = Release|x86
		{3CD9C8DB-9CA7-4F47-8BEA-201D80C70230}.Release|x86.Build.0 = Release|x86
		{3CD9C8DB-9CA7-4F47-8BEA-201D80C70230}.Release|x86.Deploy.0 = Release|x86
		{E1F3DE50-24AD-4DD4-B42C-22E2C2A4105B}.Debug|Any CPU.ActiveCfg = Debug|Any CPU
		{E1F3DE50-24AD-4DD4-B42C-22E2C2A4105B}.Debug|Any CPU.Build.0 = Debug|Any CPU
		{E1F3DE50-24AD-4DD4-B42C-22E2C2A4105B}.Debug|Any CPU.Deploy.0 = Debug|Any CPU
		{E1F3DE50-24AD-4DD4-B42C-22E2C2A4105B}.Debug|ARM.ActiveCfg = Debug|Any CPU
		{E1F3DE50-24AD-4DD4-B42C-22E2C2A4105B}.Debug|ARM.Build.0 = Debug|Any CPU
		{E1F3DE50-24AD-4DD4-B42C-22E2C2A4105B}.Debug|ARM.Deploy.0 = Debug|Any CPU
		{E1F3DE50-24AD-4DD4-B42C-22E2C2A4105B}.Debug|iPhone.ActiveCfg = Debug|Any CPU
		{E1F3DE50-24AD-4DD4-B42C-22E2C2A4105B}.Debug|iPhone.Build.0 = Debug|Any CPU
		{E1F3DE50-24AD-4DD4-B42C-22E2C2A4105B}.Debug|iPhone.Deploy.0 = Debug|Any CPU
		{E1F3DE50-24AD-4DD4-B42C-22E2C2A4105B}.Debug|iPhoneSimulator.ActiveCfg = Debug|Any CPU
		{E1F3DE50-24AD-4DD4-B42C-22E2C2A4105B}.Debug|iPhoneSimulator.Build.0 = Debug|Any CPU
		{E1F3DE50-24AD-4DD4-B42C-22E2C2A4105B}.Debug|iPhoneSimulator.Deploy.0 = Debug|Any CPU
		{E1F3DE50-24AD-4DD4-B42C-22E2C2A4105B}.Debug|x64.ActiveCfg = Debug|Any CPU
		{E1F3DE50-24AD-4DD4-B42C-22E2C2A4105B}.Debug|x64.Build.0 = Debug|Any CPU
		{E1F3DE50-24AD-4DD4-B42C-22E2C2A4105B}.Debug|x64.Deploy.0 = Debug|Any CPU
		{E1F3DE50-24AD-4DD4-B42C-22E2C2A4105B}.Debug|x86.ActiveCfg = Debug|Any CPU
		{E1F3DE50-24AD-4DD4-B42C-22E2C2A4105B}.Debug|x86.Build.0 = Debug|Any CPU
		{E1F3DE50-24AD-4DD4-B42C-22E2C2A4105B}.Debug|x86.Deploy.0 = Debug|Any CPU
		{E1F3DE50-24AD-4DD4-B42C-22E2C2A4105B}.Release|Any CPU.ActiveCfg = Release|Any CPU
		{E1F3DE50-24AD-4DD4-B42C-22E2C2A4105B}.Release|Any CPU.Build.0 = Release|Any CPU
		{E1F3DE50-24AD-4DD4-B42C-22E2C2A4105B}.Release|Any CPU.Deploy.0 = Release|Any CPU
		{E1F3DE50-24AD-4DD4-B42C-22E2C2A4105B}.Release|ARM.ActiveCfg = Release|Any CPU
		{E1F3DE50-24AD-4DD4-B42C-22E2C2A4105B}.Release|ARM.Build.0 = Release|Any CPU
		{E1F3DE50-24AD-4DD4-B42C-22E2C2A4105B}.Release|ARM.Deploy.0 = Release|Any CPU
		{E1F3DE50-24AD-4DD4-B42C-22E2C2A4105B}.Release|iPhone.ActiveCfg = Release|Any CPU
		{E1F3DE50-24AD-4DD4-B42C-22E2C2A4105B}.Release|iPhone.Build.0 = Release|Any CPU
		{E1F3DE50-24AD-4DD4-B42C-22E2C2A4105B}.Release|iPhone.Deploy.0 = Release|Any CPU
		{E1F3DE50-24AD-4DD4-B42C-22E2C2A4105B}.Release|iPhoneSimulator.ActiveCfg = Release|Any CPU
		{E1F3DE50-24AD-4DD4-B42C-22E2C2A4105B}.Release|iPhoneSimulator.Build.0 = Release|Any CPU
		{E1F3DE50-24AD-4DD4-B42C-22E2C2A4105B}.Release|iPhoneSimulator.Deploy.0 = Release|Any CPU
		{E1F3DE50-24AD-4DD4-B42C-22E2C2A4105B}.Release|x64.ActiveCfg = Release|Any CPU
		{E1F3DE50-24AD-4DD4-B42C-22E2C2A4105B}.Release|x64.Build.0 = Release|Any CPU
		{E1F3DE50-24AD-4DD4-B42C-22E2C2A4105B}.Release|x64.Deploy.0 = Release|Any CPU
		{E1F3DE50-24AD-4DD4-B42C-22E2C2A4105B}.Release|x86.ActiveCfg = Release|Any CPU
		{E1F3DE50-24AD-4DD4-B42C-22E2C2A4105B}.Release|x86.Build.0 = Release|Any CPU
		{E1F3DE50-24AD-4DD4-B42C-22E2C2A4105B}.Release|x86.Deploy.0 = Release|Any CPU
		{08AAE3B1-C018-4AFF-8EF0-3793DE95C7F2}.Debug|Any CPU.ActiveCfg = Debug|iPhoneSimulator
		{08AAE3B1-C018-4AFF-8EF0-3793DE95C7F2}.Debug|Any CPU.Build.0 = Debug|iPhoneSimulator
		{08AAE3B1-C018-4AFF-8EF0-3793DE95C7F2}.Debug|Any CPU.Deploy.0 = Debug|iPhoneSimulator
		{08AAE3B1-C018-4AFF-8EF0-3793DE95C7F2}.Debug|ARM.ActiveCfg = Debug|iPhone
		{08AAE3B1-C018-4AFF-8EF0-3793DE95C7F2}.Debug|ARM.Build.0 = Debug|iPhone
		{08AAE3B1-C018-4AFF-8EF0-3793DE95C7F2}.Debug|ARM.Deploy.0 = Debug|iPhone
		{08AAE3B1-C018-4AFF-8EF0-3793DE95C7F2}.Debug|iPhone.ActiveCfg = Debug|iPhone
		{08AAE3B1-C018-4AFF-8EF0-3793DE95C7F2}.Debug|iPhone.Build.0 = Debug|iPhone
		{08AAE3B1-C018-4AFF-8EF0-3793DE95C7F2}.Debug|iPhone.Deploy.0 = Debug|iPhone
		{08AAE3B1-C018-4AFF-8EF0-3793DE95C7F2}.Debug|iPhoneSimulator.ActiveCfg = Debug|iPhoneSimulator
		{08AAE3B1-C018-4AFF-8EF0-3793DE95C7F2}.Debug|iPhoneSimulator.Build.0 = Debug|iPhoneSimulator
		{08AAE3B1-C018-4AFF-8EF0-3793DE95C7F2}.Debug|iPhoneSimulator.Deploy.0 = Debug|iPhoneSimulator
		{08AAE3B1-C018-4AFF-8EF0-3793DE95C7F2}.Debug|x64.ActiveCfg = Debug|iPhoneSimulator
		{08AAE3B1-C018-4AFF-8EF0-3793DE95C7F2}.Debug|x64.Build.0 = Debug|iPhoneSimulator
		{08AAE3B1-C018-4AFF-8EF0-3793DE95C7F2}.Debug|x64.Deploy.0 = Debug|iPhoneSimulator
		{08AAE3B1-C018-4AFF-8EF0-3793DE95C7F2}.Debug|x86.ActiveCfg = Debug|iPhoneSimulator
		{08AAE3B1-C018-4AFF-8EF0-3793DE95C7F2}.Debug|x86.Build.0 = Debug|iPhoneSimulator
		{08AAE3B1-C018-4AFF-8EF0-3793DE95C7F2}.Debug|x86.Deploy.0 = Debug|iPhoneSimulator
		{08AAE3B1-C018-4AFF-8EF0-3793DE95C7F2}.Release|Any CPU.ActiveCfg = Release|iPhoneSimulator
		{08AAE3B1-C018-4AFF-8EF0-3793DE95C7F2}.Release|Any CPU.Build.0 = Release|iPhoneSimulator
		{08AAE3B1-C018-4AFF-8EF0-3793DE95C7F2}.Release|Any CPU.Deploy.0 = Release|iPhoneSimulator
		{08AAE3B1-C018-4AFF-8EF0-3793DE95C7F2}.Release|ARM.ActiveCfg = Release|iPhoneSimulator
		{08AAE3B1-C018-4AFF-8EF0-3793DE95C7F2}.Release|ARM.Build.0 = Release|iPhoneSimulator
		{08AAE3B1-C018-4AFF-8EF0-3793DE95C7F2}.Release|ARM.Deploy.0 = Release|iPhoneSimulator
		{08AAE3B1-C018-4AFF-8EF0-3793DE95C7F2}.Release|iPhone.ActiveCfg = Release|iPhone
		{08AAE3B1-C018-4AFF-8EF0-3793DE95C7F2}.Release|iPhone.Build.0 = Release|iPhone
		{08AAE3B1-C018-4AFF-8EF0-3793DE95C7F2}.Release|iPhone.Deploy.0 = Release|iPhone
		{08AAE3B1-C018-4AFF-8EF0-3793DE95C7F2}.Release|iPhoneSimulator.ActiveCfg = Release|iPhoneSimulator
		{08AAE3B1-C018-4AFF-8EF0-3793DE95C7F2}.Release|iPhoneSimulator.Build.0 = Release|iPhoneSimulator
		{08AAE3B1-C018-4AFF-8EF0-3793DE95C7F2}.Release|iPhoneSimulator.Deploy.0 = Release|iPhoneSimulator
		{08AAE3B1-C018-4AFF-8EF0-3793DE95C7F2}.Release|x64.ActiveCfg = Release|iPhoneSimulator
		{08AAE3B1-C018-4AFF-8EF0-3793DE95C7F2}.Release|x64.Build.0 = Release|iPhoneSimulator
		{08AAE3B1-C018-4AFF-8EF0-3793DE95C7F2}.Release|x64.Deploy.0 = Release|iPhoneSimulator
		{08AAE3B1-C018-4AFF-8EF0-3793DE95C7F2}.Release|x86.ActiveCfg = Release|iPhoneSimulator
		{08AAE3B1-C018-4AFF-8EF0-3793DE95C7F2}.Release|x86.Build.0 = Release|iPhoneSimulator
		{08AAE3B1-C018-4AFF-8EF0-3793DE95C7F2}.Release|x86.Deploy.0 = Release|iPhoneSimulator
		{8E0AEBB5-410D-4326-B9C4-633DDC5F0008}.Debug|Any CPU.ActiveCfg = Debug|Any CPU
		{8E0AEBB5-410D-4326-B9C4-633DDC5F0008}.Debug|Any CPU.Build.0 = Debug|Any CPU
		{8E0AEBB5-410D-4326-B9C4-633DDC5F0008}.Debug|Any CPU.Deploy.0 = Debug|Any CPU
		{8E0AEBB5-410D-4326-B9C4-633DDC5F0008}.Debug|ARM.ActiveCfg = Debug|Any CPU
		{8E0AEBB5-410D-4326-B9C4-633DDC5F0008}.Debug|ARM.Build.0 = Debug|Any CPU
		{8E0AEBB5-410D-4326-B9C4-633DDC5F0008}.Debug|ARM.Deploy.0 = Debug|Any CPU
		{8E0AEBB5-410D-4326-B9C4-633DDC5F0008}.Debug|iPhone.ActiveCfg = Debug|Any CPU
		{8E0AEBB5-410D-4326-B9C4-633DDC5F0008}.Debug|iPhone.Build.0 = Debug|Any CPU
		{8E0AEBB5-410D-4326-B9C4-633DDC5F0008}.Debug|iPhone.Deploy.0 = Debug|Any CPU
		{8E0AEBB5-410D-4326-B9C4-633DDC5F0008}.Debug|iPhoneSimulator.ActiveCfg = Debug|Any CPU
		{8E0AEBB5-410D-4326-B9C4-633DDC5F0008}.Debug|iPhoneSimulator.Build.0 = Debug|Any CPU
		{8E0AEBB5-410D-4326-B9C4-633DDC5F0008}.Debug|iPhoneSimulator.Deploy.0 = Debug|Any CPU
		{8E0AEBB5-410D-4326-B9C4-633DDC5F0008}.Debug|x64.ActiveCfg = Debug|Any CPU
		{8E0AEBB5-410D-4326-B9C4-633DDC5F0008}.Debug|x64.Build.0 = Debug|Any CPU
		{8E0AEBB5-410D-4326-B9C4-633DDC5F0008}.Debug|x64.Deploy.0 = Debug|Any CPU
		{8E0AEBB5-410D-4326-B9C4-633DDC5F0008}.Debug|x86.ActiveCfg = Debug|Any CPU
		{8E0AEBB5-410D-4326-B9C4-633DDC5F0008}.Debug|x86.Build.0 = Debug|Any CPU
		{8E0AEBB5-410D-4326-B9C4-633DDC5F0008}.Debug|x86.Deploy.0 = Debug|Any CPU
		{8E0AEBB5-410D-4326-B9C4-633DDC5F0008}.Release|Any CPU.ActiveCfg = Release|Any CPU
		{8E0AEBB5-410D-4326-B9C4-633DDC5F0008}.Release|Any CPU.Build.0 = Release|Any CPU
		{8E0AEBB5-410D-4326-B9C4-633DDC5F0008}.Release|Any CPU.Deploy.0 = Release|Any CPU
		{8E0AEBB5-410D-4326-B9C4-633DDC5F0008}.Release|ARM.ActiveCfg = Release|Any CPU
		{8E0AEBB5-410D-4326-B9C4-633DDC5F0008}.Release|ARM.Build.0 = Release|Any CPU
		{8E0AEBB5-410D-4326-B9C4-633DDC5F0008}.Release|ARM.Deploy.0 = Release|Any CPU
		{8E0AEBB5-410D-4326-B9C4-633DDC5F0008}.Release|iPhone.ActiveCfg = Release|Any CPU
		{8E0AEBB5-410D-4326-B9C4-633DDC5F0008}.Release|iPhone.Build.0 = Release|Any CPU
		{8E0AEBB5-410D-4326-B9C4-633DDC5F0008}.Release|iPhone.Deploy.0 = Release|Any CPU
		{8E0AEBB5-410D-4326-B9C4-633DDC5F0008}.Release|iPhoneSimulator.ActiveCfg = Release|Any CPU
		{8E0AEBB5-410D-4326-B9C4-633DDC5F0008}.Release|iPhoneSimulator.Build.0 = Release|Any CPU
		{8E0AEBB5-410D-4326-B9C4-633DDC5F0008}.Release|iPhoneSimulator.Deploy.0 = Release|Any CPU
		{8E0AEBB5-410D-4326-B9C4-633DDC5F0008}.Release|x64.ActiveCfg = Release|Any CPU
		{8E0AEBB5-410D-4326-B9C4-633DDC5F0008}.Release|x64.Build.0 = Release|Any CPU
		{8E0AEBB5-410D-4326-B9C4-633DDC5F0008}.Release|x64.Deploy.0 = Release|Any CPU
		{8E0AEBB5-410D-4326-B9C4-633DDC5F0008}.Release|x86.ActiveCfg = Release|Any CPU
		{8E0AEBB5-410D-4326-B9C4-633DDC5F0008}.Release|x86.Build.0 = Release|Any CPU
		{8E0AEBB5-410D-4326-B9C4-633DDC5F0008}.Release|x86.Deploy.0 = Release|Any CPU
		{9302BFE1-B984-46A4-8C57-F2006C0B5313}.Debug|Any CPU.ActiveCfg = Debug|Any CPU
		{9302BFE1-B984-46A4-8C57-F2006C0B5313}.Debug|Any CPU.Build.0 = Debug|Any CPU
		{9302BFE1-B984-46A4-8C57-F2006C0B5313}.Debug|ARM.ActiveCfg = Debug|Any CPU
		{9302BFE1-B984-46A4-8C57-F2006C0B5313}.Debug|ARM.Build.0 = Debug|Any CPU
		{9302BFE1-B984-46A4-8C57-F2006C0B5313}.Debug|iPhone.ActiveCfg = Debug|Any CPU
		{9302BFE1-B984-46A4-8C57-F2006C0B5313}.Debug|iPhone.Build.0 = Debug|Any CPU
		{9302BFE1-B984-46A4-8C57-F2006C0B5313}.Debug|iPhoneSimulator.ActiveCfg = Debug|Any CPU
		{9302BFE1-B984-46A4-8C57-F2006C0B5313}.Debug|iPhoneSimulator.Build.0 = Debug|Any CPU
		{9302BFE1-B984-46A4-8C57-F2006C0B5313}.Debug|x64.ActiveCfg = Debug|Any CPU
		{9302BFE1-B984-46A4-8C57-F2006C0B5313}.Debug|x64.Build.0 = Debug|Any CPU
		{9302BFE1-B984-46A4-8C57-F2006C0B5313}.Debug|x86.ActiveCfg = Debug|Any CPU
		{9302BFE1-B984-46A4-8C57-F2006C0B5313}.Debug|x86.Build.0 = Debug|Any CPU
		{9302BFE1-B984-46A4-8C57-F2006C0B5313}.Release|Any CPU.ActiveCfg = Release|Any CPU
		{9302BFE1-B984-46A4-8C57-F2006C0B5313}.Release|Any CPU.Build.0 = Release|Any CPU
		{9302BFE1-B984-46A4-8C57-F2006C0B5313}.Release|ARM.ActiveCfg = Release|Any CPU
		{9302BFE1-B984-46A4-8C57-F2006C0B5313}.Release|ARM.Build.0 = Release|Any CPU
		{9302BFE1-B984-46A4-8C57-F2006C0B5313}.Release|iPhone.ActiveCfg = Release|Any CPU
		{9302BFE1-B984-46A4-8C57-F2006C0B5313}.Release|iPhone.Build.0 = Release|Any CPU
		{9302BFE1-B984-46A4-8C57-F2006C0B5313}.Release|iPhoneSimulator.ActiveCfg = Release|Any CPU
		{9302BFE1-B984-46A4-8C57-F2006C0B5313}.Release|iPhoneSimulator.Build.0 = Release|Any CPU
		{9302BFE1-B984-46A4-8C57-F2006C0B5313}.Release|x64.ActiveCfg = Release|Any CPU
		{9302BFE1-B984-46A4-8C57-F2006C0B5313}.Release|x64.Build.0 = Release|Any CPU
		{9302BFE1-B984-46A4-8C57-F2006C0B5313}.Release|x86.ActiveCfg = Release|Any CPU
		{9302BFE1-B984-46A4-8C57-F2006C0B5313}.Release|x86.Build.0 = Release|Any CPU
	EndGlobalSection
	GlobalSection(SolutionProperties) = preSolution
		HideSolutionNode = FALSE
	EndGlobalSection
	GlobalSection(ExtensibilityGlobals) = postSolution
		SolutionGuid = {CCF4A880-BF92-49D5-A595-21D93E9998B0}
	EndGlobalSection
EndGlobal
