
Microsoft Visual Studio Solution File, Format Version 12.00
# Visual Studio Version 16
VisualStudioVersion = 16.0.30804.86
MinimumVisualStudioVersion = 10.0.40219.1
Project("{FAE04EC0-301F-11D3-BF4B-00C04F79EFBC}") = "Calculator.UWP", "Calculator\Calculator.UWP\Calculator.UWP.csproj", "{4BC40A01-8DD5-40A0-A334-DEDE7CC13F69}"
EndProject
Project("{FAE04EC0-301F-11D3-BF4B-00C04F79EFBC}") = "Calculator.Android", "Calculator\Calculator.Android\Calculator.Android.csproj", "{A5B096BC-5AB8-488B-8794-FEE5D53DFB6E}"
EndProject
Project("{FAE04EC0-301F-11D3-BF4B-00C04F79EFBC}") = "Calculator.iOS", "Calculator\Calculator.iOS\Calculator.iOS.csproj", "{02F874A7-84E3-4644-B70B-4C8F1FFC1D02}"
EndProject
Project("{FAE04EC0-301F-11D3-BF4B-00C04F79EFBC}") = "Calculator", "Calculator\Calculator\Calculator.csproj", "{4564453B-2B3D-4ECB-BF15-12828CB40110}"
EndProject
Global
	GlobalSection(SolutionConfigurationPlatforms) = preSolution
		Debug|Any CPU = Debug|Any CPU
		Debug|ARM = Debug|ARM
		Debug|iPhone = Debug|iPhone
		Debug|iPhoneSimulator = Debug|iPhoneSimulator
		Debug|x64 = Debug|x64
		Debug|x86 = Debug|x86
		Release|Any CPU = Release|Any CPU
		Release|ARM = Release|ARM
		Release|iPhone = Release|iPhone
		Release|iPhoneSimulator = Release|iPhoneSimulator
		Release|x64 = Release|x64
		Release|x86 = Release|x86
	EndGlobalSection
	GlobalSection(ProjectConfigurationPlatforms) = postSolution
		{4BC40A01-8DD5-40A0-A334-DEDE7CC13F69}.Debug|Any CPU.ActiveCfg = Debug|x86
		{4BC40A01-8DD5-40A0-A334-DEDE7CC13F69}.Debug|Any CPU.Build.0 = Debug|x86
		{4BC40A01-8DD5-40A0-A334-DEDE7CC13F69}.Debug|Any CPU.Deploy.0 = Debug|x86
		{4BC40A01-8DD5-40A0-A334-DEDE7CC13F69}.Debug|ARM.ActiveCfg = Debug|ARM
		{4BC40A01-8DD5-40A0-A334-DEDE7CC13F69}.Debug|ARM.Build.0 = Debug|ARM
		{4BC40A01-8DD5-40A0-A334-DEDE7CC13F69}.Debug|ARM.Deploy.0 = Debug|ARM
		{4BC40A01-8DD5-40A0-A334-DEDE7CC13F69}.Debug|iPhone.ActiveCfg = Debug|x86
		{4BC40A01-8DD5-40A0-A334-DEDE7CC13F69}.Debug|iPhone.Build.0 = Debug|x86
		{4BC40A01-8DD5-40A0-A334-DEDE7CC13F69}.Debug|iPhone.Deploy.0 = Debug|x86
		{4BC40A01-8DD5-40A0-A334-DEDE7CC13F69}.Debug|iPhoneSimulator.ActiveCfg = Debug|x86
		{4BC40A01-8DD5-40A0-A334-DEDE7CC13F69}.Debug|iPhoneSimulator.Build.0 = Debug|x86
		{4BC40A01-8DD5-40A0-A334-DEDE7CC13F69}.Debug|iPhoneSimulator.Deploy.0 = Debug|x86
		{4BC40A01-8DD5-40A0-A334-DEDE7CC13F69}.Debug|x64.ActiveCfg = Debug|x64
		{4BC40A01-8DD5-40A0-A334-DEDE7CC13F69}.Debug|x64.Build.0 = Debug|x64
		{4BC40A01-8DD5-40A0-A334-DEDE7CC13F69}.Debug|x64.Deploy.0 = Debug|x64
		{4BC40A01-8DD5-40A0-A334-DEDE7CC13F69}.Debug|x86.ActiveCfg = Debug|x86
		{4BC40A01-8DD5-40A0-A334-DEDE7CC13F69}.Debug|x86.Build.0 = Debug|x86
		{4BC40A01-8DD5-40A0-A334-DEDE7CC13F69}.Debug|x86.Deploy.0 = Debug|x86
		{4BC40A01-8DD5-40A0-A334-DEDE7CC13F69}.Release|Any CPU.ActiveCfg = Release|x86
		{4BC40A01-8DD5-40A0-A334-DEDE7CC13F69}.Release|Any CPU.Build.0 = Release|x86
		{4BC40A01-8DD5-40A0-A334-DEDE7CC13F69}.Release|Any CPU.Deploy.0 = Release|x86
		{4BC40A01-8DD5-40A0-A334-DEDE7CC13F69}.Release|ARM.ActiveCfg = Release|ARM
		{4BC40A01-8DD5-40A0-A334-DEDE7CC13F69}.Release|ARM.Build.0 = Release|ARM
		{4BC40A01-8DD5-40A0-A334-DEDE7CC13F69}.Release|ARM.Deploy.0 = Release|ARM
		{4BC40A01-8DD5-40A0-A334-DEDE7CC13F69}.Release|iPhone.ActiveCfg = Release|x86
		{4BC40A01-8DD5-40A0-A334-DEDE7CC13F69}.Release|iPhone.Build.0 = Release|x86
		{4BC40A01-8DD5-40A0-A334-DEDE7CC13F69}.Release|iPhone.Deploy.0 = Release|x86
		{4BC40A01-8DD5-40A0-A334-DEDE7CC13F69}.Release|iPhoneSimulator.ActiveCfg = Release|x86
		{4BC40A01-8DD5-40A0-A334-DEDE7CC13F69}.Release|iPhoneSimulator.Build.0 = Release|x86
		{4BC40A01-8DD5-40A0-A334-DEDE7CC13F69}.Release|iPhoneSimulator.Deploy.0 = Release|x86
		{4BC40A01-8DD5-40A0-A334-DEDE7CC13F69}.Release|x64.ActiveCfg = Release|x64
		{4BC40A01-8DD5-40A0-A334-DEDE7CC13F69}.Release|x64.Build.0 = Release|x64
		{4BC40A01-8DD5-40A0-A334-DEDE7CC13F69}.Release|x64.Deploy.0 = Release|x64
		{4BC40A01-8DD5-40A0-A334-DEDE7CC13F69}.Release|x86.ActiveCfg = Release|x86
		{4BC40A01-8DD5-40A0-A334-DEDE7CC13F69}.Release|x86.Build.0 = Release|x86
		{4BC40A01-8DD5-40A0-A334-DEDE7CC13F69}.Release|x86.Deploy.0 = Release|x86
		{A5B096BC-5AB8-488B-8794-FEE5D53DFB6E}.Debug|Any CPU.ActiveCfg = Debug|Any CPU
		{A5B096BC-5AB8-488B-8794-FEE5D53DFB6E}.Debug|Any CPU.Build.0 = Debug|Any CPU
		{A5B096BC-5AB8-488B-8794-FEE5D53DFB6E}.Debug|Any CPU.Deploy.0 = Debug|Any CPU
		{A5B096BC-5AB8-488B-8794-FEE5D53DFB6E}.Debug|ARM.ActiveCfg = Debug|Any CPU
		{A5B096BC-5AB8-488B-8794-FEE5D53DFB6E}.Debug|ARM.Build.0 = Debug|Any CPU
		{A5B096BC-5AB8-488B-8794-FEE5D53DFB6E}.Debug|ARM.Deploy.0 = Debug|Any CPU
		{A5B096BC-5AB8-488B-8794-FEE5D53DFB6E}.Debug|iPhone.ActiveCfg = Debug|Any CPU
		{A5B096BC-5AB8-488B-8794-FEE5D53DFB6E}.Debug|iPhone.Build.0 = Debug|Any CPU
		{A5B096BC-5AB8-488B-8794-FEE5D53DFB6E}.Debug|iPhone.Deploy.0 = Debug|Any CPU
		{A5B096BC-5AB8-488B-8794-FEE5D53DFB6E}.Debug|iPhoneSimulator.ActiveCfg = Debug|Any CPU
		{A5B096BC-5AB8-488B-8794-FEE5D53DFB6E}.Debug|iPhoneSimulator.Build.0 = Debug|Any CPU
		{A5B096BC-5AB8-488B-8794-FEE5D53DFB6E}.Debug|iPhoneSimulator.Deploy.0 = Debug|Any CPU
		{A5B096BC-5AB8-488B-8794-FEE5D53DFB6E}.Debug|x64.ActiveCfg = Debug|Any CPU
		{A5B096BC-5AB8-488B-8794-FEE5D53DFB6E}.Debug|x64.Build.0 = Debug|Any CPU
		{A5B096BC-5AB8-488B-8794-FEE5D53DFB6E}.Debug|x64.Deploy.0 = Debug|Any CPU
		{A5B096BC-5AB8-488B-8794-FEE5D53DFB6E}.Debug|x86.ActiveCfg = Debug|Any CPU
		{A5B096BC-5AB8-488B-8794-FEE5D53DFB6E}.Debug|x86.Build.0 = Debug|Any CPU
		{A5B096BC-5AB8-488B-8794-FEE5D53DFB6E}.Debug|x86.Deploy.0 = Debug|Any CPU
		{A5B096BC-5AB8-488B-8794-FEE5D53DFB6E}.Release|Any CPU.ActiveCfg = Release|Any CPU
		{A5B096BC-5AB8-488B-8794-FEE5D53DFB6E}.Release|Any CPU.Build.0 = Release|Any CPU
		{A5B096BC-5AB8-488B-8794-FEE5D53DFB6E}.Release|Any CPU.Deploy.0 = Release|Any CPU
		{A5B096BC-5AB8-488B-8794-FEE5D53DFB6E}.Release|ARM.ActiveCfg = Release|Any CPU
		{A5B096BC-5AB8-488B-8794-FEE5D53DFB6E}.Release|ARM.Build.0 = Release|Any CPU
		{A5B096BC-5AB8-488B-8794-FEE5D53DFB6E}.Release|ARM.Deploy.0 = Release|Any CPU
		{A5B096BC-5AB8-488B-8794-FEE5D53DFB6E}.Release|iPhone.ActiveCfg = Release|Any CPU
		{A5B096BC-5AB8-488B-8794-FEE5D53DFB6E}.Release|iPhone.Build.0 = Release|Any CPU
		{A5B096BC-5AB8-488B-8794-FEE5D53DFB6E}.Release|iPhone.Deploy.0 = Release|Any CPU
		{A5B096BC-5AB8-488B-8794-FEE5D53DFB6E}.Release|iPhoneSimulator.ActiveCfg = Release|Any CPU
		{A5B096BC-5AB8-488B-8794-FEE5D53DFB6E}.Release|iPhoneSimulator.Build.0 = Release|Any CPU
		{A5B096BC-5AB8-488B-8794-FEE5D53DFB6E}.Release|iPhoneSimulator.Deploy.0 = Release|Any CPU
		{A5B096BC-5AB8-488B-8794-FEE5D53DFB6E}.Release|x64.ActiveCfg = Release|Any CPU
		{A5B096BC-5AB8-488B-8794-FEE5D53DFB6E}.Release|x64.Build.0 = Release|Any CPU
		{A5B096BC-5AB8-488B-8794-FEE5D53DFB6E}.Release|x64.Deploy.0 = Release|Any CPU
		{A5B096BC-5AB8-488B-8794-FEE5D53DFB6E}.Release|x86.ActiveCfg = Release|Any CPU
		{A5B096BC-5AB8-488B-8794-FEE5D53DFB6E}.Release|x86.Build.0 = Release|Any CPU
		{A5B096BC-5AB8-488B-8794-FEE5D53DFB6E}.Release|x86.Deploy.0 = Release|Any CPU
		{02F874A7-84E3-4644-B70B-4C8F1FFC1D02}.Debug|Any CPU.ActiveCfg = Debug|iPhoneSimulator
		{02F874A7-84E3-4644-B70B-4C8F1FFC1D02}.Debug|Any CPU.Build.0 = Debug|iPhoneSimulator
		{02F874A7-84E3-4644-B70B-4C8F1FFC1D02}.Debug|Any CPU.Deploy.0 = Debug|iPhoneSimulator
		{02F874A7-84E3-4644-B70B-4C8F1FFC1D02}.Debug|ARM.ActiveCfg = Debug|iPhone
		{02F874A7-84E3-4644-B70B-4C8F1FFC1D02}.Debug|ARM.Build.0 = Debug|iPhone
		{02F874A7-84E3-4644-B70B-4C8F1FFC1D02}.Debug|ARM.Deploy.0 = Debug|iPhone
		{02F874A7-84E3-4644-B70B-4C8F1FFC1D02}.Debug|iPhone.ActiveCfg = Debug|iPhone
		{02F874A7-84E3-4644-B70B-4C8F1FFC1D02}.Debug|iPhone.Build.0 = Debug|iPhone
		{02F874A7-84E3-4644-B70B-4C8F1FFC1D02}.Debug|iPhone.Deploy.0 = Debug|iPhone
		{02F874A7-84E3-4644-B70B-4C8F1FFC1D02}.Debug|iPhoneSimulator.ActiveCfg = Debug|iPhoneSimulator
		{02F874A7-84E3-4644-B70B-4C8F1FFC1D02}.Debug|iPhoneSimulator.Build.0 = Debug|iPhoneSimulator
		{02F874A7-84E3-4644-B70B-4C8F1FFC1D02}.Debug|iPhoneSimulator.Deploy.0 = Debug|iPhoneSimulator
		{02F874A7-84E3-4644-B70B-4C8F1FFC1D02}.Debug|x64.ActiveCfg = Debug|iPhoneSimulator
		{02F874A7-84E3-4644-B70B-4C8F1FFC1D02}.Debug|x64.Build.0 = Debug|iPhoneSimulator
		{02F874A7-84E3-4644-B70B-4C8F1FFC1D02}.Debug|x64.Deploy.0 = Debug|iPhoneSimulator
		{02F874A7-84E3-4644-B70B-4C8F1FFC1D02}.Debug|x86.ActiveCfg = Debug|iPhoneSimulator
		{02F874A7-84E3-4644-B70B-4C8F1FFC1D02}.Debug|x86.Build.0 = Debug|iPhoneSimulator
		{02F874A7-84E3-4644-B70B-4C8F1FFC1D02}.Debug|x86.Deploy.0 = Debug|iPhoneSimulator
		{02F874A7-84E3-4644-B70B-4C8F1FFC1D02}.Release|Any CPU.ActiveCfg = Release|iPhoneSimulator
		{02F874A7-84E3-4644-B70B-4C8F1FFC1D02}.Release|Any CPU.Build.0 = Release|iPhoneSimulator
		{02F874A7-84E3-4644-B70B-4C8F1FFC1D02}.Release|Any CPU.Deploy.0 = Release|iPhoneSimulator
		{02F874A7-84E3-4644-B70B-4C8F1FFC1D02}.Release|ARM.ActiveCfg = Release|iPhoneSimulator
		{02F874A7-84E3-4644-B70B-4C8F1FFC1D02}.Release|ARM.Build.0 = Release|iPhoneSimulator
		{02F874A7-84E3-4644-B70B-4C8F1FFC1D02}.Release|ARM.Deploy.0 = Release|iPhoneSimulator
		{02F874A7-84E3-4644-B70B-4C8F1FFC1D02}.Release|iPhone.ActiveCfg = Release|iPhone
		{02F874A7-84E3-4644-B70B-4C8F1FFC1D02}.Release|iPhone.Build.0 = Release|iPhone
		{02F874A7-84E3-4644-B70B-4C8F1FFC1D02}.Release|iPhone.Deploy.0 = Release|iPhone
		{02F874A7-84E3-4644-B70B-4C8F1FFC1D02}.Release|iPhoneSimulator.ActiveCfg = Release|iPhoneSimulator
		{02F874A7-84E3-4644-B70B-4C8F1FFC1D02}.Release|iPhoneSimulator.Build.0 = Release|iPhoneSimulator
		{02F874A7-84E3-4644-B70B-4C8F1FFC1D02}.Release|iPhoneSimulator.Deploy.0 = Release|iPhoneSimulator
		{02F874A7-84E3-4644-B70B-4C8F1FFC1D02}.Release|x64.ActiveCfg = Release|iPhoneSimulator
		{02F874A7-84E3-4644-B70B-4C8F1FFC1D02}.Release|x64.Build.0 = Release|iPhoneSimulator
		{02F874A7-84E3-4644-B70B-4C8F1FFC1D02}.Release|x64.Deploy.0 = Release|iPhoneSimulator
		{02F874A7-84E3-4644-B70B-4C8F1FFC1D02}.Release|x86.ActiveCfg = Release|iPhoneSimulator
		{02F874A7-84E3-4644-B70B-4C8F1FFC1D02}.Release|x86.Build.0 = Release|iPhoneSimulator
		{02F874A7-84E3-4644-B70B-4C8F1FFC1D02}.Release|x86.Deploy.0 = Release|iPhoneSimulator
		{4564453B-2B3D-4ECB-BF15-12828CB40110}.Debug|Any CPU.ActiveCfg = Debug|Any CPU
		{4564453B-2B3D-4ECB-BF15-12828CB40110}.Debug|Any CPU.Build.0 = Debug|Any CPU
		{4564453B-2B3D-4ECB-BF15-12828CB40110}.Debug|Any CPU.Deploy.0 = Debug|Any CPU
		{4564453B-2B3D-4ECB-BF15-12828CB40110}.Debug|ARM.ActiveCfg = Debug|Any CPU
		{4564453B-2B3D-4ECB-BF15-12828CB40110}.Debug|ARM.Build.0 = Debug|Any CPU
		{4564453B-2B3D-4ECB-BF15-12828CB40110}.Debug|ARM.Deploy.0 = Debug|Any CPU
		{4564453B-2B3D-4ECB-BF15-12828CB40110}.Debug|iPhone.ActiveCfg = Debug|Any CPU
		{4564453B-2B3D-4ECB-BF15-12828CB40110}.Debug|iPhone.Build.0 = Debug|Any CPU
		{4564453B-2B3D-4ECB-BF15-12828CB40110}.Debug|iPhone.Deploy.0 = Debug|Any CPU
		{4564453B-2B3D-4ECB-BF15-12828CB40110}.Debug|iPhoneSimulator.ActiveCfg = Debug|Any CPU
		{4564453B-2B3D-4ECB-BF15-12828CB40110}.Debug|iPhoneSimulator.Build.0 = Debug|Any CPU
		{4564453B-2B3D-4ECB-BF15-12828CB40110}.Debug|iPhoneSimulator.Deploy.0 = Debug|Any CPU
		{4564453B-2B3D-4ECB-BF15-12828CB40110}.Debug|x64.ActiveCfg = Debug|Any CPU
		{4564453B-2B3D-4ECB-BF15-12828CB40110}.Debug|x64.Build.0 = Debug|Any CPU
		{4564453B-2B3D-4ECB-BF15-12828CB40110}.Debug|x64.Deploy.0 = Debug|Any CPU
		{4564453B-2B3D-4ECB-BF15-12828CB40110}.Debug|x86.ActiveCfg = Debug|Any CPU
		{4564453B-2B3D-4ECB-BF15-12828CB40110}.Debug|x86.Build.0 = Debug|Any CPU
		{4564453B-2B3D-4ECB-BF15-12828CB40110}.Debug|x86.Deploy.0 = Debug|Any CPU
		{4564453B-2B3D-4ECB-BF15-12828CB40110}.Release|Any CPU.ActiveCfg = Release|Any CPU
		{4564453B-2B3D-4ECB-BF15-12828CB40110}.Release|Any CPU.Build.0 = Release|Any CPU
		{4564453B-2B3D-4ECB-BF15-12828CB40110}.Release|Any CPU.Deploy.0 = Release|Any CPU
		{4564453B-2B3D-4ECB-BF15-12828CB40110}.Release|ARM.ActiveCfg = Release|Any CPU
		{4564453B-2B3D-4ECB-BF15-12828CB40110}.Release|ARM.Build.0 = Release|Any CPU
		{4564453B-2B3D-4ECB-BF15-12828CB40110}.Release|ARM.Deploy.0 = Release|Any CPU
		{4564453B-2B3D-4ECB-BF15-12828CB40110}.Release|iPhone.ActiveCfg = Release|Any CPU
		{4564453B-2B3D-4ECB-BF15-12828CB40110}.Release|iPhone.Build.0 = Release|Any CPU
		{4564453B-2B3D-4ECB-BF15-12828CB40110}.Release|iPhone.Deploy.0 = Release|Any CPU
		{4564453B-2B3D-4ECB-BF15-12828CB40110}.Release|iPhoneSimulator.ActiveCfg = Release|Any CPU
		{4564453B-2B3D-4ECB-BF15-12828CB40110}.Release|iPhoneSimulator.Build.0 = Release|Any CPU
		{4564453B-2B3D-4ECB-BF15-12828CB40110}.Release|iPhoneSimulator.Deploy.0 = Release|Any CPU
		{4564453B-2B3D-4ECB-BF15-12828CB40110}.Release|x64.ActiveCfg = Release|Any CPU
		{4564453B-2B3D-4ECB-BF15-12828CB40110}.Release|x64.Build.0 = Release|Any CPU
		{4564453B-2B3D-4ECB-BF15-12828CB40110}.Release|x64.Deploy.0 = Release|Any CPU
		{4564453B-2B3D-4ECB-BF15-12828CB40110}.Release|x86.ActiveCfg = Release|Any CPU
		{4564453B-2B3D-4ECB-BF15-12828CB40110}.Release|x86.Build.0 = Release|Any CPU
		{4564453B-2B3D-4ECB-BF15-12828CB40110}.Release|x86.Deploy.0 = Release|Any CPU
	EndGlobalSection
	GlobalSection(SolutionProperties) = preSolution
		HideSolutionNode = FALSE
	EndGlobalSection
	GlobalSection(ExtensibilityGlobals) = postSolution
		SolutionGuid = {1F3E6DBA-0BBD-4D61-8793-DF53D59FEE19}
	EndGlobalSection
EndGlobal
