
Microsoft Visual Studio Solution File, Format Version 12.00
# Visual Studio 15
VisualStudioVersion = 15.0.26430.12
MinimumVisualStudioVersion = 10.0.40219.1
Project("{FAE04EC0-301F-11D3-BF4B-00C04F79EFBC}") = "GreatQuotes", "GreatQuotes\GreatQuotes\GreatQuotes.csproj", "{212635C8-EB4C-4171-8CBD-8926DF122475}"
EndProject
Project("{FAE04EC0-301F-11D3-BF4B-00C04F79EFBC}") = "GreatQuotes.iOS", "GreatQuotes\GreatQuotes.iOS\GreatQuotes.iOS.csproj", "{030F0FF2-A92B-4722-8178-47A9A7323A30}"
EndProject
Project("{FAE04EC0-301F-11D3-BF4B-00C04F79EFBC}") = "GreatQuotes.Droid", "GreatQuotes\GreatQuotes.Droid\GreatQuotes.Droid.csproj", "{B563495E-632E-4440-99DD-550889A3E0DC}"
EndProject
Project("{D954291E-2A0B-460D-934E-DC6B0785DB48}") = "GreatQuotes.Data", "GreatQuotes\GreatQuotes.Data\GreatQuotes.Data.shproj", "{C654A0E8-FA00-4C77-BF51-46E3E14F57A7}"
EndProject
Project("{FAE04EC0-301F-11D3-BF4B-00C04F79EFBC}") = "GreatQuotes.UWP", "GreatQuotes\GreatQuotes.UWP\GreatQuotes.UWP.csproj", "{FAB6835D-8371-4162-AAC4-5400AB253135}"
EndProject
Project("{FAE04EC0-301F-11D3-BF4B-00C04F79EFBC}") = "GreatQuotes.UnitTests", "GreatQuotes.UnitTests\GreatQuotes.UnitTests.csproj", "{5879C3CD-3023-4A1E-954F-F4CFFE519371}"
EndProject
Global
	GlobalSection(SharedMSBuildProjectFiles) = preSolution
		GreatQuotes\GreatQuotes.Data\GreatQuotes.Data.projitems*{030f0ff2-a92b-4722-8178-47a9a7323a30}*SharedItemsImports = 4
		GreatQuotes\GreatQuotes.Data\GreatQuotes.Data.projitems*{b563495e-632e-4440-99dd-550889a3e0dc}*SharedItemsImports = 4
		GreatQuotes\GreatQuotes.Data\GreatQuotes.Data.projitems*{c654a0e8-fa00-4c77-bf51-46e3e14f57a7}*SharedItemsImports = 13
		GreatQuotes\GreatQuotes.Data\GreatQuotes.Data.projitems*{fab6835d-8371-4162-aac4-5400ab253135}*SharedItemsImports = 4
	EndGlobalSection
	GlobalSection(SolutionConfigurationPlatforms) = preSolution
		Ad-Hoc|Any CPU = Ad-Hoc|Any CPU
		Ad-Hoc|ARM = Ad-Hoc|ARM
		Ad-Hoc|iPhone = Ad-Hoc|iPhone
		Ad-Hoc|iPhoneSimulator = Ad-Hoc|iPhoneSimulator
		Ad-Hoc|x86 = Ad-Hoc|x86
		AppStore|Any CPU = AppStore|Any CPU
		AppStore|ARM = AppStore|ARM
		AppStore|iPhone = AppStore|iPhone
		AppStore|iPhoneSimulator = AppStore|iPhoneSimulator
		AppStore|x86 = AppStore|x86
		Debug|Any CPU = Debug|Any CPU
		Debug|ARM = Debug|ARM
		Debug|iPhone = Debug|iPhone
		Debug|iPhoneSimulator = Debug|iPhoneSimulator
		Debug|x86 = Debug|x86
		Release|Any CPU = Release|Any CPU
		Release|ARM = Release|ARM
		Release|iPhone = Release|iPhone
		Release|iPhoneSimulator = Release|iPhoneSimulator
		Release|x86 = Release|x86
	EndGlobalSection
	GlobalSection(ProjectConfigurationPlatforms) = postSolution
		{212635C8-EB4C-4171-8CBD-8926DF122475}.Ad-Hoc|Any CPU.ActiveCfg = Release|Any CPU
		{212635C8-EB4C-4171-8CBD-8926DF122475}.Ad-Hoc|Any CPU.Build.0 = Release|Any CPU
		{212635C8-EB4C-4171-8CBD-8926DF122475}.Ad-Hoc|ARM.ActiveCfg = Release|Any CPU
		{212635C8-EB4C-4171-8CBD-8926DF122475}.Ad-Hoc|ARM.Build.0 = Release|Any CPU
		{212635C8-EB4C-4171-8CBD-8926DF122475}.Ad-Hoc|iPhone.ActiveCfg = Release|Any CPU
		{212635C8-EB4C-4171-8CBD-8926DF122475}.Ad-Hoc|iPhone.Build.0 = Release|Any CPU
		{212635C8-EB4C-4171-8CBD-8926DF122475}.Ad-Hoc|iPhoneSimulator.ActiveCfg = Release|Any CPU
		{212635C8-EB4C-4171-8CBD-8926DF122475}.Ad-Hoc|iPhoneSimulator.Build.0 = Release|Any CPU
		{212635C8-EB4C-4171-8CBD-8926DF122475}.Ad-Hoc|x86.ActiveCfg = Release|Any CPU
		{212635C8-EB4C-4171-8CBD-8926DF122475}.Ad-Hoc|x86.Build.0 = Release|Any CPU
		{212635C8-EB4C-4171-8CBD-8926DF122475}.AppStore|Any CPU.ActiveCfg = Release|Any CPU
		{212635C8-EB4C-4171-8CBD-8926DF122475}.AppStore|Any CPU.Build.0 = Release|Any CPU
		{212635C8-EB4C-4171-8CBD-8926DF122475}.AppStore|ARM.ActiveCfg = Release|Any CPU
		{212635C8-EB4C-4171-8CBD-8926DF122475}.AppStore|ARM.Build.0 = Release|Any CPU
		{212635C8-EB4C-4171-8CBD-8926DF122475}.AppStore|iPhone.ActiveCfg = Release|Any CPU
		{212635C8-EB4C-4171-8CBD-8926DF122475}.AppStore|iPhone.Build.0 = Release|Any CPU
		{212635C8-EB4C-4171-8CBD-8926DF122475}.AppStore|iPhoneSimulator.ActiveCfg = Release|Any CPU
		{212635C8-EB4C-4171-8CBD-8926DF122475}.AppStore|iPhoneSimulator.Build.0 = Release|Any CPU
		{212635C8-EB4C-4171-8CBD-8926DF122475}.AppStore|x86.ActiveCfg = Release|Any CPU
		{212635C8-EB4C-4171-8CBD-8926DF122475}.AppStore|x86.Build.0 = Release|Any CPU
		{212635C8-EB4C-4171-8CBD-8926DF122475}.Debug|Any CPU.ActiveCfg = Debug|Any CPU
		{212635C8-EB4C-4171-8CBD-8926DF122475}.Debug|Any CPU.Build.0 = Debug|Any CPU
		{212635C8-EB4C-4171-8CBD-8926DF122475}.Debug|ARM.ActiveCfg = Debug|Any CPU
		{212635C8-EB4C-4171-8CBD-8926DF122475}.Debug|ARM.Build.0 = Debug|Any CPU
		{212635C8-EB4C-4171-8CBD-8926DF122475}.Debug|iPhone.ActiveCfg = Debug|Any CPU
		{212635C8-EB4C-4171-8CBD-8926DF122475}.Debug|iPhone.Build.0 = Debug|Any CPU
		{212635C8-EB4C-4171-8CBD-8926DF122475}.Debug|iPhoneSimulator.ActiveCfg = Debug|Any CPU
		{212635C8-EB4C-4171-8CBD-8926DF122475}.Debug|iPhoneSimulator.Build.0 = Debug|Any CPU
		{212635C8-EB4C-4171-8CBD-8926DF122475}.Debug|x86.ActiveCfg = Debug|Any CPU
		{212635C8-EB4C-4171-8CBD-8926DF122475}.Debug|x86.Build.0 = Debug|Any CPU
		{212635C8-EB4C-4171-8CBD-8926DF122475}.Release|Any CPU.ActiveCfg = Release|Any CPU
		{212635C8-EB4C-4171-8CBD-8926DF122475}.Release|Any CPU.Build.0 = Release|Any CPU
		{212635C8-EB4C-4171-8CBD-8926DF122475}.Release|ARM.ActiveCfg = Release|Any CPU
		{212635C8-EB4C-4171-8CBD-8926DF122475}.Release|ARM.Build.0 = Release|Any CPU
		{212635C8-EB4C-4171-8CBD-8926DF122475}.Release|iPhone.ActiveCfg = Release|Any CPU
		{212635C8-EB4C-4171-8CBD-8926DF122475}.Release|iPhone.Build.0 = Release|Any CPU
		{212635C8-EB4C-4171-8CBD-8926DF122475}.Release|iPhoneSimulator.ActiveCfg = Release|Any CPU
		{212635C8-EB4C-4171-8CBD-8926DF122475}.Release|iPhoneSimulator.Build.0 = Release|Any CPU
		{212635C8-EB4C-4171-8CBD-8926DF122475}.Release|x86.ActiveCfg = Release|Any CPU
		{212635C8-EB4C-4171-8CBD-8926DF122475}.Release|x86.Build.0 = Release|Any CPU
		{030F0FF2-A92B-4722-8178-47A9A7323A30}.Ad-Hoc|Any CPU.ActiveCfg = Ad-Hoc|iPhone
		{030F0FF2-A92B-4722-8178-47A9A7323A30}.Ad-Hoc|Any CPU.Build.0 = Ad-Hoc|iPhone
		{030F0FF2-A92B-4722-8178-47A9A7323A30}.Ad-Hoc|ARM.ActiveCfg = Ad-Hoc|iPhone
		{030F0FF2-A92B-4722-8178-47A9A7323A30}.Ad-Hoc|iPhone.ActiveCfg = Ad-Hoc|iPhone
		{030F0FF2-A92B-4722-8178-47A9A7323A30}.Ad-Hoc|iPhone.Build.0 = Ad-Hoc|iPhone
		{030F0FF2-A92B-4722-8178-47A9A7323A30}.Ad-Hoc|iPhoneSimulator.ActiveCfg = Ad-Hoc|iPhoneSimulator
		{030F0FF2-A92B-4722-8178-47A9A7323A30}.Ad-Hoc|iPhoneSimulator.Build.0 = Ad-Hoc|iPhoneSimulator
		{030F0FF2-A92B-4722-8178-47A9A7323A30}.Ad-Hoc|x86.ActiveCfg = Ad-Hoc|iPhone
		{030F0FF2-A92B-4722-8178-47A9A7323A30}.AppStore|Any CPU.ActiveCfg = AppStore|iPhone
		{030F0FF2-A92B-4722-8178-47A9A7323A30}.AppStore|Any CPU.Build.0 = AppStore|iPhone
		{030F0FF2-A92B-4722-8178-47A9A7323A30}.AppStore|ARM.ActiveCfg = AppStore|iPhone
		{030F0FF2-A92B-4722-8178-47A9A7323A30}.AppStore|iPhone.ActiveCfg = AppStore|iPhone
		{030F0FF2-A92B-4722-8178-47A9A7323A30}.AppStore|iPhone.Build.0 = AppStore|iPhone
		{030F0FF2-A92B-4722-8178-47A9A7323A30}.AppStore|iPhoneSimulator.ActiveCfg = AppStore|iPhoneSimulator
		{030F0FF2-A92B-4722-8178-47A9A7323A30}.AppStore|iPhoneSimulator.Build.0 = AppStore|iPhoneSimulator
		{030F0FF2-A92B-4722-8178-47A9A7323A30}.AppStore|x86.ActiveCfg = AppStore|iPhone
		{030F0FF2-A92B-4722-8178-47A9A7323A30}.Debug|Any CPU.ActiveCfg = Debug|iPhoneSimulator
		{030F0FF2-A92B-4722-8178-47A9A7323A30}.Debug|Any CPU.Build.0 = Debug|iPhoneSimulator
		{030F0FF2-A92B-4722-8178-47A9A7323A30}.Debug|ARM.ActiveCfg = Debug|iPhone
		{030F0FF2-A92B-4722-8178-47A9A7323A30}.Debug|iPhone.ActiveCfg = Debug|iPhone
		{030F0FF2-A92B-4722-8178-47A9A7323A30}.Debug|iPhone.Build.0 = Debug|iPhone
		{030F0FF2-A92B-4722-8178-47A9A7323A30}.Debug|iPhoneSimulator.ActiveCfg = Debug|iPhoneSimulator
		{030F0FF2-A92B-4722-8178-47A9A7323A30}.Debug|iPhoneSimulator.Build.0 = Debug|iPhoneSimulator
		{030F0FF2-A92B-4722-8178-47A9A7323A30}.Debug|x86.ActiveCfg = Debug|iPhone
		{030F0FF2-A92B-4722-8178-47A9A7323A30}.Release|Any CPU.ActiveCfg = Release|iPhone
		{030F0FF2-A92B-4722-8178-47A9A7323A30}.Release|Any CPU.Build.0 = Release|iPhone
		{030F0FF2-A92B-4722-8178-47A9A7323A30}.Release|ARM.ActiveCfg = Release|iPhone
		{030F0FF2-A92B-4722-8178-47A9A7323A30}.Release|iPhone.ActiveCfg = Release|iPhone
		{030F0FF2-A92B-4722-8178-47A9A7323A30}.Release|iPhone.Build.0 = Release|iPhone
		{030F0FF2-A92B-4722-8178-47A9A7323A30}.Release|iPhoneSimulator.ActiveCfg = Release|iPhoneSimulator
		{030F0FF2-A92B-4722-8178-47A9A7323A30}.Release|iPhoneSimulator.Build.0 = Release|iPhoneSimulator
		{030F0FF2-A92B-4722-8178-47A9A7323A30}.Release|x86.ActiveCfg = Release|iPhone
		{B563495E-632E-4440-99DD-550889A3E0DC}.Ad-Hoc|Any CPU.ActiveCfg = Release|Any CPU
		{B563495E-632E-4440-99DD-550889A3E0DC}.Ad-Hoc|Any CPU.Build.0 = Release|Any CPU
		{B563495E-632E-4440-99DD-550889A3E0DC}.Ad-Hoc|Any CPU.Deploy.0 = Release|Any CPU
		{B563495E-632E-4440-99DD-550889A3E0DC}.Ad-Hoc|ARM.ActiveCfg = Release|Any CPU
		{B563495E-632E-4440-99DD-550889A3E0DC}.Ad-Hoc|ARM.Build.0 = Release|Any CPU
		{B563495E-632E-4440-99DD-550889A3E0DC}.Ad-Hoc|ARM.Deploy.0 = Release|Any CPU
		{B563495E-632E-4440-99DD-550889A3E0DC}.Ad-Hoc|iPhone.ActiveCfg = Release|Any CPU
		{B563495E-632E-4440-99DD-550889A3E0DC}.Ad-Hoc|iPhone.Build.0 = Release|Any CPU
		{B563495E-632E-4440-99DD-550889A3E0DC}.Ad-Hoc|iPhone.Deploy.0 = Release|Any CPU
		{B563495E-632E-4440-99DD-550889A3E0DC}.Ad-Hoc|iPhoneSimulator.ActiveCfg = Release|Any CPU
		{B563495E-632E-4440-99DD-550889A3E0DC}.Ad-Hoc|iPhoneSimulator.Build.0 = Release|Any CPU
		{B563495E-632E-4440-99DD-550889A3E0DC}.Ad-Hoc|iPhoneSimulator.Deploy.0 = Release|Any CPU
		{B563495E-632E-4440-99DD-550889A3E0DC}.Ad-Hoc|x86.ActiveCfg = Release|Any CPU
		{B563495E-632E-4440-99DD-550889A3E0DC}.Ad-Hoc|x86.Build.0 = Release|Any CPU
		{B563495E-632E-4440-99DD-550889A3E0DC}.Ad-Hoc|x86.Deploy.0 = Release|Any CPU
		{B563495E-632E-4440-99DD-550889A3E0DC}.AppStore|Any CPU.ActiveCfg = Release|Any CPU
		{B563495E-632E-4440-99DD-550889A3E0DC}.AppStore|Any CPU.Build.0 = Release|Any CPU
		{B563495E-632E-4440-99DD-550889A3E0DC}.AppStore|Any CPU.Deploy.0 = Release|Any CPU
		{B563495E-632E-4440-99DD-550889A3E0DC}.AppStore|ARM.ActiveCfg = Release|Any CPU
		{B563495E-632E-4440-99DD-550889A3E0DC}.AppStore|ARM.Build.0 = Release|Any CPU
		{B563495E-632E-4440-99DD-550889A3E0DC}.AppStore|ARM.Deploy.0 = Release|Any CPU
		{B563495E-632E-4440-99DD-550889A3E0DC}.AppStore|iPhone.ActiveCfg = Release|Any CPU
		{B563495E-632E-4440-99DD-550889A3E0DC}.AppStore|iPhone.Build.0 = Release|Any CPU
		{B563495E-632E-4440-99DD-550889A3E0DC}.AppStore|iPhone.Deploy.0 = Release|Any CPU
		{B563495E-632E-4440-99DD-550889A3E0DC}.AppStore|iPhoneSimulator.ActiveCfg = Release|Any CPU
		{B563495E-632E-4440-99DD-550889A3E0DC}.AppStore|iPhoneSimulator.Build.0 = Release|Any CPU
		{B563495E-632E-4440-99DD-550889A3E0DC}.AppStore|iPhoneSimulator.Deploy.0 = Release|Any CPU
		{B563495E-632E-4440-99DD-550889A3E0DC}.AppStore|x86.ActiveCfg = Release|Any CPU
		{B563495E-632E-4440-99DD-550889A3E0DC}.AppStore|x86.Build.0 = Release|Any CPU
		{B563495E-632E-4440-99DD-550889A3E0DC}.AppStore|x86.Deploy.0 = Release|Any CPU
		{B563495E-632E-4440-99DD-550889A3E0DC}.Debug|Any CPU.ActiveCfg = Debug|Any CPU
		{B563495E-632E-4440-99DD-550889A3E0DC}.Debug|Any CPU.Build.0 = Debug|Any CPU
		{B563495E-632E-4440-99DD-550889A3E0DC}.Debug|Any CPU.Deploy.0 = Debug|Any CPU
		{B563495E-632E-4440-99DD-550889A3E0DC}.Debug|ARM.ActiveCfg = Debug|Any CPU
		{B563495E-632E-4440-99DD-550889A3E0DC}.Debug|ARM.Build.0 = Debug|Any CPU
		{B563495E-632E-4440-99DD-550889A3E0DC}.Debug|ARM.Deploy.0 = Debug|Any CPU
		{B563495E-632E-4440-99DD-550889A3E0DC}.Debug|iPhone.ActiveCfg = Debug|Any CPU
		{B563495E-632E-4440-99DD-550889A3E0DC}.Debug|iPhone.Build.0 = Debug|Any CPU
		{B563495E-632E-4440-99DD-550889A3E0DC}.Debug|iPhone.Deploy.0 = Debug|Any CPU
		{B563495E-632E-4440-99DD-550889A3E0DC}.Debug|iPhoneSimulator.ActiveCfg = Debug|Any CPU
		{B563495E-632E-4440-99DD-550889A3E0DC}.Debug|iPhoneSimulator.Build.0 = Debug|Any CPU
		{B563495E-632E-4440-99DD-550889A3E0DC}.Debug|iPhoneSimulator.Deploy.0 = Debug|Any CPU
		{B563495E-632E-4440-99DD-550889A3E0DC}.Debug|x86.ActiveCfg = Debug|Any CPU
		{B563495E-632E-4440-99DD-550889A3E0DC}.Debug|x86.Build.0 = Debug|Any CPU
		{B563495E-632E-4440-99DD-550889A3E0DC}.Debug|x86.Deploy.0 = Debug|Any CPU
		{B563495E-632E-4440-99DD-550889A3E0DC}.Release|Any CPU.ActiveCfg = Release|Any CPU
		{B563495E-632E-4440-99DD-550889A3E0DC}.Release|Any CPU.Build.0 = Release|Any CPU
		{B563495E-632E-4440-99DD-550889A3E0DC}.Release|Any CPU.Deploy.0 = Release|Any CPU
		{B563495E-632E-4440-99DD-550889A3E0DC}.Release|ARM.ActiveCfg = Release|Any CPU
		{B563495E-632E-4440-99DD-550889A3E0DC}.Release|ARM.Build.0 = Release|Any CPU
		{B563495E-632E-4440-99DD-550889A3E0DC}.Release|ARM.Deploy.0 = Release|Any CPU
		{B563495E-632E-4440-99DD-550889A3E0DC}.Release|iPhone.ActiveCfg = Release|Any CPU
		{B563495E-632E-4440-99DD-550889A3E0DC}.Release|iPhone.Build.0 = Release|Any CPU
		{B563495E-632E-4440-99DD-550889A3E0DC}.Release|iPhone.Deploy.0 = Release|Any CPU
		{B563495E-632E-4440-99DD-550889A3E0DC}.Release|iPhoneSimulator.ActiveCfg = Release|Any CPU
		{B563495E-632E-4440-99DD-550889A3E0DC}.Release|iPhoneSimulator.Build.0 = Release|Any CPU
		{B563495E-632E-4440-99DD-550889A3E0DC}.Release|iPhoneSimulator.Deploy.0 = Release|Any CPU
		{B563495E-632E-4440-99DD-550889A3E0DC}.Release|x86.ActiveCfg = Release|Any CPU
		{B563495E-632E-4440-99DD-550889A3E0DC}.Release|x86.Build.0 = Release|Any CPU
		{B563495E-632E-4440-99DD-550889A3E0DC}.Release|x86.Deploy.0 = Release|Any CPU
		{FAB6835D-8371-4162-AAC4-5400AB253135}.Ad-Hoc|Any CPU.ActiveCfg = Release|x86
		{FAB6835D-8371-4162-AAC4-5400AB253135}.Ad-Hoc|Any CPU.Build.0 = Release|x86
		{FAB6835D-8371-4162-AAC4-5400AB253135}.Ad-Hoc|Any CPU.Deploy.0 = Release|x86
		{FAB6835D-8371-4162-AAC4-5400AB253135}.Ad-Hoc|ARM.ActiveCfg = Release|ARM
		{FAB6835D-8371-4162-AAC4-5400AB253135}.Ad-Hoc|ARM.Build.0 = Release|ARM
		{FAB6835D-8371-4162-AAC4-5400AB253135}.Ad-Hoc|ARM.Deploy.0 = Release|ARM
		{FAB6835D-8371-4162-AAC4-5400AB253135}.Ad-Hoc|iPhone.ActiveCfg = Release|x86
		{FAB6835D-8371-4162-AAC4-5400AB253135}.Ad-Hoc|iPhone.Build.0 = Release|x86
		{FAB6835D-8371-4162-AAC4-5400AB253135}.Ad-Hoc|iPhone.Deploy.0 = Release|x86
		{FAB6835D-8371-4162-AAC4-5400AB253135}.Ad-Hoc|iPhoneSimulator.ActiveCfg = Release|x86
		{FAB6835D-8371-4162-AAC4-5400AB253135}.Ad-Hoc|iPhoneSimulator.Build.0 = Release|x86
		{FAB6835D-8371-4162-AAC4-5400AB253135}.Ad-Hoc|iPhoneSimulator.Deploy.0 = Release|x86
		{FAB6835D-8371-4162-AAC4-5400AB253135}.Ad-Hoc|x86.ActiveCfg = Release|x86
		{FAB6835D-8371-4162-AAC4-5400AB253135}.Ad-Hoc|x86.Build.0 = Release|x86
		{FAB6835D-8371-4162-AAC4-5400AB253135}.Ad-Hoc|x86.Deploy.0 = Release|x86
		{FAB6835D-8371-4162-AAC4-5400AB253135}.AppStore|Any CPU.ActiveCfg = Release|x86
		{FAB6835D-8371-4162-AAC4-5400AB253135}.AppStore|Any CPU.Build.0 = Release|x86
		{FAB6835D-8371-4162-AAC4-5400AB253135}.AppStore|Any CPU.Deploy.0 = Release|x86
		{FAB6835D-8371-4162-AAC4-5400AB253135}.AppStore|ARM.ActiveCfg = Release|ARM
		{FAB6835D-8371-4162-AAC4-5400AB253135}.AppStore|ARM.Build.0 = Release|ARM
		{FAB6835D-8371-4162-AAC4-5400AB253135}.AppStore|ARM.Deploy.0 = Release|ARM
		{FAB6835D-8371-4162-AAC4-5400AB253135}.AppStore|iPhone.ActiveCfg = Release|x86
		{FAB6835D-8371-4162-AAC4-5400AB253135}.AppStore|iPhone.Build.0 = Release|x86
		{FAB6835D-8371-4162-AAC4-5400AB253135}.AppStore|iPhone.Deploy.0 = Release|x86
		{FAB6835D-8371-4162-AAC4-5400AB253135}.AppStore|iPhoneSimulator.ActiveCfg = Release|x86
		{FAB6835D-8371-4162-AAC4-5400AB253135}.AppStore|iPhoneSimulator.Build.0 = Release|x86
		{FAB6835D-8371-4162-AAC4-5400AB253135}.AppStore|iPhoneSimulator.Deploy.0 = Release|x86
		{FAB6835D-8371-4162-AAC4-5400AB253135}.AppStore|x86.ActiveCfg = Release|x86
		{FAB6835D-8371-4162-AAC4-5400AB253135}.AppStore|x86.Build.0 = Release|x86
		{FAB6835D-8371-4162-AAC4-5400AB253135}.AppStore|x86.Deploy.0 = Release|x86
		{FAB6835D-8371-4162-AAC4-5400AB253135}.Debug|Any CPU.ActiveCfg = Debug|x86
		{FAB6835D-8371-4162-AAC4-5400AB253135}.Debug|Any CPU.Build.0 = Debug|x86
		{FAB6835D-8371-4162-AAC4-5400AB253135}.Debug|Any CPU.Deploy.0 = Debug|x86
		{FAB6835D-8371-4162-AAC4-5400AB253135}.Debug|ARM.ActiveCfg = Debug|ARM
		{FAB6835D-8371-4162-AAC4-5400AB253135}.Debug|ARM.Build.0 = Debug|ARM
		{FAB6835D-8371-4162-AAC4-5400AB253135}.Debug|ARM.Deploy.0 = Debug|ARM
		{FAB6835D-8371-4162-AAC4-5400AB253135}.Debug|iPhone.ActiveCfg = Debug|x86
		{FAB6835D-8371-4162-AAC4-5400AB253135}.Debug|iPhone.Build.0 = Debug|x86
		{FAB6835D-8371-4162-AAC4-5400AB253135}.Debug|iPhone.Deploy.0 = Debug|x86
		{FAB6835D-8371-4162-AAC4-5400AB253135}.Debug|iPhoneSimulator.ActiveCfg = Debug|x86
		{FAB6835D-8371-4162-AAC4-5400AB253135}.Debug|iPhoneSimulator.Build.0 = Debug|x86
		{FAB6835D-8371-4162-AAC4-5400AB253135}.Debug|iPhoneSimulator.Deploy.0 = Debug|x86
		{FAB6835D-8371-4162-AAC4-5400AB253135}.Debug|x86.ActiveCfg = Debug|x86
		{FAB6835D-8371-4162-AAC4-5400AB253135}.Debug|x86.Build.0 = Debug|x86
		{FAB6835D-8371-4162-AAC4-5400AB253135}.Debug|x86.Deploy.0 = Debug|x86
		{FAB6835D-8371-4162-AAC4-5400AB253135}.Release|Any CPU.ActiveCfg = Release|x86
		{FAB6835D-8371-4162-AAC4-5400AB253135}.Release|Any CPU.Build.0 = Release|x86
		{FAB6835D-8371-4162-AAC4-5400AB253135}.Release|Any CPU.Deploy.0 = Release|x86
		{FAB6835D-8371-4162-AAC4-5400AB253135}.Release|ARM.ActiveCfg = Release|ARM
		{FAB6835D-8371-4162-AAC4-5400AB253135}.Release|ARM.Build.0 = Release|ARM
		{FAB6835D-8371-4162-AAC4-5400AB253135}.Release|ARM.Deploy.0 = Release|ARM
		{FAB6835D-8371-4162-AAC4-5400AB253135}.Release|iPhone.ActiveCfg = Release|x86
		{FAB6835D-8371-4162-AAC4-5400AB253135}.Release|iPhone.Build.0 = Release|x86
		{FAB6835D-8371-4162-AAC4-5400AB253135}.Release|iPhone.Deploy.0 = Release|x86
		{FAB6835D-8371-4162-AAC4-5400AB253135}.Release|iPhoneSimulator.ActiveCfg = Release|x86
		{FAB6835D-8371-4162-AAC4-5400AB253135}.Release|iPhoneSimulator.Build.0 = Release|x86
		{FAB6835D-8371-4162-AAC4-5400AB253135}.Release|iPhoneSimulator.Deploy.0 = Release|x86
		{FAB6835D-8371-4162-AAC4-5400AB253135}.Release|x86.ActiveCfg = Release|x86
		{FAB6835D-8371-4162-AAC4-5400AB253135}.Release|x86.Build.0 = Release|x86
		{FAB6835D-8371-4162-AAC4-5400AB253135}.Release|x86.Deploy.0 = Release|x86
		{5879C3CD-3023-4A1E-954F-F4CFFE519371}.Ad-Hoc|Any CPU.ActiveCfg = Release|Any CPU
		{5879C3CD-3023-4A1E-954F-F4CFFE519371}.Ad-Hoc|Any CPU.Build.0 = Release|Any CPU
		{5879C3CD-3023-4A1E-954F-F4CFFE519371}.Ad-Hoc|ARM.ActiveCfg = Release|Any CPU
		{5879C3CD-3023-4A1E-954F-F4CFFE519371}.Ad-Hoc|ARM.Build.0 = Release|Any CPU
		{5879C3CD-3023-4A1E-954F-F4CFFE519371}.Ad-Hoc|iPhone.ActiveCfg = Release|Any CPU
		{5879C3CD-3023-4A1E-954F-F4CFFE519371}.Ad-Hoc|iPhone.Build.0 = Release|Any CPU
		{5879C3CD-3023-4A1E-954F-F4CFFE519371}.Ad-Hoc|iPhoneSimulator.ActiveCfg = Release|Any CPU
		{5879C3CD-3023-4A1E-954F-F4CFFE519371}.Ad-Hoc|iPhoneSimulator.Build.0 = Release|Any CPU
		{5879C3CD-3023-4A1E-954F-F4CFFE519371}.Ad-Hoc|x86.ActiveCfg = Release|Any CPU
		{5879C3CD-3023-4A1E-954F-F4CFFE519371}.Ad-Hoc|x86.Build.0 = Release|Any CPU
		{5879C3CD-3023-4A1E-954F-F4CFFE519371}.AppStore|Any CPU.ActiveCfg = Release|Any CPU
		{5879C3CD-3023-4A1E-954F-F4CFFE519371}.AppStore|Any CPU.Build.0 = Release|Any CPU
		{5879C3CD-3023-4A1E-954F-F4CFFE519371}.AppStore|ARM.ActiveCfg = Release|Any CPU
		{5879C3CD-3023-4A1E-954F-F4CFFE519371}.AppStore|ARM.Build.0 = Release|Any CPU
		{5879C3CD-3023-4A1E-954F-F4CFFE519371}.AppStore|iPhone.ActiveCfg = Release|Any CPU
		{5879C3CD-3023-4A1E-954F-F4CFFE519371}.AppStore|iPhone.Build.0 = Release|Any CPU
		{5879C3CD-3023-4A1E-954F-F4CFFE519371}.AppStore|iPhoneSimulator.ActiveCfg = Release|Any CPU
		{5879C3CD-3023-4A1E-954F-F4CFFE519371}.AppStore|iPhoneSimulator.Build.0 = Release|Any CPU
		{5879C3CD-3023-4A1E-954F-F4CFFE519371}.AppStore|x86.ActiveCfg = Release|Any CPU
		{5879C3CD-3023-4A1E-954F-F4CFFE519371}.AppStore|x86.Build.0 = Release|Any CPU
		{5879C3CD-3023-4A1E-954F-F4CFFE519371}.Debug|Any CPU.ActiveCfg = Debug|Any CPU
		{5879C3CD-3023-4A1E-954F-F4CFFE519371}.Debug|Any CPU.Build.0 = Debug|Any CPU
		{5879C3CD-3023-4A1E-954F-F4CFFE519371}.Debug|ARM.ActiveCfg = Debug|Any CPU
		{5879C3CD-3023-4A1E-954F-F4CFFE519371}.Debug|ARM.Build.0 = Debug|Any CPU
		{5879C3CD-3023-4A1E-954F-F4CFFE519371}.Debug|iPhone.ActiveCfg = Debug|Any CPU
		{5879C3CD-3023-4A1E-954F-F4CFFE519371}.Debug|iPhone.Build.0 = Debug|Any CPU
		{5879C3CD-3023-4A1E-954F-F4CFFE519371}.Debug|iPhoneSimulator.ActiveCfg = Debug|Any CPU
		{5879C3CD-3023-4A1E-954F-F4CFFE519371}.Debug|iPhoneSimulator.Build.0 = Debug|Any CPU
		{5879C3CD-3023-4A1E-954F-F4CFFE519371}.Debug|x86.ActiveCfg = Debug|Any CPU
		{5879C3CD-3023-4A1E-954F-F4CFFE519371}.Debug|x86.Build.0 = Debug|Any CPU
		{5879C3CD-3023-4A1E-954F-F4CFFE519371}.Release|Any CPU.ActiveCfg = Release|Any CPU
		{5879C3CD-3023-4A1E-954F-F4CFFE519371}.Release|Any CPU.Build.0 = Release|Any CPU
		{5879C3CD-3023-4A1E-954F-F4CFFE519371}.Release|ARM.ActiveCfg = Release|Any CPU
		{5879C3CD-3023-4A1E-954F-F4CFFE519371}.Release|ARM.Build.0 = Release|Any CPU
		{5879C3CD-3023-4A1E-954F-F4CFFE519371}.Release|iPhone.ActiveCfg = Release|Any CPU
		{5879C3CD-3023-4A1E-954F-F4CFFE519371}.Release|iPhone.Build.0 = Release|Any CPU
		{5879C3CD-3023-4A1E-954F-F4CFFE519371}.Release|iPhoneSimulator.ActiveCfg = Release|Any CPU
		{5879C3CD-3023-4A1E-954F-F4CFFE519371}.Release|iPhoneSimulator.Build.0 = Release|Any CPU
		{5879C3CD-3023-4A1E-954F-F4CFFE519371}.Release|x86.ActiveCfg = Release|Any CPU
		{5879C3CD-3023-4A1E-954F-F4CFFE519371}.Release|x86.Build.0 = Release|Any CPU
	EndGlobalSection
	GlobalSection(SolutionProperties) = preSolution
		HideSolutionNode = FALSE
	EndGlobalSection
EndGlobal
