
Microsoft Visual Studio Solution File, Format Version 12.00
# Visual Studio Version 16
VisualStudioVersion = 16.0.30804.86
MinimumVisualStudioVersion = 10.0.40219.1
Project("{FAE04EC0-301F-11D3-BF4B-00C04F79EFBC}") = "Phoneword.UWP", "Phoneword\Phoneword.UWP\Phoneword.UWP.csproj", "{9A304787-BA89-4E6E-8A29-895C9D3137B9}"
EndProject
Project("{FAE04EC0-301F-11D3-BF4B-00C04F79EFBC}") = "Phoneword.Android", "Phoneword\Phoneword.Android\Phoneword.Android.csproj", "{16911054-82D0-4813-A37B-9E5315ABC42C}"
EndProject
Project("{FAE04EC0-301F-11D3-BF4B-00C04F79EFBC}") = "Phoneword.iOS", "Phoneword\Phoneword.iOS\Phoneword.iOS.csproj", "{4C100B2A-3CC9-40EA-B2F0-224ACE0B31EF}"
EndProject
Project("{FAE04EC0-301F-11D3-BF4B-00C04F79EFBC}") = "Phoneword", "Phoneword\Phoneword\Phoneword.csproj", "{1674C9C6-AB40-486B-B9E3-8D6601E31E7E}"
EndProject
Global
	GlobalSection(SolutionConfigurationPlatforms) = preSolution
		Debug|Any CPU = Debug|Any CPU
		Debug|ARM = Debug|ARM
		Debug|iPhone = Debug|iPhone
		Debug|iPhoneSimulator = Debug|iPhoneSimulator
		Debug|x64 = Debug|x64
		Debug|x86 = Debug|x86
		Release|Any CPU = Release|Any CPU
		Release|ARM = Release|ARM
		Release|iPhone = Release|iPhone
		Release|iPhoneSimulator = Release|iPhoneSimulator
		Release|x64 = Release|x64
		Release|x86 = Release|x86
	EndGlobalSection
	GlobalSection(ProjectConfigurationPlatforms) = postSolution
		{9A304787-BA89-4E6E-8A29-895C9D3137B9}.Debug|Any CPU.ActiveCfg = Debug|x86
		{9A304787-BA89-4E6E-8A29-895C9D3137B9}.Debug|Any CPU.Build.0 = Debug|x86
		{9A304787-BA89-4E6E-8A29-895C9D3137B9}.Debug|Any CPU.Deploy.0 = Debug|x86
		{9A304787-BA89-4E6E-8A29-895C9D3137B9}.Debug|ARM.ActiveCfg = Debug|ARM
		{9A304787-BA89-4E6E-8A29-895C9D3137B9}.Debug|ARM.Build.0 = Debug|ARM
		{9A304787-BA89-4E6E-8A29-895C9D3137B9}.Debug|ARM.Deploy.0 = Debug|ARM
		{9A304787-BA89-4E6E-8A29-895C9D3137B9}.Debug|iPhone.ActiveCfg = Debug|x86
		{9A304787-BA89-4E6E-8A29-895C9D3137B9}.Debug|iPhone.Build.0 = Debug|x86
		{9A304787-BA89-4E6E-8A29-895C9D3137B9}.Debug|iPhone.Deploy.0 = Debug|x86
		{9A304787-BA89-4E6E-8A29-895C9D3137B9}.Debug|iPhoneSimulator.ActiveCfg = Debug|x86
		{9A304787-BA89-4E6E-8A29-895C9D3137B9}.Debug|iPhoneSimulator.Build.0 = Debug|x86
		{9A304787-BA89-4E6E-8A29-895C9D3137B9}.Debug|iPhoneSimulator.Deploy.0 = Debug|x86
		{9A304787-BA89-4E6E-8A29-895C9D3137B9}.Debug|x64.ActiveCfg = Debug|x64
		{9A304787-BA89-4E6E-8A29-895C9D3137B9}.Debug|x64.Build.0 = Debug|x64
		{9A304787-BA89-4E6E-8A29-895C9D3137B9}.Debug|x64.Deploy.0 = Debug|x64
		{9A304787-BA89-4E6E-8A29-895C9D3137B9}.Debug|x86.ActiveCfg = Debug|x86
		{9A304787-BA89-4E6E-8A29-895C9D3137B9}.Debug|x86.Build.0 = Debug|x86
		{9A304787-BA89-4E6E-8A29-895C9D3137B9}.Debug|x86.Deploy.0 = Debug|x86
		{9A304787-BA89-4E6E-8A29-895C9D3137B9}.Release|Any CPU.ActiveCfg = Release|x86
		{9A304787-BA89-4E6E-8A29-895C9D3137B9}.Release|Any CPU.Build.0 = Release|x86
		{9A304787-BA89-4E6E-8A29-895C9D3137B9}.Release|Any CPU.Deploy.0 = Release|x86
		{9A304787-BA89-4E6E-8A29-895C9D3137B9}.Release|ARM.ActiveCfg = Release|ARM
		{9A304787-BA89-4E6E-8A29-895C9D3137B9}.Release|ARM.Build.0 = Release|ARM
		{9A304787-BA89-4E6E-8A29-895C9D3137B9}.Release|ARM.Deploy.0 = Release|ARM
		{9A304787-BA89-4E6E-8A29-895C9D3137B9}.Release|iPhone.ActiveCfg = Release|x86
		{9A304787-BA89-4E6E-8A29-895C9D3137B9}.Release|iPhone.Build.0 = Release|x86
		{9A304787-BA89-4E6E-8A29-895C9D3137B9}.Release|iPhone.Deploy.0 = Release|x86
		{9A304787-BA89-4E6E-8A29-895C9D3137B9}.Release|iPhoneSimulator.ActiveCfg = Release|x86
		{9A304787-BA89-4E6E-8A29-895C9D3137B9}.Release|iPhoneSimulator.Build.0 = Release|x86
		{9A304787-BA89-4E6E-8A29-895C9D3137B9}.Release|iPhoneSimulator.Deploy.0 = Release|x86
		{9A304787-BA89-4E6E-8A29-895C9D3137B9}.Release|x64.ActiveCfg = Release|x64
		{9A304787-BA89-4E6E-8A29-895C9D3137B9}.Release|x64.Build.0 = Release|x64
		{9A304787-BA89-4E6E-8A29-895C9D3137B9}.Release|x64.Deploy.0 = Release|x64
		{9A304787-BA89-4E6E-8A29-895C9D3137B9}.Release|x86.ActiveCfg = Release|x86
		{9A304787-BA89-4E6E-8A29-895C9D3137B9}.Release|x86.Build.0 = Release|x86
		{9A304787-BA89-4E6E-8A29-895C9D3137B9}.Release|x86.Deploy.0 = Release|x86
		{16911054-82D0-4813-A37B-9E5315ABC42C}.Debug|Any CPU.ActiveCfg = Debug|Any CPU
		{16911054-82D0-4813-A37B-9E5315ABC42C}.Debug|Any CPU.Build.0 = Debug|Any CPU
		{16911054-82D0-4813-A37B-9E5315ABC42C}.Debug|Any CPU.Deploy.0 = Debug|Any CPU
		{16911054-82D0-4813-A37B-9E5315ABC42C}.Debug|ARM.ActiveCfg = Debug|Any CPU
		{16911054-82D0-4813-A37B-9E5315ABC42C}.Debug|ARM.Build.0 = Debug|Any CPU
		{16911054-82D0-4813-A37B-9E5315ABC42C}.Debug|ARM.Deploy.0 = Debug|Any CPU
		{16911054-82D0-4813-A37B-9E5315ABC42C}.Debug|iPhone.ActiveCfg = Debug|Any CPU
		{16911054-82D0-4813-A37B-9E5315ABC42C}.Debug|iPhone.Build.0 = Debug|Any CPU
		{16911054-82D0-4813-A37B-9E5315ABC42C}.Debug|iPhone.Deploy.0 = Debug|Any CPU
		{16911054-82D0-4813-A37B-9E5315ABC42C}.Debug|iPhoneSimulator.ActiveCfg = Debug|Any CPU
		{16911054-82D0-4813-A37B-9E5315ABC42C}.Debug|iPhoneSimulator.Build.0 = Debug|Any CPU
		{16911054-82D0-4813-A37B-9E5315ABC42C}.Debug|iPhoneSimulator.Deploy.0 = Debug|Any CPU
		{16911054-82D0-4813-A37B-9E5315ABC42C}.Debug|x64.ActiveCfg = Debug|Any CPU
		{16911054-82D0-4813-A37B-9E5315ABC42C}.Debug|x64.Build.0 = Debug|Any CPU
		{16911054-82D0-4813-A37B-9E5315ABC42C}.Debug|x64.Deploy.0 = Debug|Any CPU
		{16911054-82D0-4813-A37B-9E5315ABC42C}.Debug|x86.ActiveCfg = Debug|Any CPU
		{16911054-82D0-4813-A37B-9E5315ABC42C}.Debug|x86.Build.0 = Debug|Any CPU
		{16911054-82D0-4813-A37B-9E5315ABC42C}.Debug|x86.Deploy.0 = Debug|Any CPU
		{16911054-82D0-4813-A37B-9E5315ABC42C}.Release|Any CPU.ActiveCfg = Release|Any CPU
		{16911054-82D0-4813-A37B-9E5315ABC42C}.Release|Any CPU.Build.0 = Release|Any CPU
		{16911054-82D0-4813-A37B-9E5315ABC42C}.Release|Any CPU.Deploy.0 = Release|Any CPU
		{16911054-82D0-4813-A37B-9E5315ABC42C}.Release|ARM.ActiveCfg = Release|Any CPU
		{16911054-82D0-4813-A37B-9E5315ABC42C}.Release|ARM.Build.0 = Release|Any CPU
		{16911054-82D0-4813-A37B-9E5315ABC42C}.Release|ARM.Deploy.0 = Release|Any CPU
		{16911054-82D0-4813-A37B-9E5315ABC42C}.Release|iPhone.ActiveCfg = Release|Any CPU
		{16911054-82D0-4813-A37B-9E5315ABC42C}.Release|iPhone.Build.0 = Release|Any CPU
		{16911054-82D0-4813-A37B-9E5315ABC42C}.Release|iPhone.Deploy.0 = Release|Any CPU
		{16911054-82D0-4813-A37B-9E5315ABC42C}.Release|iPhoneSimulator.ActiveCfg = Release|Any CPU
		{16911054-82D0-4813-A37B-9E5315ABC42C}.Release|iPhoneSimulator.Build.0 = Release|Any CPU
		{16911054-82D0-4813-A37B-9E5315ABC42C}.Release|iPhoneSimulator.Deploy.0 = Release|Any CPU
		{16911054-82D0-4813-A37B-9E5315ABC42C}.Release|x64.ActiveCfg = Release|Any CPU
		{16911054-82D0-4813-A37B-9E5315ABC42C}.Release|x64.Build.0 = Release|Any CPU
		{16911054-82D0-4813-A37B-9E5315ABC42C}.Release|x64.Deploy.0 = Release|Any CPU
		{16911054-82D0-4813-A37B-9E5315ABC42C}.Release|x86.ActiveCfg = Release|Any CPU
		{16911054-82D0-4813-A37B-9E5315ABC42C}.Release|x86.Build.0 = Release|Any CPU
		{16911054-82D0-4813-A37B-9E5315ABC42C}.Release|x86.Deploy.0 = Release|Any CPU
		{4C100B2A-3CC9-40EA-B2F0-224ACE0B31EF}.Debug|Any CPU.ActiveCfg = Debug|iPhoneSimulator
		{4C100B2A-3CC9-40EA-B2F0-224ACE0B31EF}.Debug|Any CPU.Build.0 = Debug|iPhoneSimulator
		{4C100B2A-3CC9-40EA-B2F0-224ACE0B31EF}.Debug|Any CPU.Deploy.0 = Debug|iPhoneSimulator
		{4C100B2A-3CC9-40EA-B2F0-224ACE0B31EF}.Debug|ARM.ActiveCfg = Debug|iPhone
		{4C100B2A-3CC9-40EA-B2F0-224ACE0B31EF}.Debug|ARM.Build.0 = Debug|iPhone
		{4C100B2A-3CC9-40EA-B2F0-224ACE0B31EF}.Debug|ARM.Deploy.0 = Debug|iPhone
		{4C100B2A-3CC9-40EA-B2F0-224ACE0B31EF}.Debug|iPhone.ActiveCfg = Debug|iPhone
		{4C100B2A-3CC9-40EA-B2F0-224ACE0B31EF}.Debug|iPhone.Build.0 = Debug|iPhone
		{4C100B2A-3CC9-40EA-B2F0-224ACE0B31EF}.Debug|iPhone.Deploy.0 = Debug|iPhone
		{4C100B2A-3CC9-40EA-B2F0-224ACE0B31EF}.Debug|iPhoneSimulator.ActiveCfg = Debug|iPhoneSimulator
		{4C100B2A-3CC9-40EA-B2F0-224ACE0B31EF}.Debug|iPhoneSimulator.Build.0 = Debug|iPhoneSimulator
		{4C100B2A-3CC9-40EA-B2F0-224ACE0B31EF}.Debug|iPhoneSimulator.Deploy.0 = Debug|iPhoneSimulator
		{4C100B2A-3CC9-40EA-B2F0-224ACE0B31EF}.Debug|x64.ActiveCfg = Debug|iPhoneSimulator
		{4C100B2A-3CC9-40EA-B2F0-224ACE0B31EF}.Debug|x64.Build.0 = Debug|iPhoneSimulator
		{4C100B2A-3CC9-40EA-B2F0-224ACE0B31EF}.Debug|x64.Deploy.0 = Debug|iPhoneSimulator
		{4C100B2A-3CC9-40EA-B2F0-224ACE0B31EF}.Debug|x86.ActiveCfg = Debug|iPhoneSimulator
		{4C100B2A-3CC9-40EA-B2F0-224ACE0B31EF}.Debug|x86.Build.0 = Debug|iPhoneSimulator
		{4C100B2A-3CC9-40EA-B2F0-224ACE0B31EF}.Debug|x86.Deploy.0 = Debug|iPhoneSimulator
		{4C100B2A-3CC9-40EA-B2F0-224ACE0B31EF}.Release|Any CPU.ActiveCfg = Release|iPhoneSimulator
		{4C100B2A-3CC9-40EA-B2F0-224ACE0B31EF}.Release|Any CPU.Build.0 = Release|iPhoneSimulator
		{4C100B2A-3CC9-40EA-B2F0-224ACE0B31EF}.Release|Any CPU.Deploy.0 = Release|iPhoneSimulator
		{4C100B2A-3CC9-40EA-B2F0-224ACE0B31EF}.Release|ARM.ActiveCfg = Release|iPhoneSimulator
		{4C100B2A-3CC9-40EA-B2F0-224ACE0B31EF}.Release|ARM.Build.0 = Release|iPhoneSimulator
		{4C100B2A-3CC9-40EA-B2F0-224ACE0B31EF}.Release|ARM.Deploy.0 = Release|iPhoneSimulator
		{4C100B2A-3CC9-40EA-B2F0-224ACE0B31EF}.Release|iPhone.ActiveCfg = Release|iPhone
		{4C100B2A-3CC9-40EA-B2F0-224ACE0B31EF}.Release|iPhone.Build.0 = Release|iPhone
		{4C100B2A-3CC9-40EA-B2F0-224ACE0B31EF}.Release|iPhone.Deploy.0 = Release|iPhone
		{4C100B2A-3CC9-40EA-B2F0-224ACE0B31EF}.Release|iPhoneSimulator.ActiveCfg = Release|iPhoneSimulator
		{4C100B2A-3CC9-40EA-B2F0-224ACE0B31EF}.Release|iPhoneSimulator.Build.0 = Release|iPhoneSimulator
		{4C100B2A-3CC9-40EA-B2F0-224ACE0B31EF}.Release|iPhoneSimulator.Deploy.0 = Release|iPhoneSimulator
		{4C100B2A-3CC9-40EA-B2F0-224ACE0B31EF}.Release|x64.ActiveCfg = Release|iPhoneSimulator
		{4C100B2A-3CC9-40EA-B2F0-224ACE0B31EF}.Release|x64.Build.0 = Release|iPhoneSimulator
		{4C100B2A-3CC9-40EA-B2F0-224ACE0B31EF}.Release|x64.Deploy.0 = Release|iPhoneSimulator
		{4C100B2A-3CC9-40EA-B2F0-224ACE0B31EF}.Release|x86.ActiveCfg = Release|iPhoneSimulator
		{4C100B2A-3CC9-40EA-B2F0-224ACE0B31EF}.Release|x86.Build.0 = Release|iPhoneSimulator
		{4C100B2A-3CC9-40EA-B2F0-224ACE0B31EF}.Release|x86.Deploy.0 = Release|iPhoneSimulator
		{1674C9C6-AB40-486B-B9E3-8D6601E31E7E}.Debug|Any CPU.ActiveCfg = Debug|Any CPU
		{1674C9C6-AB40-486B-B9E3-8D6601E31E7E}.Debug|Any CPU.Build.0 = Debug|Any CPU
		{1674C9C6-AB40-486B-B9E3-8D6601E31E7E}.Debug|Any CPU.Deploy.0 = Debug|Any CPU
		{1674C9C6-AB40-486B-B9E3-8D6601E31E7E}.Debug|ARM.ActiveCfg = Debug|Any CPU
		{1674C9C6-AB40-486B-B9E3-8D6601E31E7E}.Debug|ARM.Build.0 = Debug|Any CPU
		{1674C9C6-AB40-486B-B9E3-8D6601E31E7E}.Debug|ARM.Deploy.0 = Debug|Any CPU
		{1674C9C6-AB40-486B-B9E3-8D6601E31E7E}.Debug|iPhone.ActiveCfg = Debug|Any CPU
		{1674C9C6-AB40-486B-B9E3-8D6601E31E7E}.Debug|iPhone.Build.0 = Debug|Any CPU
		{1674C9C6-AB40-486B-B9E3-8D6601E31E7E}.Debug|iPhone.Deploy.0 = Debug|Any CPU
		{1674C9C6-AB40-486B-B9E3-8D6601E31E7E}.Debug|iPhoneSimulator.ActiveCfg = Debug|Any CPU
		{1674C9C6-AB40-486B-B9E3-8D6601E31E7E}.Debug|iPhoneSimulator.Build.0 = Debug|Any CPU
		{1674C9C6-AB40-486B-B9E3-8D6601E31E7E}.Debug|iPhoneSimulator.Deploy.0 = Debug|Any CPU
		{1674C9C6-AB40-486B-B9E3-8D6601E31E7E}.Debug|x64.ActiveCfg = Debug|Any CPU
		{1674C9C6-AB40-486B-B9E3-8D6601E31E7E}.Debug|x64.Build.0 = Debug|Any CPU
		{1674C9C6-AB40-486B-B9E3-8D6601E31E7E}.Debug|x64.Deploy.0 = Debug|Any CPU
		{1674C9C6-AB40-486B-B9E3-8D6601E31E7E}.Debug|x86.ActiveCfg = Debug|Any CPU
		{1674C9C6-AB40-486B-B9E3-8D6601E31E7E}.Debug|x86.Build.0 = Debug|Any CPU
		{1674C9C6-AB40-486B-B9E3-8D6601E31E7E}.Debug|x86.Deploy.0 = Debug|Any CPU
		{1674C9C6-AB40-486B-B9E3-8D6601E31E7E}.Release|Any CPU.ActiveCfg = Release|Any CPU
		{1674C9C6-AB40-486B-B9E3-8D6601E31E7E}.Release|Any CPU.Build.0 = Release|Any CPU
		{1674C9C6-AB40-486B-B9E3-8D6601E31E7E}.Release|Any CPU.Deploy.0 = Release|Any CPU
		{1674C9C6-AB40-486B-B9E3-8D6601E31E7E}.Release|ARM.ActiveCfg = Release|Any CPU
		{1674C9C6-AB40-486B-B9E3-8D6601E31E7E}.Release|ARM.Build.0 = Release|Any CPU
		{1674C9C6-AB40-486B-B9E3-8D6601E31E7E}.Release|ARM.Deploy.0 = Release|Any CPU
		{1674C9C6-AB40-486B-B9E3-8D6601E31E7E}.Release|iPhone.ActiveCfg = Release|Any CPU
		{1674C9C6-AB40-486B-B9E3-8D6601E31E7E}.Release|iPhone.Build.0 = Release|Any CPU
		{1674C9C6-AB40-486B-B9E3-8D6601E31E7E}.Release|iPhone.Deploy.0 = Release|Any CPU
		{1674C9C6-AB40-486B-B9E3-8D6601E31E7E}.Release|iPhoneSimulator.ActiveCfg = Release|Any CPU
		{1674C9C6-AB40-486B-B9E3-8D6601E31E7E}.Release|iPhoneSimulator.Build.0 = Release|Any CPU
		{1674C9C6-AB40-486B-B9E3-8D6601E31E7E}.Release|iPhoneSimulator.Deploy.0 = Release|Any CPU
		{1674C9C6-AB40-486B-B9E3-8D6601E31E7E}.Release|x64.ActiveCfg = Release|Any CPU
		{1674C9C6-AB40-486B-B9E3-8D6601E31E7E}.Release|x64.Build.0 = Release|Any CPU
		{1674C9C6-AB40-486B-B9E3-8D6601E31E7E}.Release|x64.Deploy.0 = Release|Any CPU
		{1674C9C6-AB40-486B-B9E3-8D6601E31E7E}.Release|x86.ActiveCfg = Release|Any CPU
		{1674C9C6-AB40-486B-B9E3-8D6601E31E7E}.Release|x86.Build.0 = Release|Any CPU
		{1674C9C6-AB40-486B-B9E3-8D6601E31E7E}.Release|x86.Deploy.0 = Release|Any CPU
	EndGlobalSection
	GlobalSection(SolutionProperties) = preSolution
		HideSolutionNode = FALSE
	EndGlobalSection
	GlobalSection(ExtensibilityGlobals) = postSolution
		SolutionGuid = {AFDBDFCA-5B6A-4C1F-BAAA-190B45BA5B20}
	EndGlobalSection
EndGlobal
