
Microsoft Visual Studio Solution File, Format Version 12.00
# Visual Studio Version 16
VisualStudioVersion = 16.0.30804.86
MinimumVisualStudioVersion = 10.0.40219.1
Project("{FAE04EC0-301F-11D3-BF4B-00C04F79EFBC}") = "TipCalculator.UWP", "TipCalculator\TipCalculator.UWP\TipCalculator.UWP.csproj", "{3F97B3EA-9DC2-4C2A-BB77-04D46F6E06D6}"
EndProject
Project("{FAE04EC0-301F-11D3-BF4B-00C04F79EFBC}") = "TipCalculator.Android", "TipCalculator\TipCalculator.Android\TipCalculator.Android.csproj", "{D792C767-FADE-4AE5-8A5F-437D28623B3B}"
EndProject
Project("{FAE04EC0-301F-11D3-BF4B-00C04F79EFBC}") = "TipCalculator.iOS", "TipCalculator\TipCalculator.iOS\TipCalculator.iOS.csproj", "{39299942-9455-4F6A-8D1E-68F04B512AA8}"
EndProject
Project("{FAE04EC0-301F-11D3-BF4B-00C04F79EFBC}") = "TipCalculator", "TipCalculator\TipCalculator\TipCalculator.csproj", "{4CDFF0BD-9F4D-4DF4-A9FE-B2EEFEDBBC1B}"
EndProject
Global
	GlobalSection(SolutionConfigurationPlatforms) = preSolution
		Debug|Any CPU = Debug|Any CPU
		Debug|ARM = Debug|ARM
		Debug|iPhone = Debug|iPhone
		Debug|iPhoneSimulator = Debug|iPhoneSimulator
		Debug|x64 = Debug|x64
		Debug|x86 = Debug|x86
		Release|Any CPU = Release|Any CPU
		Release|ARM = Release|ARM
		Release|iPhone = Release|iPhone
		Release|iPhoneSimulator = Release|iPhoneSimulator
		Release|x64 = Release|x64
		Release|x86 = Release|x86
	EndGlobalSection
	GlobalSection(ProjectConfigurationPlatforms) = postSolution
		{3F97B3EA-9DC2-4C2A-BB77-04D46F6E06D6}.Debug|Any CPU.ActiveCfg = Debug|x86
		{3F97B3EA-9DC2-4C2A-BB77-04D46F6E06D6}.Debug|Any CPU.Build.0 = Debug|x86
		{3F97B3EA-9DC2-4C2A-BB77-04D46F6E06D6}.Debug|Any CPU.Deploy.0 = Debug|x86
		{3F97B3EA-9DC2-4C2A-BB77-04D46F6E06D6}.Debug|ARM.ActiveCfg = Debug|ARM
		{3F97B3EA-9DC2-4C2A-BB77-04D46F6E06D6}.Debug|ARM.Build.0 = Debug|ARM
		{3F97B3EA-9DC2-4C2A-BB77-04D46F6E06D6}.Debug|ARM.Deploy.0 = Debug|ARM
		{3F97B3EA-9DC2-4C2A-BB77-04D46F6E06D6}.Debug|iPhone.ActiveCfg = Debug|x86
		{3F97B3EA-9DC2-4C2A-BB77-04D46F6E06D6}.Debug|iPhone.Build.0 = Debug|x86
		{3F97B3EA-9DC2-4C2A-BB77-04D46F6E06D6}.Debug|iPhone.Deploy.0 = Debug|x86
		{3F97B3EA-9DC2-4C2A-BB77-04D46F6E06D6}.Debug|iPhoneSimulator.ActiveCfg = Debug|x86
		{3F97B3EA-9DC2-4C2A-BB77-04D46F6E06D6}.Debug|iPhoneSimulator.Build.0 = Debug|x86
		{3F97B3EA-9DC2-4C2A-BB77-04D46F6E06D6}.Debug|iPhoneSimulator.Deploy.0 = Debug|x86
		{3F97B3EA-9DC2-4C2A-BB77-04D46F6E06D6}.Debug|x64.ActiveCfg = Debug|x64
		{3F97B3EA-9DC2-4C2A-BB77-04D46F6E06D6}.Debug|x64.Build.0 = Debug|x64
		{3F97B3EA-9DC2-4C2A-BB77-04D46F6E06D6}.Debug|x64.Deploy.0 = Debug|x64
		{3F97B3EA-9DC2-4C2A-BB77-04D46F6E06D6}.Debug|x86.ActiveCfg = Debug|x86
		{3F97B3EA-9DC2-4C2A-BB77-04D46F6E06D6}.Debug|x86.Build.0 = Debug|x86
		{3F97B3EA-9DC2-4C2A-BB77-04D46F6E06D6}.Debug|x86.Deploy.0 = Debug|x86
		{3F97B3EA-9DC2-4C2A-BB77-04D46F6E06D6}.Release|Any CPU.ActiveCfg = Release|x86
		{3F97B3EA-9DC2-4C2A-BB77-04D46F6E06D6}.Release|Any CPU.Build.0 = Release|x86
		{3F97B3EA-9DC2-4C2A-BB77-04D46F6E06D6}.Release|Any CPU.Deploy.0 = Release|x86
		{3F97B3EA-9DC2-4C2A-BB77-04D46F6E06D6}.Release|ARM.ActiveCfg = Release|ARM
		{3F97B3EA-9DC2-4C2A-BB77-04D46F6E06D6}.Release|ARM.Build.0 = Release|ARM
		{3F97B3EA-9DC2-4C2A-BB77-04D46F6E06D6}.Release|ARM.Deploy.0 = Release|ARM
		{3F97B3EA-9DC2-4C2A-BB77-04D46F6E06D6}.Release|iPhone.ActiveCfg = Release|x86
		{3F97B3EA-9DC2-4C2A-BB77-04D46F6E06D6}.Release|iPhone.Build.0 = Release|x86
		{3F97B3EA-9DC2-4C2A-BB77-04D46F6E06D6}.Release|iPhone.Deploy.0 = Release|x86
		{3F97B3EA-9DC2-4C2A-BB77-04D46F6E06D6}.Release|iPhoneSimulator.ActiveCfg = Release|x86
		{3F97B3EA-9DC2-4C2A-BB77-04D46F6E06D6}.Release|iPhoneSimulator.Build.0 = Release|x86
		{3F97B3EA-9DC2-4C2A-BB77-04D46F6E06D6}.Release|iPhoneSimulator.Deploy.0 = Release|x86
		{3F97B3EA-9DC2-4C2A-BB77-04D46F6E06D6}.Release|x64.ActiveCfg = Release|x64
		{3F97B3EA-9DC2-4C2A-BB77-04D46F6E06D6}.Release|x64.Build.0 = Release|x64
		{3F97B3EA-9DC2-4C2A-BB77-04D46F6E06D6}.Release|x64.Deploy.0 = Release|x64
		{3F97B3EA-9DC2-4C2A-BB77-04D46F6E06D6}.Release|x86.ActiveCfg = Release|x86
		{3F97B3EA-9DC2-4C2A-BB77-04D46F6E06D6}.Release|x86.Build.0 = Release|x86
		{3F97B3EA-9DC2-4C2A-BB77-04D46F6E06D6}.Release|x86.Deploy.0 = Release|x86
		{D792C767-FADE-4AE5-8A5F-437D28623B3B}.Debug|Any CPU.ActiveCfg = Debug|Any CPU
		{D792C767-FADE-4AE5-8A5F-437D28623B3B}.Debug|Any CPU.Build.0 = Debug|Any CPU
		{D792C767-FADE-4AE5-8A5F-437D28623B3B}.Debug|Any CPU.Deploy.0 = Debug|Any CPU
		{D792C767-FADE-4AE5-8A5F-437D28623B3B}.Debug|ARM.ActiveCfg = Debug|Any CPU
		{D792C767-FADE-4AE5-8A5F-437D28623B3B}.Debug|ARM.Build.0 = Debug|Any CPU
		{D792C767-FADE-4AE5-8A5F-437D28623B3B}.Debug|ARM.Deploy.0 = Debug|Any CPU
		{D792C767-FADE-4AE5-8A5F-437D28623B3B}.Debug|iPhone.ActiveCfg = Debug|Any CPU
		{D792C767-FADE-4AE5-8A5F-437D28623B3B}.Debug|iPhone.Build.0 = Debug|Any CPU
		{D792C767-FADE-4AE5-8A5F-437D28623B3B}.Debug|iPhone.Deploy.0 = Debug|Any CPU
		{D792C767-FADE-4AE5-8A5F-437D28623B3B}.Debug|iPhoneSimulator.ActiveCfg = Debug|Any CPU
		{D792C767-FADE-4AE5-8A5F-437D28623B3B}.Debug|iPhoneSimulator.Build.0 = Debug|Any CPU
		{D792C767-FADE-4AE5-8A5F-437D28623B3B}.Debug|iPhoneSimulator.Deploy.0 = Debug|Any CPU
		{D792C767-FADE-4AE5-8A5F-437D28623B3B}.Debug|x64.ActiveCfg = Debug|Any CPU
		{D792C767-FADE-4AE5-8A5F-437D28623B3B}.Debug|x64.Build.0 = Debug|Any CPU
		{D792C767-FADE-4AE5-8A5F-437D28623B3B}.Debug|x64.Deploy.0 = Debug|Any CPU
		{D792C767-FADE-4AE5-8A5F-437D28623B3B}.Debug|x86.ActiveCfg = Debug|Any CPU
		{D792C767-FADE-4AE5-8A5F-437D28623B3B}.Debug|x86.Build.0 = Debug|Any CPU
		{D792C767-FADE-4AE5-8A5F-437D28623B3B}.Debug|x86.Deploy.0 = Debug|Any CPU
		{D792C767-FADE-4AE5-8A5F-437D28623B3B}.Release|Any CPU.ActiveCfg = Release|Any CPU
		{D792C767-FADE-4AE5-8A5F-437D28623B3B}.Release|Any CPU.Build.0 = Release|Any CPU
		{D792C767-FADE-4AE5-8A5F-437D28623B3B}.Release|Any CPU.Deploy.0 = Release|Any CPU
		{D792C767-FADE-4AE5-8A5F-437D28623B3B}.Release|ARM.ActiveCfg = Release|Any CPU
		{D792C767-FADE-4AE5-8A5F-437D28623B3B}.Release|ARM.Build.0 = Release|Any CPU
		{D792C767-FADE-4AE5-8A5F-437D28623B3B}.Release|ARM.Deploy.0 = Release|Any CPU
		{D792C767-FADE-4AE5-8A5F-437D28623B3B}.Release|iPhone.ActiveCfg = Release|Any CPU
		{D792C767-FADE-4AE5-8A5F-437D28623B3B}.Release|iPhone.Build.0 = Release|Any CPU
		{D792C767-FADE-4AE5-8A5F-437D28623B3B}.Release|iPhone.Deploy.0 = Release|Any CPU
		{D792C767-FADE-4AE5-8A5F-437D28623B3B}.Release|iPhoneSimulator.ActiveCfg = Release|Any CPU
		{D792C767-FADE-4AE5-8A5F-437D28623B3B}.Release|iPhoneSimulator.Build.0 = Release|Any CPU
		{D792C767-FADE-4AE5-8A5F-437D28623B3B}.Release|iPhoneSimulator.Deploy.0 = Release|Any CPU
		{D792C767-FADE-4AE5-8A5F-437D28623B3B}.Release|x64.ActiveCfg = Release|Any CPU
		{D792C767-FADE-4AE5-8A5F-437D28623B3B}.Release|x64.Build.0 = Release|Any CPU
		{D792C767-FADE-4AE5-8A5F-437D28623B3B}.Release|x64.Deploy.0 = Release|Any CPU
		{D792C767-FADE-4AE5-8A5F-437D28623B3B}.Release|x86.ActiveCfg = Release|Any CPU
		{D792C767-FADE-4AE5-8A5F-437D28623B3B}.Release|x86.Build.0 = Release|Any CPU
		{D792C767-FADE-4AE5-8A5F-437D28623B3B}.Release|x86.Deploy.0 = Release|Any CPU
		{39299942-9455-4F6A-8D1E-68F04B512AA8}.Debug|Any CPU.ActiveCfg = Debug|iPhoneSimulator
		{39299942-9455-4F6A-8D1E-68F04B512AA8}.Debug|Any CPU.Build.0 = Debug|iPhoneSimulator
		{39299942-9455-4F6A-8D1E-68F04B512AA8}.Debug|Any CPU.Deploy.0 = Debug|iPhoneSimulator
		{39299942-9455-4F6A-8D1E-68F04B512AA8}.Debug|ARM.ActiveCfg = Debug|iPhone
		{39299942-9455-4F6A-8D1E-68F04B512AA8}.Debug|ARM.Build.0 = Debug|iPhone
		{39299942-9455-4F6A-8D1E-68F04B512AA8}.Debug|ARM.Deploy.0 = Debug|iPhone
		{39299942-9455-4F6A-8D1E-68F04B512AA8}.Debug|iPhone.ActiveCfg = Debug|iPhone
		{39299942-9455-4F6A-8D1E-68F04B512AA8}.Debug|iPhone.Build.0 = Debug|iPhone
		{39299942-9455-4F6A-8D1E-68F04B512AA8}.Debug|iPhone.Deploy.0 = Debug|iPhone
		{39299942-9455-4F6A-8D1E-68F04B512AA8}.Debug|iPhoneSimulator.ActiveCfg = Debug|iPhoneSimulator
		{39299942-9455-4F6A-8D1E-68F04B512AA8}.Debug|iPhoneSimulator.Build.0 = Debug|iPhoneSimulator
		{39299942-9455-4F6A-8D1E-68F04B512AA8}.Debug|iPhoneSimulator.Deploy.0 = Debug|iPhoneSimulator
		{39299942-9455-4F6A-8D1E-68F04B512AA8}.Debug|x64.ActiveCfg = Debug|iPhoneSimulator
		{39299942-9455-4F6A-8D1E-68F04B512AA8}.Debug|x64.Build.0 = Debug|iPhoneSimulator
		{39299942-9455-4F6A-8D1E-68F04B512AA8}.Debug|x64.Deploy.0 = Debug|iPhoneSimulator
		{39299942-9455-4F6A-8D1E-68F04B512AA8}.Debug|x86.ActiveCfg = Debug|iPhoneSimulator
		{39299942-9455-4F6A-8D1E-68F04B512AA8}.Debug|x86.Build.0 = Debug|iPhoneSimulator
		{39299942-9455-4F6A-8D1E-68F04B512AA8}.Debug|x86.Deploy.0 = Debug|iPhoneSimulator
		{39299942-9455-4F6A-8D1E-68F04B512AA8}.Release|Any CPU.ActiveCfg = Release|iPhoneSimulator
		{39299942-9455-4F6A-8D1E-68F04B512AA8}.Release|Any CPU.Build.0 = Release|iPhoneSimulator
		{39299942-9455-4F6A-8D1E-68F04B512AA8}.Release|Any CPU.Deploy.0 = Release|iPhoneSimulator
		{39299942-9455-4F6A-8D1E-68F04B512AA8}.Release|ARM.ActiveCfg = Release|iPhoneSimulator
		{39299942-9455-4F6A-8D1E-68F04B512AA8}.Release|ARM.Build.0 = Release|iPhoneSimulator
		{39299942-9455-4F6A-8D1E-68F04B512AA8}.Release|ARM.Deploy.0 = Release|iPhoneSimulator
		{39299942-9455-4F6A-8D1E-68F04B512AA8}.Release|iPhone.ActiveCfg = Release|iPhone
		{39299942-9455-4F6A-8D1E-68F04B512AA8}.Release|iPhone.Build.0 = Release|iPhone
		{39299942-9455-4F6A-8D1E-68F04B512AA8}.Release|iPhone.Deploy.0 = Release|iPhone
		{39299942-9455-4F6A-8D1E-68F04B512AA8}.Release|iPhoneSimulator.ActiveCfg = Release|iPhoneSimulator
		{39299942-9455-4F6A-8D1E-68F04B512AA8}.Release|iPhoneSimulator.Build.0 = Release|iPhoneSimulator
		{39299942-9455-4F6A-8D1E-68F04B512AA8}.Release|iPhoneSimulator.Deploy.0 = Release|iPhoneSimulator
		{39299942-9455-4F6A-8D1E-68F04B512AA8}.Release|x64.ActiveCfg = Release|iPhoneSimulator
		{39299942-9455-4F6A-8D1E-68F04B512AA8}.Release|x64.Build.0 = Release|iPhoneSimulator
		{39299942-9455-4F6A-8D1E-68F04B512AA8}.Release|x64.Deploy.0 = Release|iPhoneSimulator
		{39299942-9455-4F6A-8D1E-68F04B512AA8}.Release|x86.ActiveCfg = Release|iPhoneSimulator
		{39299942-9455-4F6A-8D1E-68F04B512AA8}.Release|x86.Build.0 = Release|iPhoneSimulator
		{39299942-9455-4F6A-8D1E-68F04B512AA8}.Release|x86.Deploy.0 = Release|iPhoneSimulator
		{4CDFF0BD-9F4D-4DF4-A9FE-B2EEFEDBBC1B}.Debug|Any CPU.ActiveCfg = Debug|Any CPU
		{4CDFF0BD-9F4D-4DF4-A9FE-B2EEFEDBBC1B}.Debug|Any CPU.Build.0 = Debug|Any CPU
		{4CDFF0BD-9F4D-4DF4-A9FE-B2EEFEDBBC1B}.Debug|Any CPU.Deploy.0 = Debug|Any CPU
		{4CDFF0BD-9F4D-4DF4-A9FE-B2EEFEDBBC1B}.Debug|ARM.ActiveCfg = Debug|Any CPU
		{4CDFF0BD-9F4D-4DF4-A9FE-B2EEFEDBBC1B}.Debug|ARM.Build.0 = Debug|Any CPU
		{4CDFF0BD-9F4D-4DF4-A9FE-B2EEFEDBBC1B}.Debug|ARM.Deploy.0 = Debug|Any CPU
		{4CDFF0BD-9F4D-4DF4-A9FE-B2EEFEDBBC1B}.Debug|iPhone.ActiveCfg = Debug|Any CPU
		{4CDFF0BD-9F4D-4DF4-A9FE-B2EEFEDBBC1B}.Debug|iPhone.Build.0 = Debug|Any CPU
		{4CDFF0BD-9F4D-4DF4-A9FE-B2EEFEDBBC1B}.Debug|iPhone.Deploy.0 = Debug|Any CPU
		{4CDFF0BD-9F4D-4DF4-A9FE-B2EEFEDBBC1B}.Debug|iPhoneSimulator.ActiveCfg = Debug|Any CPU
		{4CDFF0BD-9F4D-4DF4-A9FE-B2EEFEDBBC1B}.Debug|iPhoneSimulator.Build.0 = Debug|Any CPU
		{4CDFF0BD-9F4D-4DF4-A9FE-B2EEFEDBBC1B}.Debug|iPhoneSimulator.Deploy.0 = Debug|Any CPU
		{4CDFF0BD-9F4D-4DF4-A9FE-B2EEFEDBBC1B}.Debug|x64.ActiveCfg = Debug|Any CPU
		{4CDFF0BD-9F4D-4DF4-A9FE-B2EEFEDBBC1B}.Debug|x64.Build.0 = Debug|Any CPU
		{4CDFF0BD-9F4D-4DF4-A9FE-B2EEFEDBBC1B}.Debug|x64.Deploy.0 = Debug|Any CPU
		{4CDFF0BD-9F4D-4DF4-A9FE-B2EEFEDBBC1B}.Debug|x86.ActiveCfg = Debug|Any CPU
		{4CDFF0BD-9F4D-4DF4-A9FE-B2EEFEDBBC1B}.Debug|x86.Build.0 = Debug|Any CPU
		{4CDFF0BD-9F4D-4DF4-A9FE-B2EEFEDBBC1B}.Debug|x86.Deploy.0 = Debug|Any CPU
		{4CDFF0BD-9F4D-4DF4-A9FE-B2EEFEDBBC1B}.Release|Any CPU.ActiveCfg = Release|Any CPU
		{4CDFF0BD-9F4D-4DF4-A9FE-B2EEFEDBBC1B}.Release|Any CPU.Build.0 = Release|Any CPU
		{4CDFF0BD-9F4D-4DF4-A9FE-B2EEFEDBBC1B}.Release|Any CPU.Deploy.0 = Release|Any CPU
		{4CDFF0BD-9F4D-4DF4-A9FE-B2EEFEDBBC1B}.Release|ARM.ActiveCfg = Release|Any CPU
		{4CDFF0BD-9F4D-4DF4-A9FE-B2EEFEDBBC1B}.Release|ARM.Build.0 = Release|Any CPU
		{4CDFF0BD-9F4D-4DF4-A9FE-B2EEFEDBBC1B}.Release|ARM.Deploy.0 = Release|Any CPU
		{4CDFF0BD-9F4D-4DF4-A9FE-B2EEFEDBBC1B}.Release|iPhone.ActiveCfg = Release|Any CPU
		{4CDFF0BD-9F4D-4DF4-A9FE-B2EEFEDBBC1B}.Release|iPhone.Build.0 = Release|Any CPU
		{4CDFF0BD-9F4D-4DF4-A9FE-B2EEFEDBBC1B}.Release|iPhone.Deploy.0 = Release|Any CPU
		{4CDFF0BD-9F4D-4DF4-A9FE-B2EEFEDBBC1B}.Release|iPhoneSimulator.ActiveCfg = Release|Any CPU
		{4CDFF0BD-9F4D-4DF4-A9FE-B2EEFEDBBC1B}.Release|iPhoneSimulator.Build.0 = Release|Any CPU
		{4CDFF0BD-9F4D-4DF4-A9FE-B2EEFEDBBC1B}.Release|iPhoneSimulator.Deploy.0 = Release|Any CPU
		{4CDFF0BD-9F4D-4DF4-A9FE-B2EEFEDBBC1B}.Release|x64.ActiveCfg = Release|Any CPU
		{4CDFF0BD-9F4D-4DF4-A9FE-B2EEFEDBBC1B}.Release|x64.Build.0 = Release|Any CPU
		{4CDFF0BD-9F4D-4DF4-A9FE-B2EEFEDBBC1B}.Release|x64.Deploy.0 = Release|Any CPU
		{4CDFF0BD-9F4D-4DF4-A9FE-B2EEFEDBBC1B}.Release|x86.ActiveCfg = Release|Any CPU
		{4CDFF0BD-9F4D-4DF4-A9FE-B2EEFEDBBC1B}.Release|x86.Build.0 = Release|Any CPU
		{4CDFF0BD-9F4D-4DF4-A9FE-B2EEFEDBBC1B}.Release|x86.Deploy.0 = Release|Any CPU
	EndGlobalSection
	GlobalSection(SolutionProperties) = preSolution
		HideSolutionNode = FALSE
	EndGlobalSection
	GlobalSection(ExtensibilityGlobals) = postSolution
		SolutionGuid = {5DBEF0C2-7198-42BA-ABD6-73F8578D091B}
	EndGlobalSection
EndGlobal
