
Microsoft Visual Studio Solution File, Format Version 12.00
# Visual Studio Version 16
VisualStudioVersion = 16.0.30804.86
MinimumVisualStudioVersion = 10.0.40219.1
Project("{FAE04EC0-301F-11D3-BF4B-00C04F79EFBC}") = "NetStatus.UWP", "NetStatus.UWP\NetStatus.UWP.csproj", "{65B7BF93-61E0-4D83-836B-37290F8D086D}"
EndProject
Project("{FAE04EC0-301F-11D3-BF4B-00C04F79EFBC}") = "NetStatus.Android", "NetStatus.Android\NetStatus.Android.csproj", "{1C87CE0B-56CB-459A-95E0-329E8FE6A0F3}"
EndProject
Project("{FAE04EC0-301F-11D3-BF4B-00C04F79EFBC}") = "NetStatus.iOS", "NetStatus.iOS\NetStatus.iOS.csproj", "{D43DCB18-1EAD-410C-9D5F-4EE9C68238FC}"
EndProject
Project("{FAE04EC0-301F-11D3-BF4B-00C04F79EFBC}") = "NetStatus", "NetStatus\NetStatus.csproj", "{5C60828A-DE79-44C2-BB7E-356CA5B83E3A}"
EndProject
Global
	GlobalSection(SolutionConfigurationPlatforms) = preSolution
		Debug|Any CPU = Debug|Any CPU
		Debug|ARM = Debug|ARM
		Debug|iPhone = Debug|iPhone
		Debug|iPhoneSimulator = Debug|iPhoneSimulator
		Debug|x64 = Debug|x64
		Debug|x86 = Debug|x86
		Release|Any CPU = Release|Any CPU
		Release|ARM = Release|ARM
		Release|iPhone = Release|iPhone
		Release|iPhoneSimulator = Release|iPhoneSimulator
		Release|x64 = Release|x64
		Release|x86 = Release|x86
	EndGlobalSection
	GlobalSection(ProjectConfigurationPlatforms) = postSolution
		{65B7BF93-61E0-4D83-836B-37290F8D086D}.Debug|Any CPU.ActiveCfg = Debug|x86
		{65B7BF93-61E0-4D83-836B-37290F8D086D}.Debug|Any CPU.Build.0 = Debug|x86
		{65B7BF93-61E0-4D83-836B-37290F8D086D}.Debug|Any CPU.Deploy.0 = Debug|x86
		{65B7BF93-61E0-4D83-836B-37290F8D086D}.Debug|ARM.ActiveCfg = Debug|ARM
		{65B7BF93-61E0-4D83-836B-37290F8D086D}.Debug|ARM.Build.0 = Debug|ARM
		{65B7BF93-61E0-4D83-836B-37290F8D086D}.Debug|ARM.Deploy.0 = Debug|ARM
		{65B7BF93-61E0-4D83-836B-37290F8D086D}.Debug|iPhone.ActiveCfg = Debug|x86
		{65B7BF93-61E0-4D83-836B-37290F8D086D}.Debug|iPhone.Build.0 = Debug|x86
		{65B7BF93-61E0-4D83-836B-37290F8D086D}.Debug|iPhone.Deploy.0 = Debug|x86
		{65B7BF93-61E0-4D83-836B-37290F8D086D}.Debug|iPhoneSimulator.ActiveCfg = Debug|x86
		{65B7BF93-61E0-4D83-836B-37290F8D086D}.Debug|iPhoneSimulator.Build.0 = Debug|x86
		{65B7BF93-61E0-4D83-836B-37290F8D086D}.Debug|iPhoneSimulator.Deploy.0 = Debug|x86
		{65B7BF93-61E0-4D83-836B-37290F8D086D}.Debug|x64.ActiveCfg = Debug|x64
		{65B7BF93-61E0-4D83-836B-37290F8D086D}.Debug|x64.Build.0 = Debug|x64
		{65B7BF93-61E0-4D83-836B-37290F8D086D}.Debug|x64.Deploy.0 = Debug|x64
		{65B7BF93-61E0-4D83-836B-37290F8D086D}.Debug|x86.ActiveCfg = Debug|x86
		{65B7BF93-61E0-4D83-836B-37290F8D086D}.Debug|x86.Build.0 = Debug|x86
		{65B7BF93-61E0-4D83-836B-37290F8D086D}.Debug|x86.Deploy.0 = Debug|x86
		{65B7BF93-61E0-4D83-836B-37290F8D086D}.Release|Any CPU.ActiveCfg = Release|x86
		{65B7BF93-61E0-4D83-836B-37290F8D086D}.Release|Any CPU.Build.0 = Release|x86
		{65B7BF93-61E0-4D83-836B-37290F8D086D}.Release|Any CPU.Deploy.0 = Release|x86
		{65B7BF93-61E0-4D83-836B-37290F8D086D}.Release|ARM.ActiveCfg = Release|ARM
		{65B7BF93-61E0-4D83-836B-37290F8D086D}.Release|ARM.Build.0 = Release|ARM
		{65B7BF93-61E0-4D83-836B-37290F8D086D}.Release|ARM.Deploy.0 = Release|ARM
		{65B7BF93-61E0-4D83-836B-37290F8D086D}.Release|iPhone.ActiveCfg = Release|x86
		{65B7BF93-61E0-4D83-836B-37290F8D086D}.Release|iPhone.Build.0 = Release|x86
		{65B7BF93-61E0-4D83-836B-37290F8D086D}.Release|iPhone.Deploy.0 = Release|x86
		{65B7BF93-61E0-4D83-836B-37290F8D086D}.Release|iPhoneSimulator.ActiveCfg = Release|x86
		{65B7BF93-61E0-4D83-836B-37290F8D086D}.Release|iPhoneSimulator.Build.0 = Release|x86
		{65B7BF93-61E0-4D83-836B-37290F8D086D}.Release|iPhoneSimulator.Deploy.0 = Release|x86
		{65B7BF93-61E0-4D83-836B-37290F8D086D}.Release|x64.ActiveCfg = Release|x64
		{65B7BF93-61E0-4D83-836B-37290F8D086D}.Release|x64.Build.0 = Release|x64
		{65B7BF93-61E0-4D83-836B-37290F8D086D}.Release|x64.Deploy.0 = Release|x64
		{65B7BF93-61E0-4D83-836B-37290F8D086D}.Release|x86.ActiveCfg = Release|x86
		{65B7BF93-61E0-4D83-836B-37290F8D086D}.Release|x86.Build.0 = Release|x86
		{65B7BF93-61E0-4D83-836B-37290F8D086D}.Release|x86.Deploy.0 = Release|x86
		{1C87CE0B-56CB-459A-95E0-329E8FE6A0F3}.Debug|Any CPU.ActiveCfg = Debug|Any CPU
		{1C87CE0B-56CB-459A-95E0-329E8FE6A0F3}.Debug|Any CPU.Build.0 = Debug|Any CPU
		{1C87CE0B-56CB-459A-95E0-329E8FE6A0F3}.Debug|Any CPU.Deploy.0 = Debug|Any CPU
		{1C87CE0B-56CB-459A-95E0-329E8FE6A0F3}.Debug|ARM.ActiveCfg = Debug|Any CPU
		{1C87CE0B-56CB-459A-95E0-329E8FE6A0F3}.Debug|ARM.Build.0 = Debug|Any CPU
		{1C87CE0B-56CB-459A-95E0-329E8FE6A0F3}.Debug|ARM.Deploy.0 = Debug|Any CPU
		{1C87CE0B-56CB-459A-95E0-329E8FE6A0F3}.Debug|iPhone.ActiveCfg = Debug|Any CPU
		{1C87CE0B-56CB-459A-95E0-329E8FE6A0F3}.Debug|iPhone.Build.0 = Debug|Any CPU
		{1C87CE0B-56CB-459A-95E0-329E8FE6A0F3}.Debug|iPhone.Deploy.0 = Debug|Any CPU
		{1C87CE0B-56CB-459A-95E0-329E8FE6A0F3}.Debug|iPhoneSimulator.ActiveCfg = Debug|Any CPU
		{1C87CE0B-56CB-459A-95E0-329E8FE6A0F3}.Debug|iPhoneSimulator.Build.0 = Debug|Any CPU
		{1C87CE0B-56CB-459A-95E0-329E8FE6A0F3}.Debug|iPhoneSimulator.Deploy.0 = Debug|Any CPU
		{1C87CE0B-56CB-459A-95E0-329E8FE6A0F3}.Debug|x64.ActiveCfg = Debug|Any CPU
		{1C87CE0B-56CB-459A-95E0-329E8FE6A0F3}.Debug|x64.Build.0 = Debug|Any CPU
		{1C87CE0B-56CB-459A-95E0-329E8FE6A0F3}.Debug|x64.Deploy.0 = Debug|Any CPU
		{1C87CE0B-56CB-459A-95E0-329E8FE6A0F3}.Debug|x86.ActiveCfg = Debug|Any CPU
		{1C87CE0B-56CB-459A-95E0-329E8FE6A0F3}.Debug|x86.Build.0 = Debug|Any CPU
		{1C87CE0B-56CB-459A-95E0-329E8FE6A0F3}.Debug|x86.Deploy.0 = Debug|Any CPU
		{1C87CE0B-56CB-459A-95E0-329E8FE6A0F3}.Release|Any CPU.ActiveCfg = Release|Any CPU
		{1C87CE0B-56CB-459A-95E0-329E8FE6A0F3}.Release|Any CPU.Build.0 = Release|Any CPU
		{1C87CE0B-56CB-459A-95E0-329E8FE6A0F3}.Release|Any CPU.Deploy.0 = Release|Any CPU
		{1C87CE0B-56CB-459A-95E0-329E8FE6A0F3}.Release|ARM.ActiveCfg = Release|Any CPU
		{1C87CE0B-56CB-459A-95E0-329E8FE6A0F3}.Release|ARM.Build.0 = Release|Any CPU
		{1C87CE0B-56CB-459A-95E0-329E8FE6A0F3}.Release|ARM.Deploy.0 = Release|Any CPU
		{1C87CE0B-56CB-459A-95E0-329E8FE6A0F3}.Release|iPhone.ActiveCfg = Release|Any CPU
		{1C87CE0B-56CB-459A-95E0-329E8FE6A0F3}.Release|iPhone.Build.0 = Release|Any CPU
		{1C87CE0B-56CB-459A-95E0-329E8FE6A0F3}.Release|iPhone.Deploy.0 = Release|Any CPU
		{1C87CE0B-56CB-459A-95E0-329E8FE6A0F3}.Release|iPhoneSimulator.ActiveCfg = Release|Any CPU
		{1C87CE0B-56CB-459A-95E0-329E8FE6A0F3}.Release|iPhoneSimulator.Build.0 = Release|Any CPU
		{1C87CE0B-56CB-459A-95E0-329E8FE6A0F3}.Release|iPhoneSimulator.Deploy.0 = Release|Any CPU
		{1C87CE0B-56CB-459A-95E0-329E8FE6A0F3}.Release|x64.ActiveCfg = Release|Any CPU
		{1C87CE0B-56CB-459A-95E0-329E8FE6A0F3}.Release|x64.Build.0 = Release|Any CPU
		{1C87CE0B-56CB-459A-95E0-329E8FE6A0F3}.Release|x64.Deploy.0 = Release|Any CPU
		{1C87CE0B-56CB-459A-95E0-329E8FE6A0F3}.Release|x86.ActiveCfg = Release|Any CPU
		{1C87CE0B-56CB-459A-95E0-329E8FE6A0F3}.Release|x86.Build.0 = Release|Any CPU
		{1C87CE0B-56CB-459A-95E0-329E8FE6A0F3}.Release|x86.Deploy.0 = Release|Any CPU
		{D43DCB18-1EAD-410C-9D5F-4EE9C68238FC}.Debug|Any CPU.ActiveCfg = Debug|iPhoneSimulator
		{D43DCB18-1EAD-410C-9D5F-4EE9C68238FC}.Debug|Any CPU.Build.0 = Debug|iPhoneSimulator
		{D43DCB18-1EAD-410C-9D5F-4EE9C68238FC}.Debug|Any CPU.Deploy.0 = Debug|iPhoneSimulator
		{D43DCB18-1EAD-410C-9D5F-4EE9C68238FC}.Debug|ARM.ActiveCfg = Debug|iPhone
		{D43DCB18-1EAD-410C-9D5F-4EE9C68238FC}.Debug|ARM.Build.0 = Debug|iPhone
		{D43DCB18-1EAD-410C-9D5F-4EE9C68238FC}.Debug|ARM.Deploy.0 = Debug|iPhone
		{D43DCB18-1EAD-410C-9D5F-4EE9C68238FC}.Debug|iPhone.ActiveCfg = Debug|iPhone
		{D43DCB18-1EAD-410C-9D5F-4EE9C68238FC}.Debug|iPhone.Build.0 = Debug|iPhone
		{D43DCB18-1EAD-410C-9D5F-4EE9C68238FC}.Debug|iPhone.Deploy.0 = Debug|iPhone
		{D43DCB18-1EAD-410C-9D5F-4EE9C68238FC}.Debug|iPhoneSimulator.ActiveCfg = Debug|iPhoneSimulator
		{D43DCB18-1EAD-410C-9D5F-4EE9C68238FC}.Debug|iPhoneSimulator.Build.0 = Debug|iPhoneSimulator
		{D43DCB18-1EAD-410C-9D5F-4EE9C68238FC}.Debug|iPhoneSimulator.Deploy.0 = Debug|iPhoneSimulator
		{D43DCB18-1EAD-410C-9D5F-4EE9C68238FC}.Debug|x64.ActiveCfg = Debug|iPhoneSimulator
		{D43DCB18-1EAD-410C-9D5F-4EE9C68238FC}.Debug|x64.Build.0 = Debug|iPhoneSimulator
		{D43DCB18-1EAD-410C-9D5F-4EE9C68238FC}.Debug|x64.Deploy.0 = Debug|iPhoneSimulator
		{D43DCB18-1EAD-410C-9D5F-4EE9C68238FC}.Debug|x86.ActiveCfg = Debug|iPhoneSimulator
		{D43DCB18-1EAD-410C-9D5F-4EE9C68238FC}.Debug|x86.Build.0 = Debug|iPhoneSimulator
		{D43DCB18-1EAD-410C-9D5F-4EE9C68238FC}.Debug|x86.Deploy.0 = Debug|iPhoneSimulator
		{D43DCB18-1EAD-410C-9D5F-4EE9C68238FC}.Release|Any CPU.ActiveCfg = Release|iPhoneSimulator
		{D43DCB18-1EAD-410C-9D5F-4EE9C68238FC}.Release|Any CPU.Build.0 = Release|iPhoneSimulator
		{D43DCB18-1EAD-410C-9D5F-4EE9C68238FC}.Release|Any CPU.Deploy.0 = Release|iPhoneSimulator
		{D43DCB18-1EAD-410C-9D5F-4EE9C68238FC}.Release|ARM.ActiveCfg = Release|iPhoneSimulator
		{D43DCB18-1EAD-410C-9D5F-4EE9C68238FC}.Release|ARM.Build.0 = Release|iPhoneSimulator
		{D43DCB18-1EAD-410C-9D5F-4EE9C68238FC}.Release|ARM.Deploy.0 = Release|iPhoneSimulator
		{D43DCB18-1EAD-410C-9D5F-4EE9C68238FC}.Release|iPhone.ActiveCfg = Release|iPhone
		{D43DCB18-1EAD-410C-9D5F-4EE9C68238FC}.Release|iPhone.Build.0 = Release|iPhone
		{D43DCB18-1EAD-410C-9D5F-4EE9C68238FC}.Release|iPhone.Deploy.0 = Release|iPhone
		{D43DCB18-1EAD-410C-9D5F-4EE9C68238FC}.Release|iPhoneSimulator.ActiveCfg = Release|iPhoneSimulator
		{D43DCB18-1EAD-410C-9D5F-4EE9C68238FC}.Release|iPhoneSimulator.Build.0 = Release|iPhoneSimulator
		{D43DCB18-1EAD-410C-9D5F-4EE9C68238FC}.Release|iPhoneSimulator.Deploy.0 = Release|iPhoneSimulator
		{D43DCB18-1EAD-410C-9D5F-4EE9C68238FC}.Release|x64.ActiveCfg = Release|iPhoneSimulator
		{D43DCB18-1EAD-410C-9D5F-4EE9C68238FC}.Release|x64.Build.0 = Release|iPhoneSimulator
		{D43DCB18-1EAD-410C-9D5F-4EE9C68238FC}.Release|x64.Deploy.0 = Release|iPhoneSimulator
		{D43DCB18-1EAD-410C-9D5F-4EE9C68238FC}.Release|x86.ActiveCfg = Release|iPhoneSimulator
		{D43DCB18-1EAD-410C-9D5F-4EE9C68238FC}.Release|x86.Build.0 = Release|iPhoneSimulator
		{D43DCB18-1EAD-410C-9D5F-4EE9C68238FC}.Release|x86.Deploy.0 = Release|iPhoneSimulator
		{5C60828A-DE79-44C2-BB7E-356CA5B83E3A}.Debug|Any CPU.ActiveCfg = Debug|Any CPU
		{5C60828A-DE79-44C2-BB7E-356CA5B83E3A}.Debug|Any CPU.Build.0 = Debug|Any CPU
		{5C60828A-DE79-44C2-BB7E-356CA5B83E3A}.Debug|Any CPU.Deploy.0 = Debug|Any CPU
		{5C60828A-DE79-44C2-BB7E-356CA5B83E3A}.Debug|ARM.ActiveCfg = Debug|Any CPU
		{5C60828A-DE79-44C2-BB7E-356CA5B83E3A}.Debug|ARM.Build.0 = Debug|Any CPU
		{5C60828A-DE79-44C2-BB7E-356CA5B83E3A}.Debug|ARM.Deploy.0 = Debug|Any CPU
		{5C60828A-DE79-44C2-BB7E-356CA5B83E3A}.Debug|iPhone.ActiveCfg = Debug|Any CPU
		{5C60828A-DE79-44C2-BB7E-356CA5B83E3A}.Debug|iPhone.Build.0 = Debug|Any CPU
		{5C60828A-DE79-44C2-BB7E-356CA5B83E3A}.Debug|iPhone.Deploy.0 = Debug|Any CPU
		{5C60828A-DE79-44C2-BB7E-356CA5B83E3A}.Debug|iPhoneSimulator.ActiveCfg = Debug|Any CPU
		{5C60828A-DE79-44C2-BB7E-356CA5B83E3A}.Debug|iPhoneSimulator.Build.0 = Debug|Any CPU
		{5C60828A-DE79-44C2-BB7E-356CA5B83E3A}.Debug|iPhoneSimulator.Deploy.0 = Debug|Any CPU
		{5C60828A-DE79-44C2-BB7E-356CA5B83E3A}.Debug|x64.ActiveCfg = Debug|Any CPU
		{5C60828A-DE79-44C2-BB7E-356CA5B83E3A}.Debug|x64.Build.0 = Debug|Any CPU
		{5C60828A-DE79-44C2-BB7E-356CA5B83E3A}.Debug|x64.Deploy.0 = Debug|Any CPU
		{5C60828A-DE79-44C2-BB7E-356CA5B83E3A}.Debug|x86.ActiveCfg = Debug|Any CPU
		{5C60828A-DE79-44C2-BB7E-356CA5B83E3A}.Debug|x86.Build.0 = Debug|Any CPU
		{5C60828A-DE79-44C2-BB7E-356CA5B83E3A}.Debug|x86.Deploy.0 = Debug|Any CPU
		{5C60828A-DE79-44C2-BB7E-356CA5B83E3A}.Release|Any CPU.ActiveCfg = Release|Any CPU
		{5C60828A-DE79-44C2-BB7E-356CA5B83E3A}.Release|Any CPU.Build.0 = Release|Any CPU
		{5C60828A-DE79-44C2-BB7E-356CA5B83E3A}.Release|Any CPU.Deploy.0 = Release|Any CPU
		{5C60828A-DE79-44C2-BB7E-356CA5B83E3A}.Release|ARM.ActiveCfg = Release|Any CPU
		{5C60828A-DE79-44C2-BB7E-356CA5B83E3A}.Release|ARM.Build.0 = Release|Any CPU
		{5C60828A-DE79-44C2-BB7E-356CA5B83E3A}.Release|ARM.Deploy.0 = Release|Any CPU
		{5C60828A-DE79-44C2-BB7E-356CA5B83E3A}.Release|iPhone.ActiveCfg = Release|Any CPU
		{5C60828A-DE79-44C2-BB7E-356CA5B83E3A}.Release|iPhone.Build.0 = Release|Any CPU
		{5C60828A-DE79-44C2-BB7E-356CA5B83E3A}.Release|iPhone.Deploy.0 = Release|Any CPU
		{5C60828A-DE79-44C2-BB7E-356CA5B83E3A}.Release|iPhoneSimulator.ActiveCfg = Release|Any CPU
		{5C60828A-DE79-44C2-BB7E-356CA5B83E3A}.Release|iPhoneSimulator.Build.0 = Release|Any CPU
		{5C60828A-DE79-44C2-BB7E-356CA5B83E3A}.Release|iPhoneSimulator.Deploy.0 = Release|Any CPU
		{5C60828A-DE79-44C2-BB7E-356CA5B83E3A}.Release|x64.ActiveCfg = Release|Any CPU
		{5C60828A-DE79-44C2-BB7E-356CA5B83E3A}.Release|x64.Build.0 = Release|Any CPU
		{5C60828A-DE79-44C2-BB7E-356CA5B83E3A}.Release|x64.Deploy.0 = Release|Any CPU
		{5C60828A-DE79-44C2-BB7E-356CA5B83E3A}.Release|x86.ActiveCfg = Release|Any CPU
		{5C60828A-DE79-44C2-BB7E-356CA5B83E3A}.Release|x86.Build.0 = Release|Any CPU
		{5C60828A-DE79-44C2-BB7E-356CA5B83E3A}.Release|x86.Deploy.0 = Release|Any CPU
	EndGlobalSection
	GlobalSection(SolutionProperties) = preSolution
		HideSolutionNode = FALSE
	EndGlobalSection
	GlobalSection(ExtensibilityGlobals) = postSolution
		SolutionGuid = {AEF0B922-1879-40CC-B838-289FA38D82D1}
	EndGlobalSection
EndGlobal
