
Microsoft Visual Studio Solution File, Format Version 12.00
# Visual Studio Version 16
VisualStudioVersion = 16.0.30804.86
MinimumVisualStudioVersion = 10.0.40219.1
Project("{FAE04EC0-301F-11D3-BF4B-00C04F79EFBC}") = "GreatQuotes.UWP", "GreatQuotes\GreatQuotes.UWP\GreatQuotes.UWP.csproj", "{E866BCE8-3056-4F75-B8EE-AB2A14E17B85}"
EndProject
Project("{FAE04EC0-301F-11D3-BF4B-00C04F79EFBC}") = "GreatQuotes.Android", "GreatQuotes\GreatQuotes.Android\GreatQuotes.Android.csproj", "{5D67AB05-9F7C-4FC9-8095-3F7F8A357701}"
EndProject
Project("{FAE04EC0-301F-11D3-BF4B-00C04F79EFBC}") = "GreatQuotes.iOS", "GreatQuotes\GreatQuotes.iOS\GreatQuotes.iOS.csproj", "{6C68C6B4-7603-4708-8B29-CAC9FAF20405}"
EndProject
Project("{9A19103F-16F7-4668-BE54-9A1E7A4F7556}") = "GreatQuotes", "GreatQuotes\GreatQuotes\GreatQuotes.csproj", "{F0585705-E63B-4196-A746-34E94993A02F}"
EndProject
Project("{D954291E-2A0B-460D-934E-DC6B0785DB48}") = "GreatQuotes.Data", "GreatQuotes\GreatQuotes.Data\GreatQuotes.Data.shproj", "{B81FD60D-BA89-4B97-AA0A-61A028FEF56D}"
EndProject
Global
	GlobalSection(SharedMSBuildProjectFiles) = preSolution
		GreatQuotes\GreatQuotes.Data\GreatQuotes.Data.projitems*{5d67ab05-9f7c-4fc9-8095-3f7f8a357701}*SharedItemsImports = 4
		GreatQuotes\GreatQuotes.Data\GreatQuotes.Data.projitems*{6c68c6b4-7603-4708-8b29-cac9faf20405}*SharedItemsImports = 4
		GreatQuotes\GreatQuotes.Data\GreatQuotes.Data.projitems*{b81fd60d-ba89-4b97-aa0a-61a028fef56d}*SharedItemsImports = 13
		GreatQuotes\GreatQuotes.Data\GreatQuotes.Data.projitems*{e866bce8-3056-4f75-b8ee-ab2a14e17b85}*SharedItemsImports = 4
	EndGlobalSection
	GlobalSection(SolutionConfigurationPlatforms) = preSolution
		Debug|Any CPU = Debug|Any CPU
		Debug|ARM = Debug|ARM
		Debug|iPhone = Debug|iPhone
		Debug|iPhoneSimulator = Debug|iPhoneSimulator
		Debug|x64 = Debug|x64
		Debug|x86 = Debug|x86
		Release|Any CPU = Release|Any CPU
		Release|ARM = Release|ARM
		Release|iPhone = Release|iPhone
		Release|iPhoneSimulator = Release|iPhoneSimulator
		Release|x64 = Release|x64
		Release|x86 = Release|x86
	EndGlobalSection
	GlobalSection(ProjectConfigurationPlatforms) = postSolution
		{E866BCE8-3056-4F75-B8EE-AB2A14E17B85}.Debug|Any CPU.ActiveCfg = Debug|x86
		{E866BCE8-3056-4F75-B8EE-AB2A14E17B85}.Debug|Any CPU.Build.0 = Debug|x86
		{E866BCE8-3056-4F75-B8EE-AB2A14E17B85}.Debug|Any CPU.Deploy.0 = Debug|x86
		{E866BCE8-3056-4F75-B8EE-AB2A14E17B85}.Debug|ARM.ActiveCfg = Debug|ARM
		{E866BCE8-3056-4F75-B8EE-AB2A14E17B85}.Debug|ARM.Build.0 = Debug|ARM
		{E866BCE8-3056-4F75-B8EE-AB2A14E17B85}.Debug|ARM.Deploy.0 = Debug|ARM
		{E866BCE8-3056-4F75-B8EE-AB2A14E17B85}.Debug|iPhone.ActiveCfg = Debug|x86
		{E866BCE8-3056-4F75-B8EE-AB2A14E17B85}.Debug|iPhone.Build.0 = Debug|x86
		{E866BCE8-3056-4F75-B8EE-AB2A14E17B85}.Debug|iPhone.Deploy.0 = Debug|x86
		{E866BCE8-3056-4F75-B8EE-AB2A14E17B85}.Debug|iPhoneSimulator.ActiveCfg = Debug|x86
		{E866BCE8-3056-4F75-B8EE-AB2A14E17B85}.Debug|iPhoneSimulator.Build.0 = Debug|x86
		{E866BCE8-3056-4F75-B8EE-AB2A14E17B85}.Debug|iPhoneSimulator.Deploy.0 = Debug|x86
		{E866BCE8-3056-4F75-B8EE-AB2A14E17B85}.Debug|x64.ActiveCfg = Debug|x64
		{E866BCE8-3056-4F75-B8EE-AB2A14E17B85}.Debug|x64.Build.0 = Debug|x64
		{E866BCE8-3056-4F75-B8EE-AB2A14E17B85}.Debug|x64.Deploy.0 = Debug|x64
		{E866BCE8-3056-4F75-B8EE-AB2A14E17B85}.Debug|x86.ActiveCfg = Debug|x86
		{E866BCE8-3056-4F75-B8EE-AB2A14E17B85}.Debug|x86.Build.0 = Debug|x86
		{E866BCE8-3056-4F75-B8EE-AB2A14E17B85}.Debug|x86.Deploy.0 = Debug|x86
		{E866BCE8-3056-4F75-B8EE-AB2A14E17B85}.Release|Any CPU.ActiveCfg = Release|x86
		{E866BCE8-3056-4F75-B8EE-AB2A14E17B85}.Release|Any CPU.Build.0 = Release|x86
		{E866BCE8-3056-4F75-B8EE-AB2A14E17B85}.Release|Any CPU.Deploy.0 = Release|x86
		{E866BCE8-3056-4F75-B8EE-AB2A14E17B85}.Release|ARM.ActiveCfg = Release|ARM
		{E866BCE8-3056-4F75-B8EE-AB2A14E17B85}.Release|ARM.Build.0 = Release|ARM
		{E866BCE8-3056-4F75-B8EE-AB2A14E17B85}.Release|ARM.Deploy.0 = Release|ARM
		{E866BCE8-3056-4F75-B8EE-AB2A14E17B85}.Release|iPhone.ActiveCfg = Release|x86
		{E866BCE8-3056-4F75-B8EE-AB2A14E17B85}.Release|iPhone.Build.0 = Release|x86
		{E866BCE8-3056-4F75-B8EE-AB2A14E17B85}.Release|iPhone.Deploy.0 = Release|x86
		{E866BCE8-3056-4F75-B8EE-AB2A14E17B85}.Release|iPhoneSimulator.ActiveCfg = Release|x86
		{E866BCE8-3056-4F75-B8EE-AB2A14E17B85}.Release|iPhoneSimulator.Build.0 = Release|x86
		{E866BCE8-3056-4F75-B8EE-AB2A14E17B85}.Release|iPhoneSimulator.Deploy.0 = Release|x86
		{E866BCE8-3056-4F75-B8EE-AB2A14E17B85}.Release|x64.ActiveCfg = Release|x64
		{E866BCE8-3056-4F75-B8EE-AB2A14E17B85}.Release|x64.Build.0 = Release|x64
		{E866BCE8-3056-4F75-B8EE-AB2A14E17B85}.Release|x64.Deploy.0 = Release|x64
		{E866BCE8-3056-4F75-B8EE-AB2A14E17B85}.Release|x86.ActiveCfg = Release|x86
		{E866BCE8-3056-4F75-B8EE-AB2A14E17B85}.Release|x86.Build.0 = Release|x86
		{E866BCE8-3056-4F75-B8EE-AB2A14E17B85}.Release|x86.Deploy.0 = Release|x86
		{5D67AB05-9F7C-4FC9-8095-3F7F8A357701}.Debug|Any CPU.ActiveCfg = Debug|Any CPU
		{5D67AB05-9F7C-4FC9-8095-3F7F8A357701}.Debug|Any CPU.Build.0 = Debug|Any CPU
		{5D67AB05-9F7C-4FC9-8095-3F7F8A357701}.Debug|Any CPU.Deploy.0 = Debug|Any CPU
		{5D67AB05-9F7C-4FC9-8095-3F7F8A357701}.Debug|ARM.ActiveCfg = Debug|Any CPU
		{5D67AB05-9F7C-4FC9-8095-3F7F8A357701}.Debug|ARM.Build.0 = Debug|Any CPU
		{5D67AB05-9F7C-4FC9-8095-3F7F8A357701}.Debug|ARM.Deploy.0 = Debug|Any CPU
		{5D67AB05-9F7C-4FC9-8095-3F7F8A357701}.Debug|iPhone.ActiveCfg = Debug|Any CPU
		{5D67AB05-9F7C-4FC9-8095-3F7F8A357701}.Debug|iPhone.Build.0 = Debug|Any CPU
		{5D67AB05-9F7C-4FC9-8095-3F7F8A357701}.Debug|iPhone.Deploy.0 = Debug|Any CPU
		{5D67AB05-9F7C-4FC9-8095-3F7F8A357701}.Debug|iPhoneSimulator.ActiveCfg = Debug|Any CPU
		{5D67AB05-9F7C-4FC9-8095-3F7F8A357701}.Debug|iPhoneSimulator.Build.0 = Debug|Any CPU
		{5D67AB05-9F7C-4FC9-8095-3F7F8A357701}.Debug|iPhoneSimulator.Deploy.0 = Debug|Any CPU
		{5D67AB05-9F7C-4FC9-8095-3F7F8A357701}.Debug|x64.ActiveCfg = Debug|Any CPU
		{5D67AB05-9F7C-4FC9-8095-3F7F8A357701}.Debug|x64.Build.0 = Debug|Any CPU
		{5D67AB05-9F7C-4FC9-8095-3F7F8A357701}.Debug|x64.Deploy.0 = Debug|Any CPU
		{5D67AB05-9F7C-4FC9-8095-3F7F8A357701}.Debug|x86.ActiveCfg = Debug|Any CPU
		{5D67AB05-9F7C-4FC9-8095-3F7F8A357701}.Debug|x86.Build.0 = Debug|Any CPU
		{5D67AB05-9F7C-4FC9-8095-3F7F8A357701}.Debug|x86.Deploy.0 = Debug|Any CPU
		{5D67AB05-9F7C-4FC9-8095-3F7F8A357701}.Release|Any CPU.ActiveCfg = Release|Any CPU
		{5D67AB05-9F7C-4FC9-8095-3F7F8A357701}.Release|Any CPU.Build.0 = Release|Any CPU
		{5D67AB05-9F7C-4FC9-8095-3F7F8A357701}.Release|Any CPU.Deploy.0 = Release|Any CPU
		{5D67AB05-9F7C-4FC9-8095-3F7F8A357701}.Release|ARM.ActiveCfg = Release|Any CPU
		{5D67AB05-9F7C-4FC9-8095-3F7F8A357701}.Release|ARM.Build.0 = Release|Any CPU
		{5D67AB05-9F7C-4FC9-8095-3F7F8A357701}.Release|ARM.Deploy.0 = Release|Any CPU
		{5D67AB05-9F7C-4FC9-8095-3F7F8A357701}.Release|iPhone.ActiveCfg = Release|Any CPU
		{5D67AB05-9F7C-4FC9-8095-3F7F8A357701}.Release|iPhone.Build.0 = Release|Any CPU
		{5D67AB05-9F7C-4FC9-8095-3F7F8A357701}.Release|iPhone.Deploy.0 = Release|Any CPU
		{5D67AB05-9F7C-4FC9-8095-3F7F8A357701}.Release|iPhoneSimulator.ActiveCfg = Release|Any CPU
		{5D67AB05-9F7C-4FC9-8095-3F7F8A357701}.Release|iPhoneSimulator.Build.0 = Release|Any CPU
		{5D67AB05-9F7C-4FC9-8095-3F7F8A357701}.Release|iPhoneSimulator.Deploy.0 = Release|Any CPU
		{5D67AB05-9F7C-4FC9-8095-3F7F8A357701}.Release|x64.ActiveCfg = Release|Any CPU
		{5D67AB05-9F7C-4FC9-8095-3F7F8A357701}.Release|x64.Build.0 = Release|Any CPU
		{5D67AB05-9F7C-4FC9-8095-3F7F8A357701}.Release|x64.Deploy.0 = Release|Any CPU
		{5D67AB05-9F7C-4FC9-8095-3F7F8A357701}.Release|x86.ActiveCfg = Release|Any CPU
		{5D67AB05-9F7C-4FC9-8095-3F7F8A357701}.Release|x86.Build.0 = Release|Any CPU
		{5D67AB05-9F7C-4FC9-8095-3F7F8A357701}.Release|x86.Deploy.0 = Release|Any CPU
		{6C68C6B4-7603-4708-8B29-CAC9FAF20405}.Debug|Any CPU.ActiveCfg = Debug|iPhoneSimulator
		{6C68C6B4-7603-4708-8B29-CAC9FAF20405}.Debug|Any CPU.Build.0 = Debug|iPhoneSimulator
		{6C68C6B4-7603-4708-8B29-CAC9FAF20405}.Debug|Any CPU.Deploy.0 = Debug|iPhoneSimulator
		{6C68C6B4-7603-4708-8B29-CAC9FAF20405}.Debug|ARM.ActiveCfg = Debug|iPhone
		{6C68C6B4-7603-4708-8B29-CAC9FAF20405}.Debug|ARM.Build.0 = Debug|iPhone
		{6C68C6B4-7603-4708-8B29-CAC9FAF20405}.Debug|ARM.Deploy.0 = Debug|iPhone
		{6C68C6B4-7603-4708-8B29-CAC9FAF20405}.Debug|iPhone.ActiveCfg = Debug|iPhone
		{6C68C6B4-7603-4708-8B29-CAC9FAF20405}.Debug|iPhone.Build.0 = Debug|iPhone
		{6C68C6B4-7603-4708-8B29-CAC9FAF20405}.Debug|iPhone.Deploy.0 = Debug|iPhone
		{6C68C6B4-7603-4708-8B29-CAC9FAF20405}.Debug|iPhoneSimulator.ActiveCfg = Debug|iPhoneSimulator
		{6C68C6B4-7603-4708-8B29-CAC9FAF20405}.Debug|iPhoneSimulator.Build.0 = Debug|iPhoneSimulator
		{6C68C6B4-7603-4708-8B29-CAC9FAF20405}.Debug|iPhoneSimulator.Deploy.0 = Debug|iPhoneSimulator
		{6C68C6B4-7603-4708-8B29-CAC9FAF20405}.Debug|x64.ActiveCfg = Debug|iPhoneSimulator
		{6C68C6B4-7603-4708-8B29-CAC9FAF20405}.Debug|x64.Build.0 = Debug|iPhoneSimulator
		{6C68C6B4-7603-4708-8B29-CAC9FAF20405}.Debug|x64.Deploy.0 = Debug|iPhoneSimulator
		{6C68C6B4-7603-4708-8B29-CAC9FAF20405}.Debug|x86.ActiveCfg = Debug|iPhoneSimulator
		{6C68C6B4-7603-4708-8B29-CAC9FAF20405}.Debug|x86.Build.0 = Debug|iPhoneSimulator
		{6C68C6B4-7603-4708-8B29-CAC9FAF20405}.Debug|x86.Deploy.0 = Debug|iPhoneSimulator
		{6C68C6B4-7603-4708-8B29-CAC9FAF20405}.Release|Any CPU.ActiveCfg = Release|iPhoneSimulator
		{6C68C6B4-7603-4708-8B29-CAC9FAF20405}.Release|Any CPU.Build.0 = Release|iPhoneSimulator
		{6C68C6B4-7603-4708-8B29-CAC9FAF20405}.Release|Any CPU.Deploy.0 = Release|iPhoneSimulator
		{6C68C6B4-7603-4708-8B29-CAC9FAF20405}.Release|ARM.ActiveCfg = Release|iPhoneSimulator
		{6C68C6B4-7603-4708-8B29-CAC9FAF20405}.Release|ARM.Build.0 = Release|iPhoneSimulator
		{6C68C6B4-7603-4708-8B29-CAC9FAF20405}.Release|ARM.Deploy.0 = Release|iPhoneSimulator
		{6C68C6B4-7603-4708-8B29-CAC9FAF20405}.Release|iPhone.ActiveCfg = Release|iPhone
		{6C68C6B4-7603-4708-8B29-CAC9FAF20405}.Release|iPhone.Build.0 = Release|iPhone
		{6C68C6B4-7603-4708-8B29-CAC9FAF20405}.Release|iPhone.Deploy.0 = Release|iPhone
		{6C68C6B4-7603-4708-8B29-CAC9FAF20405}.Release|iPhoneSimulator.ActiveCfg = Release|iPhoneSimulator
		{6C68C6B4-7603-4708-8B29-CAC9FAF20405}.Release|iPhoneSimulator.Build.0 = Release|iPhoneSimulator
		{6C68C6B4-7603-4708-8B29-CAC9FAF20405}.Release|iPhoneSimulator.Deploy.0 = Release|iPhoneSimulator
		{6C68C6B4-7603-4708-8B29-CAC9FAF20405}.Release|x64.ActiveCfg = Release|iPhoneSimulator
		{6C68C6B4-7603-4708-8B29-CAC9FAF20405}.Release|x64.Build.0 = Release|iPhoneSimulator
		{6C68C6B4-7603-4708-8B29-CAC9FAF20405}.Release|x64.Deploy.0 = Release|iPhoneSimulator
		{6C68C6B4-7603-4708-8B29-CAC9FAF20405}.Release|x86.ActiveCfg = Release|iPhoneSimulator
		{6C68C6B4-7603-4708-8B29-CAC9FAF20405}.Release|x86.Build.0 = Release|iPhoneSimulator
		{6C68C6B4-7603-4708-8B29-CAC9FAF20405}.Release|x86.Deploy.0 = Release|iPhoneSimulator
		{F0585705-E63B-4196-A746-34E94993A02F}.Debug|Any CPU.ActiveCfg = Debug|Any CPU
		{F0585705-E63B-4196-A746-34E94993A02F}.Debug|Any CPU.Build.0 = Debug|Any CPU
		{F0585705-E63B-4196-A746-34E94993A02F}.Debug|Any CPU.Deploy.0 = Debug|Any CPU
		{F0585705-E63B-4196-A746-34E94993A02F}.Debug|ARM.ActiveCfg = Debug|Any CPU
		{F0585705-E63B-4196-A746-34E94993A02F}.Debug|ARM.Build.0 = Debug|Any CPU
		{F0585705-E63B-4196-A746-34E94993A02F}.Debug|ARM.Deploy.0 = Debug|Any CPU
		{F0585705-E63B-4196-A746-34E94993A02F}.Debug|iPhone.ActiveCfg = Debug|Any CPU
		{F0585705-E63B-4196-A746-34E94993A02F}.Debug|iPhone.Build.0 = Debug|Any CPU
		{F0585705-E63B-4196-A746-34E94993A02F}.Debug|iPhone.Deploy.0 = Debug|Any CPU
		{F0585705-E63B-4196-A746-34E94993A02F}.Debug|iPhoneSimulator.ActiveCfg = Debug|Any CPU
		{F0585705-E63B-4196-A746-34E94993A02F}.Debug|iPhoneSimulator.Build.0 = Debug|Any CPU
		{F0585705-E63B-4196-A746-34E94993A02F}.Debug|iPhoneSimulator.Deploy.0 = Debug|Any CPU
		{F0585705-E63B-4196-A746-34E94993A02F}.Debug|x64.ActiveCfg = Debug|Any CPU
		{F0585705-E63B-4196-A746-34E94993A02F}.Debug|x64.Build.0 = Debug|Any CPU
		{F0585705-E63B-4196-A746-34E94993A02F}.Debug|x64.Deploy.0 = Debug|Any CPU
		{F0585705-E63B-4196-A746-34E94993A02F}.Debug|x86.ActiveCfg = Debug|Any CPU
		{F0585705-E63B-4196-A746-34E94993A02F}.Debug|x86.Build.0 = Debug|Any CPU
		{F0585705-E63B-4196-A746-34E94993A02F}.Debug|x86.Deploy.0 = Debug|Any CPU
		{F0585705-E63B-4196-A746-34E94993A02F}.Release|Any CPU.ActiveCfg = Release|Any CPU
		{F0585705-E63B-4196-A746-34E94993A02F}.Release|Any CPU.Build.0 = Release|Any CPU
		{F0585705-E63B-4196-A746-34E94993A02F}.Release|Any CPU.Deploy.0 = Release|Any CPU
		{F0585705-E63B-4196-A746-34E94993A02F}.Release|ARM.ActiveCfg = Release|Any CPU
		{F0585705-E63B-4196-A746-34E94993A02F}.Release|ARM.Build.0 = Release|Any CPU
		{F0585705-E63B-4196-A746-34E94993A02F}.Release|ARM.Deploy.0 = Release|Any CPU
		{F0585705-E63B-4196-A746-34E94993A02F}.Release|iPhone.ActiveCfg = Release|Any CPU
		{F0585705-E63B-4196-A746-34E94993A02F}.Release|iPhone.Build.0 = Release|Any CPU
		{F0585705-E63B-4196-A746-34E94993A02F}.Release|iPhone.Deploy.0 = Release|Any CPU
		{F0585705-E63B-4196-A746-34E94993A02F}.Release|iPhoneSimulator.ActiveCfg = Release|Any CPU
		{F0585705-E63B-4196-A746-34E94993A02F}.Release|iPhoneSimulator.Build.0 = Release|Any CPU
		{F0585705-E63B-4196-A746-34E94993A02F}.Release|iPhoneSimulator.Deploy.0 = Release|Any CPU
		{F0585705-E63B-4196-A746-34E94993A02F}.Release|x64.ActiveCfg = Release|Any CPU
		{F0585705-E63B-4196-A746-34E94993A02F}.Release|x64.Build.0 = Release|Any CPU
		{F0585705-E63B-4196-A746-34E94993A02F}.Release|x64.Deploy.0 = Release|Any CPU
		{F0585705-E63B-4196-A746-34E94993A02F}.Release|x86.ActiveCfg = Release|Any CPU
		{F0585705-E63B-4196-A746-34E94993A02F}.Release|x86.Build.0 = Release|Any CPU
		{F0585705-E63B-4196-A746-34E94993A02F}.Release|x86.Deploy.0 = Release|Any CPU
	EndGlobalSection
	GlobalSection(SolutionProperties) = preSolution
		HideSolutionNode = FALSE
	EndGlobalSection
	GlobalSection(ExtensibilityGlobals) = postSolution
		SolutionGuid = {433DE763-8BD6-4B30-8AE7-6301937776EB}
	EndGlobalSection
EndGlobal
